{
  "version": 4,
  "terraform_version": "1.11.4",
  "serial": 699,
  "lineage": "9685af69-7387-8268-c6c7-971b34e7c241",
  "outputs": {
    "cluster_certificate_authority_data": {
      "value": "LS0tLS1CRUdJTiBDRVJUSUZJQ0FURS0tLS0tCk1JSURCVENDQWUyZ0F3SUJBZ0lJUHFYL21hVVBXamd3RFFZSktvWklodmNOQVFFTEJRQXdGVEVUTUJFR0ExVUUKQXhNS2EzVmlaWEp1WlhSbGN6QWVGdzB5TlRBMU1UQXlNVE0wTWpCYUZ3MHpOVEExTURneU1UTTVNakJhTUJVeApFekFSQmdOVkJBTVRDbXQxWW1WeWJtVjBaWE13Z2dFaU1BMEdDU3FHU0liM0RRRUJBUVVBQTRJQkR3QXdnZ0VLCkFvSUJBUUNsZzlyWjdmVS82eGVZWWZNYi95c3BnYXIzQUVORm9MbS9ZYjBJb3h4V1Mzci9CUmVpcllFL24wMzMKTWhDN2Z5Rk5pWFloSDFXSDQ0dzd0RDdGMjAxQWdiNzBwVlk1YkRDQ3Nhd2lmOUlNSjJEbk8vWlJjTUU2R3B0cQpDa2h6cSs2K2xZR0ZNZkQ2N0kwRHVCMnMyOTZIVGF3eWxGMUU5cjY1LzdLYTlGdlczSyt1Z3VJdU95cmhJZFdHClpCTllPbGVSSk92UUovUHdXVlI0cWpTMWNGNGRJL3dCY2UvN2oxMWZTRFRRWXBabk9GSG52b2VMWnJrSjlrOUEKVklKWUpOSjdFN2NORWVVcHZrdFVxUjJOVlpLeXFWSHVvelJQcE5pL2VEend0RVhQMmFPN0FpLzA1UzNWWHBXTApaTjRTQm9nR2ZiRCtuOUw3NnE1OTlIcWtWTUpGQWdNQkFBR2pXVEJYTUE0R0ExVWREd0VCL3dRRUF3SUNwREFQCkJnTlZIUk1CQWY4RUJUQURBUUgvTUIwR0ExVWREZ1FXQkJSTFVyNUR4Mm9uT0RvQ3lPUnFieEZLTGh6YkNUQVYKQmdOVkhSRUVEakFNZ2dwcmRXSmxjbTVsZEdWek1BMEdDU3FHU0liM0RRRUJDd1VBQTRJQkFRQmQ2dDZSYjlhcgp2UVd5YnhkNlEveUExWnpMN0o1YS85VWtZVFlPQjdXL1I4aWg0bWVkem5JM3NsSFc4OWRsSnFSU0lxSk12SW1qCk8yWEVBaDl2cHF2Smkxc3FzcTFzWXRXMkJlNmVSZkdqZHpwZnAzM3l0bE1GMjVrNFJ0QUtEYVAyOVdIYXZTQlMKTnJKVTZER1B5Ni9ZNkdTUHpDck5pR2xUdlNVYzg3TEJJRm5mYm10VDF4VDlyYXJaQXhDVW1sTVJYMmN5V1p6ZQorbldoK1NjWWdtbmxpcEh4OW5TTVlrMng0Y012VFgrRHRzSEZFVFlrRDAxZW1jRm5raC9pdXdxYTBLUG1zckVtCndib3FzZGFSMDZ5ZnZvM25yRzNQZmdGNFhiZ25sVTBJY2gwYURiUG9lMDRxNTY3VHhSNDNsTklvU21Bd3lhUkEKbm9id0plUWVuRm5JCi0tLS0tRU5EIENFUlRJRklDQVRFLS0tLS0K",
      "type": "string"
    },
    "cluster_endpoint": {
      "value": "https://2FF164DBADA738B7C9257F9AD6D90035.gr7.us-east-1.eks.amazonaws.com",
      "type": "string"
    },
    "cluster_name": {
      "value": "mern-cluster-new",
      "type": "string"
    },
    "cluster_security_group_id": {
      "value": "sg-00e5c0c9645159612",
      "type": "string"
    },
    "private_subnets": {
      "value": [
        "subnet-05da49370a61af0d0",
        "subnet-02f84671511b7b3ce"
      ],
      "type": [
        "tuple",
        [
          "string",
          "string"
        ]
      ]
    },
    "public_subnets": {
      "value": [
        "subnet-0886834fc15b5e2e8",
        "subnet-03198a88b2b2cde89"
      ],
      "type": [
        "tuple",
        [
          "string",
          "string"
        ]
      ]
    },
    "vpc_id": {
      "value": "vpc-0c465885471a626e5",
      "type": "string"
    }
  },
  "resources": [
    {
      "mode": "data",
      "type": "aws_caller_identity",
      "name": "current",
      "provider": "provider[\"registry.terraform.io/hashicorp/aws\"]",
      "instances": [
        {
          "schema_version": 0,
          "attributes": {
            "account_id": "814022331516",
            "arn": "arn:aws:iam::814022331516:user/cli-user",
            "id": "814022331516",
            "user_id": "AIDA33B4DBR6EFHP2VHQA"
          },
          "sensitive_attributes": []
        }
      ]
    },
    {
      "mode": "managed",
      "type": "aws_iam_policy",
      "name": "aws_load_balancer_controller",
      "provider": "provider[\"registry.terraform.io/hashicorp/aws\"]",
      "instances": [
        {
          "schema_version": 0,
          "attributes": {
            "arn": "arn:aws:iam::814022331516:policy/AWSLoadBalancerControllerIAMPolicy",
            "attachment_count": 1,
            "description": "Policy for AWS Load Balancer Controller",
            "id": "arn:aws:iam::814022331516:policy/AWSLoadBalancerControllerIAMPolicy",
            "name": "AWSLoadBalancerControllerIAMPolicy",
            "name_prefix": "",
            "path": "/",
            "policy": "{\"Statement\":[{\"Action\":[\"iam:CreateServiceLinkedRole\"],\"Condition\":{\"StringEquals\":{\"iam:AWSServiceName\":\"elasticloadbalancing.amazonaws.com\"}},\"Effect\":\"Allow\",\"Resource\":\"*\"},{\"Action\":[\"ec2:DescribeAccountAttributes\",\"ec2:DescribeAddresses\",\"ec2:DescribeAvailabilityZones\",\"ec2:DescribeInternetGateways\",\"ec2:DescribeVpcs\",\"ec2:DescribeSubnets\",\"ec2:DescribeSecurityGroups\",\"ec2:DescribeInstances\",\"ec2:DescribeNetworkInterfaces\",\"ec2:DescribeTags\",\"ec2:GetCoipPoolUsage\",\"ec2:DescribeCoipPools\",\"elasticloadbalancing:DescribeLoadBalancers\",\"elasticloadbalancing:DescribeLoadBalancerAttributes\",\"elasticloadbalancing:DescribeListeners\",\"elasticloadbalancing:DescribeListenerCertificates\",\"elasticloadbalancing:DescribeSSLPolicies\",\"elasticloadbalancing:DescribeRules\",\"elasticloadbalancing:DescribeTargetGroups\",\"elasticloadbalancing:DescribeTargetGroupAttributes\",\"elasticloadbalancing:DescribeTargetHealth\",\"elasticloadbalancing:DescribeTags\"],\"Effect\":\"Allow\",\"Resource\":\"*\"},{\"Action\":[\"cognito-idp:DescribeUserPoolClient\",\"acm:ListCertificates\",\"acm:DescribeCertificate\",\"iam:ListServerCertificates\",\"iam:GetServerCertificate\",\"waf-regional:GetWebACL\",\"waf-regional:GetWebACLForResource\",\"waf-regional:AssociateWebACL\",\"waf-regional:DisassociateWebACL\",\"wafv2:GetWebACL\",\"wafv2:GetWebACLForResource\",\"wafv2:AssociateWebACL\",\"wafv2:DisassociateWebACL\",\"shield:GetSubscriptionState\",\"shield:DescribeProtection\",\"shield:CreateProtection\",\"shield:DeleteProtection\"],\"Effect\":\"Allow\",\"Resource\":\"*\"},{\"Action\":[\"ec2:AuthorizeSecurityGroupIngress\",\"ec2:RevokeSecurityGroupIngress\"],\"Effect\":\"Allow\",\"Resource\":\"*\"},{\"Action\":[\"ec2:CreateSecurityGroup\"],\"Effect\":\"Allow\",\"Resource\":\"*\"},{\"Action\":[\"ec2:CreateTags\"],\"Condition\":{\"Null\":{\"aws:RequestTag/elbv2.k8s.aws/cluster\":\"false\"},\"StringEquals\":{\"ec2:CreateAction\":\"CreateSecurityGroup\"}},\"Effect\":\"Allow\",\"Resource\":\"arn:aws:ec2:*:*:security-group/*\"},{\"Action\":[\"ec2:CreateTags\",\"ec2:DeleteTags\"],\"Condition\":{\"Null\":{\"aws:RequestTag/elbv2.k8s.aws/cluster\":\"true\",\"aws:ResourceTag/elbv2.k8s.aws/cluster\":\"false\"}},\"Effect\":\"Allow\",\"Resource\":\"arn:aws:ec2:*:*:security-group/*\"},{\"Action\":[\"ec2:AuthorizeSecurityGroupIngress\",\"ec2:RevokeSecurityGroupIngress\",\"ec2:DeleteSecurityGroup\"],\"Condition\":{\"Null\":{\"aws:ResourceTag/elbv2.k8s.aws/cluster\":\"false\"}},\"Effect\":\"Allow\",\"Resource\":\"*\"},{\"Action\":[\"elasticloadbalancing:CreateLoadBalancer\",\"elasticloadbalancing:CreateTargetGroup\"],\"Condition\":{\"Null\":{\"aws:RequestTag/elbv2.k8s.aws/cluster\":\"false\"}},\"Effect\":\"Allow\",\"Resource\":\"*\"},{\"Action\":[\"elasticloadbalancing:CreateListener\",\"elasticloadbalancing:DeleteListener\",\"elasticloadbalancing:CreateRule\",\"elasticloadbalancing:DeleteRule\"],\"Effect\":\"Allow\",\"Resource\":\"*\"},{\"Action\":[\"elasticloadbalancing:AddTags\",\"elasticloadbalancing:RemoveTags\"],\"Condition\":{\"Null\":{\"aws:RequestTag/elbv2.k8s.aws/cluster\":\"true\",\"aws:ResourceTag/elbv2.k8s.aws/cluster\":\"false\"}},\"Effect\":\"Allow\",\"Resource\":[\"arn:aws:elasticloadbalancing:*:*:targetgroup/*/*\",\"arn:aws:elasticloadbalancing:*:*:loadbalancer/net/*/*\",\"arn:aws:elasticloadbalancing:*:*:loadbalancer/app/*/*\"]},{\"Action\":[\"elasticloadbalancing:AddTags\",\"elasticloadbalancing:RemoveTags\"],\"Effect\":\"Allow\",\"Resource\":[\"arn:aws:elasticloadbalancing:*:*:listener/net/*/*/*\",\"arn:aws:elasticloadbalancing:*:*:listener/app/*/*/*\",\"arn:aws:elasticloadbalancing:*:*:listener-rule/net/*/*/*\",\"arn:aws:elasticloadbalancing:*:*:listener-rule/app/*/*/*\"]},{\"Action\":[\"elasticloadbalancing:ModifyLoadBalancerAttributes\",\"elasticloadbalancing:SetIpAddressType\",\"elasticloadbalancing:SetSecurityGroups\",\"elasticloadbalancing:SetSubnets\",\"elasticloadbalancing:DeleteLoadBalancer\",\"elasticloadbalancing:ModifyTargetGroup\",\"elasticloadbalancing:ModifyTargetGroupAttributes\",\"elasticloadbalancing:DeleteTargetGroup\"],\"Condition\":{\"Null\":{\"aws:ResourceTag/elbv2.k8s.aws/cluster\":\"false\"}},\"Effect\":\"Allow\",\"Resource\":\"*\"},{\"Action\":[\"elasticloadbalancing:RegisterTargets\",\"elasticloadbalancing:DeregisterTargets\"],\"Effect\":\"Allow\",\"Resource\":\"arn:aws:elasticloadbalancing:*:*:targetgroup/*/*\"},{\"Action\":[\"elasticloadbalancing:SetWebAcl\",\"elasticloadbalancing:ModifyListener\",\"elasticloadbalancing:AddListenerCertificates\",\"elasticloadbalancing:RemoveListenerCertificates\",\"elasticloadbalancing:ModifyRule\"],\"Effect\":\"Allow\",\"Resource\":\"*\"}],\"Version\":\"2012-10-17\"}",
            "policy_id": "ANPA33B4DBR6PSNCQZTP5",
            "tags": {},
            "tags_all": {}
          },
          "sensitive_attributes": [],
          "private": "bnVsbA=="
        }
      ]
    },
    {
      "mode": "managed",
      "type": "aws_iam_role",
      "name": "eks_admin",
      "provider": "provider[\"registry.terraform.io/hashicorp/aws\"]",
      "instances": [
        {
          "schema_version": 0,
          "attributes": {
            "arn": "arn:aws:iam::814022331516:role/eks-admin-role",
            "assume_role_policy": "{\"Statement\":[{\"Action\":\"sts:AssumeRole\",\"Effect\":\"Allow\",\"Principal\":{\"AWS\":\"arn:aws:iam::814022331516:user/cli-user\"}}],\"Version\":\"2012-10-17\"}",
            "create_date": "2025-05-10T20:13:04Z",
            "description": "",
            "force_detach_policies": false,
            "id": "eks-admin-role",
            "inline_policy": [],
            "managed_policy_arns": [
              "arn:aws:iam::aws:policy/AmazonEKSClusterPolicy",
              "arn:aws:iam::aws:policy/AmazonEKSServicePolicy"
            ],
            "max_session_duration": 3600,
            "name": "eks-admin-role",
            "name_prefix": "",
            "path": "/",
            "permissions_boundary": "",
            "tags": {},
            "tags_all": {},
            "unique_id": "AROA33B4DBR6P2LH4CUL6"
          },
          "sensitive_attributes": [],
          "private": "bnVsbA=="
        }
      ]
    },
    {
      "mode": "managed",
      "type": "aws_iam_role_policy_attachment",
      "name": "eks_admin_cluster",
      "provider": "provider[\"registry.terraform.io/hashicorp/aws\"]",
      "instances": [
        {
          "schema_version": 0,
          "attributes": {
            "id": "eks-admin-role-20250510201305378900000005",
            "policy_arn": "arn:aws:iam::aws:policy/AmazonEKSClusterPolicy",
            "role": "eks-admin-role"
          },
          "sensitive_attributes": [],
          "private": "bnVsbA==",
          "dependencies": [
            "aws_iam_role.eks_admin"
          ]
        }
      ]
    },
    {
      "mode": "managed",
      "type": "aws_iam_role_policy_attachment",
      "name": "eks_admin_service",
      "provider": "provider[\"registry.terraform.io/hashicorp/aws\"]",
      "instances": [
        {
          "schema_version": 0,
          "attributes": {
            "id": "eks-admin-role-20250510201305348200000003",
            "policy_arn": "arn:aws:iam::aws:policy/AmazonEKSServicePolicy",
            "role": "eks-admin-role"
          },
          "sensitive_attributes": [],
          "private": "bnVsbA==",
          "dependencies": [
            "aws_iam_role.eks_admin"
          ]
        }
      ]
    },
    {
      "mode": "managed",
      "type": "local_file",
      "name": "k8s_manifest",
      "provider": "provider[\"registry.terraform.io/hashicorp/local\"]",
      "instances": [
        {
          "schema_version": 0,
          "attributes": {
            "content": "apiVersion: v1\nkind: Namespace\nmetadata:\n  name: kube-system\n---\napiVersion: v1\nkind: ServiceAccount\nmetadata:\n  name: aws-load-balancer-controller\n  namespace: kube-system\n  annotations:\n    eks.amazonaws.com/role-arn: arn:aws:iam::814022331516:role/aws-load-balancer-controller\n---\napiVersion: apps/v1\nkind: Deployment\nmetadata:\n  name: aws-load-balancer-controller\n  namespace: kube-system\nspec:\n  replicas: 1\n  selector:\n    matchLabels:\n      app.kubernetes.io/name: aws-load-balancer-controller\n  template:\n    metadata:\n      labels:\n        app.kubernetes.io/name: aws-load-balancer-controller\n    spec:\n      serviceAccountName: aws-load-balancer-controller\n      containers:\n        - name: aws-load-balancer-controller\n          image: public.ecr.aws/eks/aws-load-balancer-controller:v2.4.7\n          args:\n            - --cluster-name=mern-cluster\n            - --aws-region=us-east-1\n---\napiVersion: v1\nkind: Service\nmetadata:\n  name: mongodb\nspec:\n  selector:\n    app: mongodb\n  ports:\n    - port: 27017\n      targetPort: 27017\n---\napiVersion: apps/v1\nkind: Deployment\nmetadata:\n  name: mongodb\nspec:\n  replicas: 1\n  selector:\n    matchLabels:\n      app: mongodb\n  template:\n    metadata:\n      labels:\n        app: mongodb\n    spec:\n      containers:\n        - name: mongodb\n          image: mongo:latest\n          ports:\n            - containerPort: 27017\n          env:\n            - name: MONGO_INITDB_ROOT_USERNAME\n              value: root\n            - name: MONGO_INITDB_ROOT_PASSWORD\n              value: example\n---\napiVersion: v1\nkind: Service\nmetadata:\n  name: backend\nspec:\n  selector:\n    app: backend\n  ports:\n    - port: 80\n      targetPort: 5001\n---\napiVersion: apps/v1\nkind: Deployment\nmetadata:\n  name: backend\nspec:\n  replicas: 2\n  selector:\n    matchLabels:\n      app: backend\n  template:\n    metadata:\n      labels:\n        app: backend\n    spec:\n      containers:\n        - name: backend\n          image: myselfabii/mern-backend:latest\n          imagePullPolicy: Always\n          ports:\n            - containerPort: 5001\n          env:\n            - name: MONGODB_URI\n              value: mongodb://root:example@mongodb:27017/mern-crud?authSource=admin\n            - name: PORT\n              value: \"5001\"\n            - name: NODE_ENV\n              value: production\n            - name: CORS_ORIGIN\n              value: \"*\"\n---\napiVersion: v1\nkind: Service\nmetadata:\n  name: frontend\nspec:\n  selector:\n    app: frontend\n  ports:\n    - port: 80\n      targetPort: 3000\n---\napiVersion: apps/v1\nkind: Deployment\nmetadata:\n  name: frontend\nspec:\n  replicas: 2\n  selector:\n    matchLabels:\n      app: frontend\n  template:\n    metadata:\n      labels:\n        app: frontend\n    spec:\n      containers:\n        - name: frontend\n          image: myselfabii/mern-frontend:latest\n          imagePullPolicy: Always\n          ports:\n            - containerPort: 3000\n          env:\n            - name: NEXT_PUBLIC_API_URL\n              value: \"/api\"\n            - name: NODE_ENV\n              value: production\n            - name: NEXT_TELEMETRY_DISABLED\n              value: \"1\"\n            - name: HOSTNAME\n              value: \"0.0.0.0\"\n            - name: PORT\n              value: \"3000\"\n---\napiVersion: networking.k8s.io/v1\nkind: Ingress\nmetadata:\n  name: app-ingress\n  annotations:\n    kubernetes.io/ingress.class: alb\n    alb.ingress.kubernetes.io/scheme: internet-facing\n    alb.ingress.kubernetes.io/target-type: ip\n    alb.ingress.kubernetes.io/backend-protocol: HTTP\n    alb.ingress.kubernetes.io/group.name: mern-app\n    alb.ingress.kubernetes.io/healthcheck-path: /\n    alb.ingress.kubernetes.io/success-codes: \"200-399\"\n    alb.ingress.kubernetes.io/listen-ports: '[{\"HTTP\": 80}]'\n    alb.ingress.kubernetes.io/load-balancer-attributes: routing.http.drop_invalid_header_fields.enabled=true\nspec:\n  rules:\n    - http:\n        paths:\n          - path: /_next/static\n            pathType: Prefix\n            backend:\n              service:\n                name: frontend\n                port:\n                  number: 80\n          - path: /_next/data\n            pathType: Prefix\n            backend:\n              service:\n                name: frontend\n                port:\n                  number: 80\n          - path: /_next/image\n            pathType: Prefix\n            backend:\n              service:\n                name: frontend\n                port:\n                  number: 80\n          - path: /static\n            pathType: Prefix\n            backend:\n              service:\n                name: frontend\n                port:\n                  number: 80\n          - path: /api\n            pathType: Prefix\n            backend:\n              service:\n                name: backend\n                port:\n                  number: 80\n          - path: /\n            pathType: Prefix\n            backend:\n              service:\n                name: frontend\n                port:\n                  number: 80 ",
            "content_base64": null,
            "content_base64sha256": "dKbJpq2UVY2LX9s0QehQGvBuvuFESU3sZZVFNkMGMP8=",
            "content_base64sha512": "fkCaORTwmNAOAXG6XAcfEUozXUnNVjjHFm2tI9WMGq1y4HkNeMz7cjSTMG4tuBmU7m5CtQPBfUeOEv2uyPYD0A==",
            "content_md5": "4d4562c4050afd5a7ee1de6c845eab17",
            "content_sha1": "8649b54d36a38cdd0f8b72185ace55ad635524a3",
            "content_sha256": "74a6c9a6ad94558d8b5fdb3441e8501af06ebee144494dec65954536430630ff",
            "content_sha512": "7e409a3914f098d00e0171ba5c071f114a335d49cd5638c7166dad23d58c1aad72e0790d78ccfb723493306e2db81994ee6e42b503c17d478e12fdaec8f603d0",
            "directory_permission": "0777",
            "file_permission": "0777",
            "filename": "./k8s-manifest.yaml",
            "id": "8649b54d36a38cdd0f8b72185ace55ad635524a3",
            "sensitive_content": null,
            "source": null
          },
          "sensitive_attributes": [
            [
              {
                "type": "get_attr",
                "value": "sensitive_content"
              }
            ]
          ],
          "dependencies": [
            "module.aws_load_balancer_controller_irsa.aws_iam_role.this",
            "module.aws_load_balancer_controller_irsa.data.aws_caller_identity.current",
            "module.aws_load_balancer_controller_irsa.data.aws_iam_policy_document.this",
            "module.aws_load_balancer_controller_irsa.data.aws_partition.current",
            "module.eks_new.aws_cloudwatch_log_group.this",
            "module.eks_new.aws_ec2_tag.cluster_primary_security_group",
            "module.eks_new.aws_eks_addon.before_compute",
            "module.eks_new.aws_eks_addon.this",
            "module.eks_new.aws_eks_cluster.this",
            "module.eks_new.aws_eks_identity_provider_config.this",
            "module.eks_new.aws_iam_openid_connect_provider.oidc_provider",
            "module.eks_new.aws_iam_policy.cluster_encryption",
            "module.eks_new.aws_iam_policy.cni_ipv6_policy",
            "module.eks_new.aws_iam_role.this",
            "module.eks_new.aws_iam_role_policy_attachment.additional",
            "module.eks_new.aws_iam_role_policy_attachment.cluster_encryption",
            "module.eks_new.aws_iam_role_policy_attachment.this",
            "module.eks_new.aws_security_group.cluster",
            "module.eks_new.aws_security_group.node",
            "module.eks_new.aws_security_group_rule.cluster",
            "module.eks_new.aws_security_group_rule.node",
            "module.eks_new.data.aws_caller_identity.current",
            "module.eks_new.data.aws_eks_addon_version.this",
            "module.eks_new.data.aws_iam_policy_document.assume_role_policy",
            "module.eks_new.data.aws_iam_policy_document.cni_ipv6_policy",
            "module.eks_new.data.aws_iam_session_context.current",
            "module.eks_new.data.aws_partition.current",
            "module.eks_new.data.tls_certificate.this",
            "module.eks_new.kubernetes_config_map.aws_auth",
            "module.eks_new.kubernetes_config_map_v1_data.aws_auth",
            "module.eks_new.module.eks_managed_node_group.aws_autoscaling_schedule.this",
            "module.eks_new.module.eks_managed_node_group.aws_eks_node_group.this",
            "module.eks_new.module.eks_managed_node_group.aws_iam_role.this",
            "module.eks_new.module.eks_managed_node_group.aws_iam_role_policy_attachment.additional",
            "module.eks_new.module.eks_managed_node_group.aws_iam_role_policy_attachment.this",
            "module.eks_new.module.eks_managed_node_group.aws_launch_template.this",
            "module.eks_new.module.eks_managed_node_group.data.aws_caller_identity.current",
            "module.eks_new.module.eks_managed_node_group.data.aws_iam_policy_document.assume_role_policy",
            "module.eks_new.module.eks_managed_node_group.data.aws_partition.current",
            "module.eks_new.module.eks_managed_node_group.module.user_data.data.cloudinit_config.linux_eks_managed_node_group",
            "module.eks_new.module.fargate_profile.aws_eks_fargate_profile.this",
            "module.eks_new.module.fargate_profile.aws_iam_role.this",
            "module.eks_new.module.fargate_profile.aws_iam_role_policy_attachment.additional",
            "module.eks_new.module.fargate_profile.aws_iam_role_policy_attachment.this",
            "module.eks_new.module.fargate_profile.data.aws_caller_identity.current",
            "module.eks_new.module.fargate_profile.data.aws_iam_policy_document.assume_role_policy",
            "module.eks_new.module.fargate_profile.data.aws_partition.current",
            "module.eks_new.module.kms.aws_kms_alias.this",
            "module.eks_new.module.kms.aws_kms_external_key.this",
            "module.eks_new.module.kms.aws_kms_grant.this",
            "module.eks_new.module.kms.aws_kms_key.this",
            "module.eks_new.module.kms.aws_kms_replica_external_key.this",
            "module.eks_new.module.kms.aws_kms_replica_key.this",
            "module.eks_new.module.kms.data.aws_caller_identity.current",
            "module.eks_new.module.kms.data.aws_iam_policy_document.this",
            "module.eks_new.module.kms.data.aws_partition.current",
            "module.eks_new.module.self_managed_node_group.aws_autoscaling_group.this",
            "module.eks_new.module.self_managed_node_group.aws_autoscaling_schedule.this",
            "module.eks_new.module.self_managed_node_group.aws_iam_instance_profile.this",
            "module.eks_new.module.self_managed_node_group.aws_iam_role.this",
            "module.eks_new.module.self_managed_node_group.aws_iam_role_policy_attachment.additional",
            "module.eks_new.module.self_managed_node_group.aws_iam_role_policy_attachment.this",
            "module.eks_new.module.self_managed_node_group.aws_launch_template.this",
            "module.eks_new.module.self_managed_node_group.data.aws_ami.eks_default",
            "module.eks_new.module.self_managed_node_group.data.aws_caller_identity.current",
            "module.eks_new.module.self_managed_node_group.data.aws_iam_policy_document.assume_role_policy",
            "module.eks_new.module.self_managed_node_group.data.aws_partition.current",
            "module.eks_new.module.self_managed_node_group.module.user_data.data.cloudinit_config.linux_eks_managed_node_group",
            "module.eks_new.time_sleep.this",
            "module.vpc_new.module.vpc.aws_subnet.private",
            "module.vpc_new.module.vpc.aws_subnet.public",
            "module.vpc_new.module.vpc.aws_vpc.this",
            "module.vpc_new.module.vpc.aws_vpc_ipv4_cidr_block_association.this"
          ]
        }
      ]
    },
    {
      "mode": "managed",
      "type": "null_resource",
      "name": "k8s_setup",
      "provider": "provider[\"registry.terraform.io/hashicorp/null\"]",
      "instances": [
        {
          "schema_version": 0,
          "attributes": {
            "id": "837559388924687843",
            "triggers": null
          },
          "sensitive_attributes": [],
          "dependencies": [
            "local_file.k8s_manifest",
            "module.aws_load_balancer_controller_irsa.aws_iam_role.this",
            "module.aws_load_balancer_controller_irsa.data.aws_caller_identity.current",
            "module.aws_load_balancer_controller_irsa.data.aws_iam_policy_document.this",
            "module.aws_load_balancer_controller_irsa.data.aws_partition.current",
            "module.eks_new.aws_cloudwatch_log_group.this",
            "module.eks_new.aws_ec2_tag.cluster_primary_security_group",
            "module.eks_new.aws_eks_addon.before_compute",
            "module.eks_new.aws_eks_addon.this",
            "module.eks_new.aws_eks_cluster.this",
            "module.eks_new.aws_eks_identity_provider_config.this",
            "module.eks_new.aws_iam_openid_connect_provider.oidc_provider",
            "module.eks_new.aws_iam_policy.cluster_encryption",
            "module.eks_new.aws_iam_policy.cni_ipv6_policy",
            "module.eks_new.aws_iam_role.this",
            "module.eks_new.aws_iam_role_policy_attachment.additional",
            "module.eks_new.aws_iam_role_policy_attachment.cluster_encryption",
            "module.eks_new.aws_iam_role_policy_attachment.this",
            "module.eks_new.aws_security_group.cluster",
            "module.eks_new.aws_security_group.node",
            "module.eks_new.aws_security_group_rule.cluster",
            "module.eks_new.aws_security_group_rule.node",
            "module.eks_new.data.aws_caller_identity.current",
            "module.eks_new.data.aws_eks_addon_version.this",
            "module.eks_new.data.aws_iam_policy_document.assume_role_policy",
            "module.eks_new.data.aws_iam_policy_document.cni_ipv6_policy",
            "module.eks_new.data.aws_iam_session_context.current",
            "module.eks_new.data.aws_partition.current",
            "module.eks_new.data.tls_certificate.this",
            "module.eks_new.kubernetes_config_map.aws_auth",
            "module.eks_new.kubernetes_config_map_v1_data.aws_auth",
            "module.eks_new.module.eks_managed_node_group.aws_autoscaling_schedule.this",
            "module.eks_new.module.eks_managed_node_group.aws_eks_node_group.this",
            "module.eks_new.module.eks_managed_node_group.aws_iam_role.this",
            "module.eks_new.module.eks_managed_node_group.aws_iam_role_policy_attachment.additional",
            "module.eks_new.module.eks_managed_node_group.aws_iam_role_policy_attachment.this",
            "module.eks_new.module.eks_managed_node_group.aws_launch_template.this",
            "module.eks_new.module.eks_managed_node_group.data.aws_caller_identity.current",
            "module.eks_new.module.eks_managed_node_group.data.aws_iam_policy_document.assume_role_policy",
            "module.eks_new.module.eks_managed_node_group.data.aws_partition.current",
            "module.eks_new.module.eks_managed_node_group.module.user_data.data.cloudinit_config.linux_eks_managed_node_group",
            "module.eks_new.module.fargate_profile.aws_eks_fargate_profile.this",
            "module.eks_new.module.fargate_profile.aws_iam_role.this",
            "module.eks_new.module.fargate_profile.aws_iam_role_policy_attachment.additional",
            "module.eks_new.module.fargate_profile.aws_iam_role_policy_attachment.this",
            "module.eks_new.module.fargate_profile.data.aws_caller_identity.current",
            "module.eks_new.module.fargate_profile.data.aws_iam_policy_document.assume_role_policy",
            "module.eks_new.module.fargate_profile.data.aws_partition.current",
            "module.eks_new.module.kms.aws_kms_alias.this",
            "module.eks_new.module.kms.aws_kms_external_key.this",
            "module.eks_new.module.kms.aws_kms_grant.this",
            "module.eks_new.module.kms.aws_kms_key.this",
            "module.eks_new.module.kms.aws_kms_replica_external_key.this",
            "module.eks_new.module.kms.aws_kms_replica_key.this",
            "module.eks_new.module.kms.data.aws_caller_identity.current",
            "module.eks_new.module.kms.data.aws_iam_policy_document.this",
            "module.eks_new.module.kms.data.aws_partition.current",
            "module.eks_new.module.self_managed_node_group.aws_autoscaling_group.this",
            "module.eks_new.module.self_managed_node_group.aws_autoscaling_schedule.this",
            "module.eks_new.module.self_managed_node_group.aws_iam_instance_profile.this",
            "module.eks_new.module.self_managed_node_group.aws_iam_role.this",
            "module.eks_new.module.self_managed_node_group.aws_iam_role_policy_attachment.additional",
            "module.eks_new.module.self_managed_node_group.aws_iam_role_policy_attachment.this",
            "module.eks_new.module.self_managed_node_group.aws_launch_template.this",
            "module.eks_new.module.self_managed_node_group.data.aws_ami.eks_default",
            "module.eks_new.module.self_managed_node_group.data.aws_caller_identity.current",
            "module.eks_new.module.self_managed_node_group.data.aws_iam_policy_document.assume_role_policy",
            "module.eks_new.module.self_managed_node_group.data.aws_partition.current",
            "module.eks_new.module.self_managed_node_group.module.user_data.data.cloudinit_config.linux_eks_managed_node_group",
            "module.eks_new.time_sleep.this",
            "module.vpc_new.module.vpc.aws_subnet.private",
            "module.vpc_new.module.vpc.aws_subnet.public",
            "module.vpc_new.module.vpc.aws_vpc.this",
            "module.vpc_new.module.vpc.aws_vpc_ipv4_cidr_block_association.this",
            "time_sleep.wait_for_cluster"
          ]
        }
      ]
    },
    {
      "mode": "managed",
      "type": "time_sleep",
      "name": "wait_for_cluster",
      "provider": "provider[\"registry.terraform.io/hashicorp/time\"]",
      "instances": [
        {
          "schema_version": 0,
          "attributes": {
            "create_duration": "30s",
            "destroy_duration": null,
            "id": "2025-05-10T21:58:07Z",
            "triggers": null
          },
          "sensitive_attributes": [],
          "dependencies": [
            "module.eks_new.aws_cloudwatch_log_group.this",
            "module.eks_new.aws_ec2_tag.cluster_primary_security_group",
            "module.eks_new.aws_eks_addon.before_compute",
            "module.eks_new.aws_eks_addon.this",
            "module.eks_new.aws_eks_cluster.this",
            "module.eks_new.aws_eks_identity_provider_config.this",
            "module.eks_new.aws_iam_openid_connect_provider.oidc_provider",
            "module.eks_new.aws_iam_policy.cluster_encryption",
            "module.eks_new.aws_iam_policy.cni_ipv6_policy",
            "module.eks_new.aws_iam_role.this",
            "module.eks_new.aws_iam_role_policy_attachment.additional",
            "module.eks_new.aws_iam_role_policy_attachment.cluster_encryption",
            "module.eks_new.aws_iam_role_policy_attachment.this",
            "module.eks_new.aws_security_group.cluster",
            "module.eks_new.aws_security_group.node",
            "module.eks_new.aws_security_group_rule.cluster",
            "module.eks_new.aws_security_group_rule.node",
            "module.eks_new.data.aws_caller_identity.current",
            "module.eks_new.data.aws_eks_addon_version.this",
            "module.eks_new.data.aws_iam_policy_document.assume_role_policy",
            "module.eks_new.data.aws_iam_policy_document.cni_ipv6_policy",
            "module.eks_new.data.aws_iam_session_context.current",
            "module.eks_new.data.aws_partition.current",
            "module.eks_new.data.tls_certificate.this",
            "module.eks_new.kubernetes_config_map.aws_auth",
            "module.eks_new.kubernetes_config_map_v1_data.aws_auth",
            "module.eks_new.module.eks_managed_node_group.aws_autoscaling_schedule.this",
            "module.eks_new.module.eks_managed_node_group.aws_eks_node_group.this",
            "module.eks_new.module.eks_managed_node_group.aws_iam_role.this",
            "module.eks_new.module.eks_managed_node_group.aws_iam_role_policy_attachment.additional",
            "module.eks_new.module.eks_managed_node_group.aws_iam_role_policy_attachment.this",
            "module.eks_new.module.eks_managed_node_group.aws_launch_template.this",
            "module.eks_new.module.eks_managed_node_group.data.aws_caller_identity.current",
            "module.eks_new.module.eks_managed_node_group.data.aws_iam_policy_document.assume_role_policy",
            "module.eks_new.module.eks_managed_node_group.data.aws_partition.current",
            "module.eks_new.module.eks_managed_node_group.module.user_data.data.cloudinit_config.linux_eks_managed_node_group",
            "module.eks_new.module.fargate_profile.aws_eks_fargate_profile.this",
            "module.eks_new.module.fargate_profile.aws_iam_role.this",
            "module.eks_new.module.fargate_profile.aws_iam_role_policy_attachment.additional",
            "module.eks_new.module.fargate_profile.aws_iam_role_policy_attachment.this",
            "module.eks_new.module.fargate_profile.data.aws_caller_identity.current",
            "module.eks_new.module.fargate_profile.data.aws_iam_policy_document.assume_role_policy",
            "module.eks_new.module.fargate_profile.data.aws_partition.current",
            "module.eks_new.module.kms.aws_kms_alias.this",
            "module.eks_new.module.kms.aws_kms_external_key.this",
            "module.eks_new.module.kms.aws_kms_grant.this",
            "module.eks_new.module.kms.aws_kms_key.this",
            "module.eks_new.module.kms.aws_kms_replica_external_key.this",
            "module.eks_new.module.kms.aws_kms_replica_key.this",
            "module.eks_new.module.kms.data.aws_caller_identity.current",
            "module.eks_new.module.kms.data.aws_iam_policy_document.this",
            "module.eks_new.module.kms.data.aws_partition.current",
            "module.eks_new.module.self_managed_node_group.aws_autoscaling_group.this",
            "module.eks_new.module.self_managed_node_group.aws_autoscaling_schedule.this",
            "module.eks_new.module.self_managed_node_group.aws_iam_instance_profile.this",
            "module.eks_new.module.self_managed_node_group.aws_iam_role.this",
            "module.eks_new.module.self_managed_node_group.aws_iam_role_policy_attachment.additional",
            "module.eks_new.module.self_managed_node_group.aws_iam_role_policy_attachment.this",
            "module.eks_new.module.self_managed_node_group.aws_launch_template.this",
            "module.eks_new.module.self_managed_node_group.data.aws_ami.eks_default",
            "module.eks_new.module.self_managed_node_group.data.aws_caller_identity.current",
            "module.eks_new.module.self_managed_node_group.data.aws_iam_policy_document.assume_role_policy",
            "module.eks_new.module.self_managed_node_group.data.aws_partition.current",
            "module.eks_new.module.self_managed_node_group.module.user_data.data.cloudinit_config.linux_eks_managed_node_group",
            "module.eks_new.time_sleep.this",
            "module.vpc_new.module.vpc.aws_subnet.private",
            "module.vpc_new.module.vpc.aws_subnet.public",
            "module.vpc_new.module.vpc.aws_vpc.this",
            "module.vpc_new.module.vpc.aws_vpc_ipv4_cidr_block_association.this"
          ]
        }
      ]
    },
    {
      "module": "module.aws_load_balancer_controller_irsa",
      "mode": "data",
      "type": "aws_iam_policy_document",
      "name": "amazon_managed_service_prometheus",
      "provider": "provider[\"registry.terraform.io/hashicorp/aws\"]",
      "instances": []
    },
    {
      "module": "module.aws_load_balancer_controller_irsa",
      "mode": "data",
      "type": "aws_iam_policy_document",
      "name": "appmesh_controller",
      "provider": "provider[\"registry.terraform.io/hashicorp/aws\"]",
      "instances": []
    },
    {
      "module": "module.aws_load_balancer_controller_irsa",
      "mode": "data",
      "type": "aws_iam_policy_document",
      "name": "appmesh_envoy_proxy",
      "provider": "provider[\"registry.terraform.io/hashicorp/aws\"]",
      "instances": []
    },
    {
      "module": "module.aws_load_balancer_controller_irsa",
      "mode": "data",
      "type": "aws_iam_policy_document",
      "name": "aws_gateway_controller",
      "provider": "provider[\"registry.terraform.io/hashicorp/aws\"]",
      "instances": []
    },
    {
      "module": "module.aws_load_balancer_controller_irsa",
      "mode": "data",
      "type": "aws_iam_policy_document",
      "name": "cert_manager",
      "provider": "provider[\"registry.terraform.io/hashicorp/aws\"]",
      "instances": []
    },
    {
      "module": "module.aws_load_balancer_controller_irsa",
      "mode": "data",
      "type": "aws_iam_policy_document",
      "name": "cluster_autoscaler",
      "provider": "provider[\"registry.terraform.io/hashicorp/aws\"]",
      "instances": []
    },
    {
      "module": "module.aws_load_balancer_controller_irsa",
      "mode": "data",
      "type": "aws_iam_policy_document",
      "name": "ebs_csi",
      "provider": "provider[\"registry.terraform.io/hashicorp/aws\"]",
      "instances": []
    },
    {
      "module": "module.aws_load_balancer_controller_irsa",
      "mode": "data",
      "type": "aws_iam_policy_document",
      "name": "efs_csi",
      "provider": "provider[\"registry.terraform.io/hashicorp/aws\"]",
      "instances": []
    },
    {
      "module": "module.aws_load_balancer_controller_irsa",
      "mode": "data",
      "type": "aws_iam_policy_document",
      "name": "external_dns",
      "provider": "provider[\"registry.terraform.io/hashicorp/aws\"]",
      "instances": []
    },
    {
      "module": "module.aws_load_balancer_controller_irsa",
      "mode": "data",
      "type": "aws_iam_policy_document",
      "name": "external_secrets",
      "provider": "provider[\"registry.terraform.io/hashicorp/aws\"]",
      "instances": []
    },
    {
      "module": "module.aws_load_balancer_controller_irsa",
      "mode": "data",
      "type": "aws_iam_policy_document",
      "name": "fsx_lustre_csi",
      "provider": "provider[\"registry.terraform.io/hashicorp/aws\"]",
      "instances": []
    },
    {
      "module": "module.aws_load_balancer_controller_irsa",
      "mode": "data",
      "type": "aws_iam_policy_document",
      "name": "karpenter_controller",
      "provider": "provider[\"registry.terraform.io/hashicorp/aws\"]",
      "instances": []
    },
    {
      "module": "module.aws_load_balancer_controller_irsa",
      "mode": "data",
      "type": "aws_iam_policy_document",
      "name": "load_balancer_controller_targetgroup_only",
      "provider": "provider[\"registry.terraform.io/hashicorp/aws\"]",
      "instances": []
    },
    {
      "module": "module.aws_load_balancer_controller_irsa",
      "mode": "data",
      "type": "aws_iam_policy_document",
      "name": "node_termination_handler",
      "provider": "provider[\"registry.terraform.io/hashicorp/aws\"]",
      "instances": []
    },
    {
      "module": "module.aws_load_balancer_controller_irsa",
      "mode": "data",
      "type": "aws_iam_policy_document",
      "name": "velero",
      "provider": "provider[\"registry.terraform.io/hashicorp/aws\"]",
      "instances": []
    },
    {
      "module": "module.aws_load_balancer_controller_irsa",
      "mode": "data",
      "type": "aws_iam_policy_document",
      "name": "vpc_cni",
      "provider": "provider[\"registry.terraform.io/hashicorp/aws\"]",
      "instances": []
    },
    {
      "module": "module.aws_load_balancer_controller_irsa",
      "mode": "managed",
      "type": "aws_iam_policy",
      "name": "amazon_managed_service_prometheus",
      "provider": "provider[\"registry.terraform.io/hashicorp/aws\"]",
      "instances": []
    },
    {
      "module": "module.aws_load_balancer_controller_irsa",
      "mode": "managed",
      "type": "aws_iam_policy",
      "name": "appmesh_controller",
      "provider": "provider[\"registry.terraform.io/hashicorp/aws\"]",
      "instances": []
    },
    {
      "module": "module.aws_load_balancer_controller_irsa",
      "mode": "managed",
      "type": "aws_iam_policy",
      "name": "appmesh_envoy_proxy",
      "provider": "provider[\"registry.terraform.io/hashicorp/aws\"]",
      "instances": []
    },
    {
      "module": "module.aws_load_balancer_controller_irsa",
      "mode": "managed",
      "type": "aws_iam_policy",
      "name": "aws_gateway_controller",
      "provider": "provider[\"registry.terraform.io/hashicorp/aws\"]",
      "instances": []
    },
    {
      "module": "module.aws_load_balancer_controller_irsa",
      "mode": "managed",
      "type": "aws_iam_policy",
      "name": "cert_manager",
      "provider": "provider[\"registry.terraform.io/hashicorp/aws\"]",
      "instances": []
    },
    {
      "module": "module.aws_load_balancer_controller_irsa",
      "mode": "managed",
      "type": "aws_iam_policy",
      "name": "cluster_autoscaler",
      "provider": "provider[\"registry.terraform.io/hashicorp/aws\"]",
      "instances": []
    },
    {
      "module": "module.aws_load_balancer_controller_irsa",
      "mode": "managed",
      "type": "aws_iam_policy",
      "name": "ebs_csi",
      "provider": "provider[\"registry.terraform.io/hashicorp/aws\"]",
      "instances": []
    },
    {
      "module": "module.aws_load_balancer_controller_irsa",
      "mode": "managed",
      "type": "aws_iam_policy",
      "name": "efs_csi",
      "provider": "provider[\"registry.terraform.io/hashicorp/aws\"]",
      "instances": []
    },
    {
      "module": "module.aws_load_balancer_controller_irsa",
      "mode": "managed",
      "type": "aws_iam_policy",
      "name": "external_dns",
      "provider": "provider[\"registry.terraform.io/hashicorp/aws\"]",
      "instances": []
    },
    {
      "module": "module.aws_load_balancer_controller_irsa",
      "mode": "managed",
      "type": "aws_iam_policy",
      "name": "external_secrets",
      "provider": "provider[\"registry.terraform.io/hashicorp/aws\"]",
      "instances": []
    },
    {
      "module": "module.aws_load_balancer_controller_irsa",
      "mode": "managed",
      "type": "aws_iam_policy",
      "name": "fsx_lustre_csi",
      "provider": "provider[\"registry.terraform.io/hashicorp/aws\"]",
      "instances": []
    },
    {
      "module": "module.aws_load_balancer_controller_irsa",
      "mode": "managed",
      "type": "aws_iam_policy",
      "name": "karpenter_controller",
      "provider": "provider[\"registry.terraform.io/hashicorp/aws\"]",
      "instances": []
    },
    {
      "module": "module.aws_load_balancer_controller_irsa",
      "mode": "managed",
      "type": "aws_iam_policy",
      "name": "load_balancer_controller",
      "provider": "provider[\"registry.terraform.io/hashicorp/aws\"]",
      "instances": [
        {
          "index_key": 0,
          "schema_version": 0,
          "attributes": {
            "arn": "arn:aws:iam::814022331516:policy/AmazonEKS_AWS_Load_Balancer_Controller-20250510215737675400000003",
            "attachment_count": 1,
            "description": "Provides permissions for AWS Load Balancer Controller addon",
            "id": "arn:aws:iam::814022331516:policy/AmazonEKS_AWS_Load_Balancer_Controller-20250510215737675400000003",
            "name": "AmazonEKS_AWS_Load_Balancer_Controller-20250510215737675400000003",
            "name_prefix": "AmazonEKS_AWS_Load_Balancer_Controller-",
            "path": "/",
            "policy": "{\"Statement\":[{\"Action\":\"iam:CreateServiceLinkedRole\",\"Condition\":{\"StringEquals\":{\"iam:AWSServiceName\":\"elasticloadbalancing.amazonaws.com\"}},\"Effect\":\"Allow\",\"Resource\":\"*\"},{\"Action\":[\"elasticloadbalancing:DescribeTargetHealth\",\"elasticloadbalancing:DescribeTargetGroups\",\"elasticloadbalancing:DescribeTargetGroupAttributes\",\"elasticloadbalancing:DescribeTags\",\"elasticloadbalancing:DescribeSSLPolicies\",\"elasticloadbalancing:DescribeRules\",\"elasticloadbalancing:DescribeLoadBalancers\",\"elasticloadbalancing:DescribeLoadBalancerAttributes\",\"elasticloadbalancing:DescribeListeners\",\"elasticloadbalancing:DescribeListenerCertificates\",\"ec2:GetCoipPoolUsage\",\"ec2:DescribeVpcs\",\"ec2:DescribeVpcPeeringConnections\",\"ec2:DescribeTags\",\"ec2:DescribeSubnets\",\"ec2:DescribeSecurityGroups\",\"ec2:DescribeNetworkInterfaces\",\"ec2:DescribeInternetGateways\",\"ec2:DescribeInstances\",\"ec2:DescribeCoipPools\",\"ec2:DescribeAvailabilityZones\",\"ec2:DescribeAddresses\",\"ec2:DescribeAccountAttributes\"],\"Effect\":\"Allow\",\"Resource\":\"*\"},{\"Action\":[\"wafv2:GetWebACLForResource\",\"wafv2:GetWebACL\",\"wafv2:DisassociateWebACL\",\"wafv2:AssociateWebACL\",\"waf-regional:GetWebACLForResource\",\"waf-regional:GetWebACL\",\"waf-regional:DisassociateWebACL\",\"waf-regional:AssociateWebACL\",\"shield:GetSubscriptionState\",\"shield:DescribeProtection\",\"shield:DeleteProtection\",\"shield:CreateProtection\",\"iam:ListServerCertificates\",\"iam:GetServerCertificate\",\"cognito-idp:DescribeUserPoolClient\",\"acm:ListCertificates\",\"acm:DescribeCertificate\"],\"Effect\":\"Allow\",\"Resource\":\"*\"},{\"Action\":[\"ec2:RevokeSecurityGroupIngress\",\"ec2:CreateSecurityGroup\",\"ec2:AuthorizeSecurityGroupIngress\"],\"Effect\":\"Allow\",\"Resource\":\"*\"},{\"Action\":\"ec2:CreateTags\",\"Condition\":{\"Null\":{\"aws:RequestTag/elbv2.k8s.aws/cluster\":\"false\"},\"StringEquals\":{\"ec2:CreateAction\":\"CreateSecurityGroup\"}},\"Effect\":\"Allow\",\"Resource\":\"arn:aws:ec2:*:*:security-group/*\"},{\"Action\":[\"ec2:DeleteTags\",\"ec2:CreateTags\"],\"Condition\":{\"Null\":{\"aws:RequestTag/elbv2.k8s.aws/cluster\":\"true\",\"aws:ResourceTag/elbv2.k8s.aws/cluster\":\"false\"}},\"Effect\":\"Allow\",\"Resource\":\"arn:aws:ec2:*:*:security-group/*\"},{\"Action\":[\"ec2:RevokeSecurityGroupIngress\",\"ec2:DeleteSecurityGroup\",\"ec2:AuthorizeSecurityGroupIngress\"],\"Condition\":{\"Null\":{\"aws:ResourceTag/elbv2.k8s.aws/cluster\":\"false\"}},\"Effect\":\"Allow\",\"Resource\":\"*\"},{\"Action\":[\"elasticloadbalancing:CreateTargetGroup\",\"elasticloadbalancing:CreateLoadBalancer\"],\"Condition\":{\"Null\":{\"aws:RequestTag/elbv2.k8s.aws/cluster\":\"false\"}},\"Effect\":\"Allow\",\"Resource\":\"*\"},{\"Action\":[\"elasticloadbalancing:DeleteRule\",\"elasticloadbalancing:DeleteListener\",\"elasticloadbalancing:CreateRule\",\"elasticloadbalancing:CreateListener\"],\"Effect\":\"Allow\",\"Resource\":\"*\"},{\"Action\":[\"elasticloadbalancing:RemoveTags\",\"elasticloadbalancing:AddTags\"],\"Condition\":{\"Null\":{\"aws:RequestTag/elbv2.k8s.aws/cluster\":\"true\",\"aws:ResourceTag/elbv2.k8s.aws/cluster\":\"false\"}},\"Effect\":\"Allow\",\"Resource\":[\"arn:aws:elasticloadbalancing:*:*:targetgroup/*/*\",\"arn:aws:elasticloadbalancing:*:*:loadbalancer/net/*/*\",\"arn:aws:elasticloadbalancing:*:*:loadbalancer/app/*/*\"]},{\"Action\":[\"elasticloadbalancing:RemoveTags\",\"elasticloadbalancing:AddTags\"],\"Effect\":\"Allow\",\"Resource\":[\"arn:aws:elasticloadbalancing:*:*:listener/net/*/*/*\",\"arn:aws:elasticloadbalancing:*:*:listener/app/*/*/*\",\"arn:aws:elasticloadbalancing:*:*:listener-rule/net/*/*/*\",\"arn:aws:elasticloadbalancing:*:*:listener-rule/app/*/*/*\"]},{\"Action\":[\"elasticloadbalancing:SetSubnets\",\"elasticloadbalancing:SetSecurityGroups\",\"elasticloadbalancing:SetIpAddressType\",\"elasticloadbalancing:ModifyTargetGroupAttributes\",\"elasticloadbalancing:ModifyTargetGroup\",\"elasticloadbalancing:ModifyLoadBalancerAttributes\",\"elasticloadbalancing:DeleteTargetGroup\",\"elasticloadbalancing:DeleteLoadBalancer\"],\"Condition\":{\"Null\":{\"aws:ResourceTag/elbv2.k8s.aws/cluster\":\"false\"}},\"Effect\":\"Allow\",\"Resource\":\"*\"},{\"Action\":\"elasticloadbalancing:AddTags\",\"Condition\":{\"Null\":{\"aws:RequestTag/elbv2.k8s.aws/cluster\":\"false\"},\"StringEquals\":{\"elasticloadbalancing:CreateAction\":[\"CreateTargetGroup\",\"CreateLoadBalancer\"]}},\"Effect\":\"Allow\",\"Resource\":[\"arn:aws:elasticloadbalancing:*:*:targetgroup/*/*\",\"arn:aws:elasticloadbalancing:*:*:loadbalancer/net/*/*\",\"arn:aws:elasticloadbalancing:*:*:loadbalancer/app/*/*\"]},{\"Action\":[\"elasticloadbalancing:RegisterTargets\",\"elasticloadbalancing:DeregisterTargets\"],\"Effect\":\"Allow\",\"Resource\":\"arn:aws:elasticloadbalancing:*:*:targetgroup/*/*\"},{\"Action\":[\"elasticloadbalancing:SetWebAcl\",\"elasticloadbalancing:RemoveListenerCertificates\",\"elasticloadbalancing:ModifyRule\",\"elasticloadbalancing:ModifyListener\",\"elasticloadbalancing:AddListenerCertificates\"],\"Effect\":\"Allow\",\"Resource\":\"*\"}],\"Version\":\"2012-10-17\"}",
            "policy_id": "ANPA33B4DBR6PL6UROCK6",
            "tags": {},
            "tags_all": {}
          },
          "sensitive_attributes": [],
          "private": "bnVsbA==",
          "dependencies": [
            "module.aws_load_balancer_controller_irsa.data.aws_iam_policy_document.load_balancer_controller",
            "module.aws_load_balancer_controller_irsa.data.aws_partition.current",
            "module.eks_new.aws_cloudwatch_log_group.this",
            "module.eks_new.aws_ec2_tag.cluster_primary_security_group",
            "module.eks_new.aws_eks_addon.before_compute",
            "module.eks_new.aws_eks_addon.this",
            "module.eks_new.aws_eks_cluster.this",
            "module.eks_new.aws_eks_identity_provider_config.this",
            "module.eks_new.aws_iam_openid_connect_provider.oidc_provider",
            "module.eks_new.aws_iam_policy.cluster_encryption",
            "module.eks_new.aws_iam_policy.cni_ipv6_policy",
            "module.eks_new.aws_iam_role.this",
            "module.eks_new.aws_iam_role_policy_attachment.additional",
            "module.eks_new.aws_iam_role_policy_attachment.cluster_encryption",
            "module.eks_new.aws_iam_role_policy_attachment.this",
            "module.eks_new.aws_security_group.cluster",
            "module.eks_new.aws_security_group.node",
            "module.eks_new.aws_security_group_rule.cluster",
            "module.eks_new.aws_security_group_rule.node",
            "module.eks_new.data.aws_caller_identity.current",
            "module.eks_new.data.aws_eks_addon_version.this",
            "module.eks_new.data.aws_iam_policy_document.assume_role_policy",
            "module.eks_new.data.aws_iam_policy_document.cni_ipv6_policy",
            "module.eks_new.data.aws_iam_session_context.current",
            "module.eks_new.data.aws_partition.current",
            "module.eks_new.data.tls_certificate.this",
            "module.eks_new.kubernetes_config_map.aws_auth",
            "module.eks_new.kubernetes_config_map_v1_data.aws_auth",
            "module.eks_new.module.eks_managed_node_group.aws_autoscaling_schedule.this",
            "module.eks_new.module.eks_managed_node_group.aws_eks_node_group.this",
            "module.eks_new.module.eks_managed_node_group.aws_iam_role.this",
            "module.eks_new.module.eks_managed_node_group.aws_iam_role_policy_attachment.additional",
            "module.eks_new.module.eks_managed_node_group.aws_iam_role_policy_attachment.this",
            "module.eks_new.module.eks_managed_node_group.aws_launch_template.this",
            "module.eks_new.module.eks_managed_node_group.data.aws_caller_identity.current",
            "module.eks_new.module.eks_managed_node_group.data.aws_iam_policy_document.assume_role_policy",
            "module.eks_new.module.eks_managed_node_group.data.aws_partition.current",
            "module.eks_new.module.eks_managed_node_group.module.user_data.data.cloudinit_config.linux_eks_managed_node_group",
            "module.eks_new.module.fargate_profile.aws_eks_fargate_profile.this",
            "module.eks_new.module.fargate_profile.aws_iam_role.this",
            "module.eks_new.module.fargate_profile.aws_iam_role_policy_attachment.additional",
            "module.eks_new.module.fargate_profile.aws_iam_role_policy_attachment.this",
            "module.eks_new.module.fargate_profile.data.aws_caller_identity.current",
            "module.eks_new.module.fargate_profile.data.aws_iam_policy_document.assume_role_policy",
            "module.eks_new.module.fargate_profile.data.aws_partition.current",
            "module.eks_new.module.kms.aws_kms_alias.this",
            "module.eks_new.module.kms.aws_kms_external_key.this",
            "module.eks_new.module.kms.aws_kms_grant.this",
            "module.eks_new.module.kms.aws_kms_key.this",
            "module.eks_new.module.kms.aws_kms_replica_external_key.this",
            "module.eks_new.module.kms.aws_kms_replica_key.this",
            "module.eks_new.module.kms.data.aws_caller_identity.current",
            "module.eks_new.module.kms.data.aws_iam_policy_document.this",
            "module.eks_new.module.kms.data.aws_partition.current",
            "module.eks_new.module.self_managed_node_group.aws_autoscaling_group.this",
            "module.eks_new.module.self_managed_node_group.aws_autoscaling_schedule.this",
            "module.eks_new.module.self_managed_node_group.aws_iam_instance_profile.this",
            "module.eks_new.module.self_managed_node_group.aws_iam_role.this",
            "module.eks_new.module.self_managed_node_group.aws_iam_role_policy_attachment.additional",
            "module.eks_new.module.self_managed_node_group.aws_iam_role_policy_attachment.this",
            "module.eks_new.module.self_managed_node_group.aws_launch_template.this",
            "module.eks_new.module.self_managed_node_group.data.aws_ami.eks_default",
            "module.eks_new.module.self_managed_node_group.data.aws_caller_identity.current",
            "module.eks_new.module.self_managed_node_group.data.aws_iam_policy_document.assume_role_policy",
            "module.eks_new.module.self_managed_node_group.data.aws_partition.current",
            "module.eks_new.module.self_managed_node_group.module.user_data.data.cloudinit_config.linux_eks_managed_node_group",
            "module.eks_new.time_sleep.this",
            "module.vpc_new.module.vpc.aws_subnet.private",
            "module.vpc_new.module.vpc.aws_subnet.public",
            "module.vpc_new.module.vpc.aws_vpc.this",
            "module.vpc_new.module.vpc.aws_vpc_ipv4_cidr_block_association.this"
          ]
        }
      ]
    },
    {
      "module": "module.aws_load_balancer_controller_irsa",
      "mode": "managed",
      "type": "aws_iam_policy",
      "name": "load_balancer_controller_targetgroup_only",
      "provider": "provider[\"registry.terraform.io/hashicorp/aws\"]",
      "instances": []
    },
    {
      "module": "module.aws_load_balancer_controller_irsa",
      "mode": "managed",
      "type": "aws_iam_policy",
      "name": "node_termination_handler",
      "provider": "provider[\"registry.terraform.io/hashicorp/aws\"]",
      "instances": []
    },
    {
      "module": "module.aws_load_balancer_controller_irsa",
      "mode": "managed",
      "type": "aws_iam_policy",
      "name": "velero",
      "provider": "provider[\"registry.terraform.io/hashicorp/aws\"]",
      "instances": []
    },
    {
      "module": "module.aws_load_balancer_controller_irsa",
      "mode": "managed",
      "type": "aws_iam_policy",
      "name": "vpc_cni",
      "provider": "provider[\"registry.terraform.io/hashicorp/aws\"]",
      "instances": []
    },
    {
      "module": "module.aws_load_balancer_controller_irsa",
      "mode": "managed",
      "type": "aws_iam_role",
      "name": "this",
      "provider": "provider[\"registry.terraform.io/hashicorp/aws\"]",
      "instances": [
        {
          "index_key": 0,
          "schema_version": 0,
          "attributes": {
            "arn": "arn:aws:iam::814022331516:role/aws-load-balancer-controller",
            "assume_role_policy": "{\"Statement\":[{\"Action\":\"sts:AssumeRoleWithWebIdentity\",\"Condition\":{\"StringEquals\":{\"oidc.eks.us-east-1.amazonaws.com/id/2FF164DBADA738B7C9257F9AD6D90035:aud\":\"sts.amazonaws.com\",\"oidc.eks.us-east-1.amazonaws.com/id/2FF164DBADA738B7C9257F9AD6D90035:sub\":\"system:serviceaccount:kube-system:aws-load-balancer-controller\"}},\"Effect\":\"Allow\",\"Principal\":{\"Federated\":\"arn:aws:iam::814022331516:oidc-provider/oidc.eks.us-east-1.amazonaws.com/id/2FF164DBADA738B7C9257F9AD6D90035\"}}],\"Version\":\"2012-10-17\"}",
            "create_date": "2025-05-10T21:57:38Z",
            "description": "",
            "force_detach_policies": true,
            "id": "aws-load-balancer-controller",
            "inline_policy": [],
            "managed_policy_arns": [
              "arn:aws:iam::814022331516:policy/AWSLoadBalancerControllerIAMPolicy",
              "arn:aws:iam::814022331516:policy/AmazonEKS_AWS_Load_Balancer_Controller-20250510215737675400000003"
            ],
            "max_session_duration": 3600,
            "name": "aws-load-balancer-controller",
            "name_prefix": "",
            "path": "/",
            "permissions_boundary": "",
            "tags": {},
            "tags_all": {},
            "unique_id": "AROA33B4DBR6AHAFOC2GT"
          },
          "sensitive_attributes": [],
          "private": "bnVsbA==",
          "dependencies": [
            "module.aws_load_balancer_controller_irsa.data.aws_caller_identity.current",
            "module.aws_load_balancer_controller_irsa.data.aws_iam_policy_document.this",
            "module.aws_load_balancer_controller_irsa.data.aws_partition.current",
            "module.eks_new.aws_cloudwatch_log_group.this",
            "module.eks_new.aws_ec2_tag.cluster_primary_security_group",
            "module.eks_new.aws_eks_addon.before_compute",
            "module.eks_new.aws_eks_addon.this",
            "module.eks_new.aws_eks_cluster.this",
            "module.eks_new.aws_eks_identity_provider_config.this",
            "module.eks_new.aws_iam_openid_connect_provider.oidc_provider",
            "module.eks_new.aws_iam_policy.cluster_encryption",
            "module.eks_new.aws_iam_policy.cni_ipv6_policy",
            "module.eks_new.aws_iam_role.this",
            "module.eks_new.aws_iam_role_policy_attachment.additional",
            "module.eks_new.aws_iam_role_policy_attachment.cluster_encryption",
            "module.eks_new.aws_iam_role_policy_attachment.this",
            "module.eks_new.aws_security_group.cluster",
            "module.eks_new.aws_security_group.node",
            "module.eks_new.aws_security_group_rule.cluster",
            "module.eks_new.aws_security_group_rule.node",
            "module.eks_new.data.aws_caller_identity.current",
            "module.eks_new.data.aws_eks_addon_version.this",
            "module.eks_new.data.aws_iam_policy_document.assume_role_policy",
            "module.eks_new.data.aws_iam_policy_document.cni_ipv6_policy",
            "module.eks_new.data.aws_iam_session_context.current",
            "module.eks_new.data.aws_partition.current",
            "module.eks_new.data.tls_certificate.this",
            "module.eks_new.kubernetes_config_map.aws_auth",
            "module.eks_new.kubernetes_config_map_v1_data.aws_auth",
            "module.eks_new.module.eks_managed_node_group.aws_autoscaling_schedule.this",
            "module.eks_new.module.eks_managed_node_group.aws_eks_node_group.this",
            "module.eks_new.module.eks_managed_node_group.aws_iam_role.this",
            "module.eks_new.module.eks_managed_node_group.aws_iam_role_policy_attachment.additional",
            "module.eks_new.module.eks_managed_node_group.aws_iam_role_policy_attachment.this",
            "module.eks_new.module.eks_managed_node_group.aws_launch_template.this",
            "module.eks_new.module.eks_managed_node_group.data.aws_caller_identity.current",
            "module.eks_new.module.eks_managed_node_group.data.aws_iam_policy_document.assume_role_policy",
            "module.eks_new.module.eks_managed_node_group.data.aws_partition.current",
            "module.eks_new.module.eks_managed_node_group.module.user_data.data.cloudinit_config.linux_eks_managed_node_group",
            "module.eks_new.module.fargate_profile.aws_eks_fargate_profile.this",
            "module.eks_new.module.fargate_profile.aws_iam_role.this",
            "module.eks_new.module.fargate_profile.aws_iam_role_policy_attachment.additional",
            "module.eks_new.module.fargate_profile.aws_iam_role_policy_attachment.this",
            "module.eks_new.module.fargate_profile.data.aws_caller_identity.current",
            "module.eks_new.module.fargate_profile.data.aws_iam_policy_document.assume_role_policy",
            "module.eks_new.module.fargate_profile.data.aws_partition.current",
            "module.eks_new.module.kms.aws_kms_alias.this",
            "module.eks_new.module.kms.aws_kms_external_key.this",
            "module.eks_new.module.kms.aws_kms_grant.this",
            "module.eks_new.module.kms.aws_kms_key.this",
            "module.eks_new.module.kms.aws_kms_replica_external_key.this",
            "module.eks_new.module.kms.aws_kms_replica_key.this",
            "module.eks_new.module.kms.data.aws_caller_identity.current",
            "module.eks_new.module.kms.data.aws_iam_policy_document.this",
            "module.eks_new.module.kms.data.aws_partition.current",
            "module.eks_new.module.self_managed_node_group.aws_autoscaling_group.this",
            "module.eks_new.module.self_managed_node_group.aws_autoscaling_schedule.this",
            "module.eks_new.module.self_managed_node_group.aws_iam_instance_profile.this",
            "module.eks_new.module.self_managed_node_group.aws_iam_role.this",
            "module.eks_new.module.self_managed_node_group.aws_iam_role_policy_attachment.additional",
            "module.eks_new.module.self_managed_node_group.aws_iam_role_policy_attachment.this",
            "module.eks_new.module.self_managed_node_group.aws_launch_template.this",
            "module.eks_new.module.self_managed_node_group.data.aws_ami.eks_default",
            "module.eks_new.module.self_managed_node_group.data.aws_caller_identity.current",
            "module.eks_new.module.self_managed_node_group.data.aws_iam_policy_document.assume_role_policy",
            "module.eks_new.module.self_managed_node_group.data.aws_partition.current",
            "module.eks_new.module.self_managed_node_group.module.user_data.data.cloudinit_config.linux_eks_managed_node_group",
            "module.eks_new.time_sleep.this",
            "module.vpc_new.module.vpc.aws_subnet.private",
            "module.vpc_new.module.vpc.aws_subnet.public",
            "module.vpc_new.module.vpc.aws_vpc.this",
            "module.vpc_new.module.vpc.aws_vpc_ipv4_cidr_block_association.this"
          ]
        }
      ]
    },
    {
      "module": "module.aws_load_balancer_controller_irsa",
      "mode": "managed",
      "type": "aws_iam_role_policy_attachment",
      "name": "amazon_managed_service_prometheus",
      "provider": "provider[\"registry.terraform.io/hashicorp/aws\"]",
      "instances": []
    },
    {
      "module": "module.aws_load_balancer_controller_irsa",
      "mode": "managed",
      "type": "aws_iam_role_policy_attachment",
      "name": "appmesh_controller",
      "provider": "provider[\"registry.terraform.io/hashicorp/aws\"]",
      "instances": []
    },
    {
      "module": "module.aws_load_balancer_controller_irsa",
      "mode": "managed",
      "type": "aws_iam_role_policy_attachment",
      "name": "appmesh_envoy_proxy",
      "provider": "provider[\"registry.terraform.io/hashicorp/aws\"]",
      "instances": []
    },
    {
      "module": "module.aws_load_balancer_controller_irsa",
      "mode": "managed",
      "type": "aws_iam_role_policy_attachment",
      "name": "aws_gateway_controller",
      "provider": "provider[\"registry.terraform.io/hashicorp/aws\"]",
      "instances": []
    },
    {
      "module": "module.aws_load_balancer_controller_irsa",
      "mode": "managed",
      "type": "aws_iam_role_policy_attachment",
      "name": "cert_manager",
      "provider": "provider[\"registry.terraform.io/hashicorp/aws\"]",
      "instances": []
    },
    {
      "module": "module.aws_load_balancer_controller_irsa",
      "mode": "managed",
      "type": "aws_iam_role_policy_attachment",
      "name": "cluster_autoscaler",
      "provider": "provider[\"registry.terraform.io/hashicorp/aws\"]",
      "instances": []
    },
    {
      "module": "module.aws_load_balancer_controller_irsa",
      "mode": "managed",
      "type": "aws_iam_role_policy_attachment",
      "name": "ebs_csi",
      "provider": "provider[\"registry.terraform.io/hashicorp/aws\"]",
      "instances": []
    },
    {
      "module": "module.aws_load_balancer_controller_irsa",
      "mode": "managed",
      "type": "aws_iam_role_policy_attachment",
      "name": "efs_csi",
      "provider": "provider[\"registry.terraform.io/hashicorp/aws\"]",
      "instances": []
    },
    {
      "module": "module.aws_load_balancer_controller_irsa",
      "mode": "managed",
      "type": "aws_iam_role_policy_attachment",
      "name": "external_dns",
      "provider": "provider[\"registry.terraform.io/hashicorp/aws\"]",
      "instances": []
    },
    {
      "module": "module.aws_load_balancer_controller_irsa",
      "mode": "managed",
      "type": "aws_iam_role_policy_attachment",
      "name": "external_secrets",
      "provider": "provider[\"registry.terraform.io/hashicorp/aws\"]",
      "instances": []
    },
    {
      "module": "module.aws_load_balancer_controller_irsa",
      "mode": "managed",
      "type": "aws_iam_role_policy_attachment",
      "name": "fsx_lustre_csi",
      "provider": "provider[\"registry.terraform.io/hashicorp/aws\"]",
      "instances": []
    },
    {
      "module": "module.aws_load_balancer_controller_irsa",
      "mode": "managed",
      "type": "aws_iam_role_policy_attachment",
      "name": "karpenter_controller",
      "provider": "provider[\"registry.terraform.io/hashicorp/aws\"]",
      "instances": []
    },
    {
      "module": "module.aws_load_balancer_controller_irsa",
      "mode": "managed",
      "type": "aws_iam_role_policy_attachment",
      "name": "load_balancer_controller",
      "provider": "provider[\"registry.terraform.io/hashicorp/aws\"]",
      "instances": [
        {
          "index_key": 0,
          "schema_version": 0,
          "attributes": {
            "id": "aws-load-balancer-controller-20250510215740596900000004",
            "policy_arn": "arn:aws:iam::814022331516:policy/AmazonEKS_AWS_Load_Balancer_Controller-20250510215737675400000003",
            "role": "aws-load-balancer-controller"
          },
          "sensitive_attributes": [],
          "private": "bnVsbA==",
          "dependencies": [
            "module.aws_load_balancer_controller_irsa.aws_iam_policy.load_balancer_controller",
            "module.aws_load_balancer_controller_irsa.aws_iam_role.this",
            "module.aws_load_balancer_controller_irsa.data.aws_caller_identity.current",
            "module.aws_load_balancer_controller_irsa.data.aws_iam_policy_document.load_balancer_controller",
            "module.aws_load_balancer_controller_irsa.data.aws_iam_policy_document.this",
            "module.aws_load_balancer_controller_irsa.data.aws_partition.current",
            "module.eks_new.aws_cloudwatch_log_group.this",
            "module.eks_new.aws_ec2_tag.cluster_primary_security_group",
            "module.eks_new.aws_eks_addon.before_compute",
            "module.eks_new.aws_eks_addon.this",
            "module.eks_new.aws_eks_cluster.this",
            "module.eks_new.aws_eks_identity_provider_config.this",
            "module.eks_new.aws_iam_openid_connect_provider.oidc_provider",
            "module.eks_new.aws_iam_policy.cluster_encryption",
            "module.eks_new.aws_iam_policy.cni_ipv6_policy",
            "module.eks_new.aws_iam_role.this",
            "module.eks_new.aws_iam_role_policy_attachment.additional",
            "module.eks_new.aws_iam_role_policy_attachment.cluster_encryption",
            "module.eks_new.aws_iam_role_policy_attachment.this",
            "module.eks_new.aws_security_group.cluster",
            "module.eks_new.aws_security_group.node",
            "module.eks_new.aws_security_group_rule.cluster",
            "module.eks_new.aws_security_group_rule.node",
            "module.eks_new.data.aws_caller_identity.current",
            "module.eks_new.data.aws_eks_addon_version.this",
            "module.eks_new.data.aws_iam_policy_document.assume_role_policy",
            "module.eks_new.data.aws_iam_policy_document.cni_ipv6_policy",
            "module.eks_new.data.aws_iam_session_context.current",
            "module.eks_new.data.aws_partition.current",
            "module.eks_new.data.tls_certificate.this",
            "module.eks_new.kubernetes_config_map.aws_auth",
            "module.eks_new.kubernetes_config_map_v1_data.aws_auth",
            "module.eks_new.module.eks_managed_node_group.aws_autoscaling_schedule.this",
            "module.eks_new.module.eks_managed_node_group.aws_eks_node_group.this",
            "module.eks_new.module.eks_managed_node_group.aws_iam_role.this",
            "module.eks_new.module.eks_managed_node_group.aws_iam_role_policy_attachment.additional",
            "module.eks_new.module.eks_managed_node_group.aws_iam_role_policy_attachment.this",
            "module.eks_new.module.eks_managed_node_group.aws_launch_template.this",
            "module.eks_new.module.eks_managed_node_group.data.aws_caller_identity.current",
            "module.eks_new.module.eks_managed_node_group.data.aws_iam_policy_document.assume_role_policy",
            "module.eks_new.module.eks_managed_node_group.data.aws_partition.current",
            "module.eks_new.module.eks_managed_node_group.module.user_data.data.cloudinit_config.linux_eks_managed_node_group",
            "module.eks_new.module.fargate_profile.aws_eks_fargate_profile.this",
            "module.eks_new.module.fargate_profile.aws_iam_role.this",
            "module.eks_new.module.fargate_profile.aws_iam_role_policy_attachment.additional",
            "module.eks_new.module.fargate_profile.aws_iam_role_policy_attachment.this",
            "module.eks_new.module.fargate_profile.data.aws_caller_identity.current",
            "module.eks_new.module.fargate_profile.data.aws_iam_policy_document.assume_role_policy",
            "module.eks_new.module.fargate_profile.data.aws_partition.current",
            "module.eks_new.module.kms.aws_kms_alias.this",
            "module.eks_new.module.kms.aws_kms_external_key.this",
            "module.eks_new.module.kms.aws_kms_grant.this",
            "module.eks_new.module.kms.aws_kms_key.this",
            "module.eks_new.module.kms.aws_kms_replica_external_key.this",
            "module.eks_new.module.kms.aws_kms_replica_key.this",
            "module.eks_new.module.kms.data.aws_caller_identity.current",
            "module.eks_new.module.kms.data.aws_iam_policy_document.this",
            "module.eks_new.module.kms.data.aws_partition.current",
            "module.eks_new.module.self_managed_node_group.aws_autoscaling_group.this",
            "module.eks_new.module.self_managed_node_group.aws_autoscaling_schedule.this",
            "module.eks_new.module.self_managed_node_group.aws_iam_instance_profile.this",
            "module.eks_new.module.self_managed_node_group.aws_iam_role.this",
            "module.eks_new.module.self_managed_node_group.aws_iam_role_policy_attachment.additional",
            "module.eks_new.module.self_managed_node_group.aws_iam_role_policy_attachment.this",
            "module.eks_new.module.self_managed_node_group.aws_launch_template.this",
            "module.eks_new.module.self_managed_node_group.data.aws_ami.eks_default",
            "module.eks_new.module.self_managed_node_group.data.aws_caller_identity.current",
            "module.eks_new.module.self_managed_node_group.data.aws_iam_policy_document.assume_role_policy",
            "module.eks_new.module.self_managed_node_group.data.aws_partition.current",
            "module.eks_new.module.self_managed_node_group.module.user_data.data.cloudinit_config.linux_eks_managed_node_group",
            "module.eks_new.time_sleep.this",
            "module.vpc_new.module.vpc.aws_subnet.private",
            "module.vpc_new.module.vpc.aws_subnet.public",
            "module.vpc_new.module.vpc.aws_vpc.this",
            "module.vpc_new.module.vpc.aws_vpc_ipv4_cidr_block_association.this"
          ]
        }
      ]
    },
    {
      "module": "module.aws_load_balancer_controller_irsa",
      "mode": "managed",
      "type": "aws_iam_role_policy_attachment",
      "name": "load_balancer_controller_targetgroup_only",
      "provider": "provider[\"registry.terraform.io/hashicorp/aws\"]",
      "instances": []
    },
    {
      "module": "module.aws_load_balancer_controller_irsa",
      "mode": "managed",
      "type": "aws_iam_role_policy_attachment",
      "name": "node_termination_handler",
      "provider": "provider[\"registry.terraform.io/hashicorp/aws\"]",
      "instances": []
    },
    {
      "module": "module.aws_load_balancer_controller_irsa",
      "mode": "managed",
      "type": "aws_iam_role_policy_attachment",
      "name": "this",
      "provider": "provider[\"registry.terraform.io/hashicorp/aws\"]",
      "instances": []
    },
    {
      "module": "module.aws_load_balancer_controller_irsa",
      "mode": "managed",
      "type": "aws_iam_role_policy_attachment",
      "name": "velero",
      "provider": "provider[\"registry.terraform.io/hashicorp/aws\"]",
      "instances": []
    },
    {
      "module": "module.aws_load_balancer_controller_irsa",
      "mode": "managed",
      "type": "aws_iam_role_policy_attachment",
      "name": "vpc_cni",
      "provider": "provider[\"registry.terraform.io/hashicorp/aws\"]",
      "instances": []
    },
    {
      "module": "module.eks.module.eks",
      "mode": "data",
      "type": "aws_eks_addon_version",
      "name": "this",
      "provider": "provider[\"registry.terraform.io/hashicorp/aws\"]",
      "instances": []
    },
    {
      "module": "module.eks.module.eks",
      "mode": "data",
      "type": "aws_iam_policy_document",
      "name": "cni_ipv6_policy",
      "provider": "provider[\"registry.terraform.io/hashicorp/aws\"]",
      "instances": []
    },
    {
      "module": "module.eks.module.eks",
      "mode": "managed",
      "type": "aws_cloudwatch_log_group",
      "name": "this",
      "provider": "provider[\"registry.terraform.io/hashicorp/aws\"]",
      "instances": []
    },
    {
      "module": "module.eks.module.eks",
      "mode": "managed",
      "type": "aws_eks_addon",
      "name": "before_compute",
      "provider": "provider[\"registry.terraform.io/hashicorp/aws\"]",
      "instances": []
    },
    {
      "module": "module.eks.module.eks",
      "mode": "managed",
      "type": "aws_eks_addon",
      "name": "this",
      "provider": "provider[\"registry.terraform.io/hashicorp/aws\"]",
      "instances": []
    },
    {
      "module": "module.eks.module.eks",
      "mode": "managed",
      "type": "aws_eks_cluster",
      "name": "this",
      "provider": "provider[\"registry.terraform.io/hashicorp/aws\"]",
      "instances": [
        {
          "index_key": 0,
          "schema_version": 1,
          "attributes": {
            "access_config": [
              {
                "authentication_mode": "CONFIG_MAP",
                "bootstrap_cluster_creator_admin_permissions": true
              }
            ],
            "arn": "arn:aws:eks:us-east-1:814022331516:cluster/mern-cluster-new",
            "bootstrap_self_managed_addons": false,
            "certificate_authority": [
              {
                "data": "LS0tLS1CRUdJTiBDRVJUSUZJQ0FURS0tLS0tCk1JSURCVENDQWUyZ0F3SUJBZ0lJUHFYL21hVVBXamd3RFFZSktvWklodmNOQVFFTEJRQXdGVEVUTUJFR0ExVUUKQXhNS2EzVmlaWEp1WlhSbGN6QWVGdzB5TlRBMU1UQXlNVE0wTWpCYUZ3MHpOVEExTURneU1UTTVNakJhTUJVeApFekFSQmdOVkJBTVRDbXQxWW1WeWJtVjBaWE13Z2dFaU1BMEdDU3FHU0liM0RRRUJBUVVBQTRJQkR3QXdnZ0VLCkFvSUJBUUNsZzlyWjdmVS82eGVZWWZNYi95c3BnYXIzQUVORm9MbS9ZYjBJb3h4V1Mzci9CUmVpcllFL24wMzMKTWhDN2Z5Rk5pWFloSDFXSDQ0dzd0RDdGMjAxQWdiNzBwVlk1YkRDQ3Nhd2lmOUlNSjJEbk8vWlJjTUU2R3B0cQpDa2h6cSs2K2xZR0ZNZkQ2N0kwRHVCMnMyOTZIVGF3eWxGMUU5cjY1LzdLYTlGdlczSyt1Z3VJdU95cmhJZFdHClpCTllPbGVSSk92UUovUHdXVlI0cWpTMWNGNGRJL3dCY2UvN2oxMWZTRFRRWXBabk9GSG52b2VMWnJrSjlrOUEKVklKWUpOSjdFN2NORWVVcHZrdFVxUjJOVlpLeXFWSHVvelJQcE5pL2VEend0RVhQMmFPN0FpLzA1UzNWWHBXTApaTjRTQm9nR2ZiRCtuOUw3NnE1OTlIcWtWTUpGQWdNQkFBR2pXVEJYTUE0R0ExVWREd0VCL3dRRUF3SUNwREFQCkJnTlZIUk1CQWY4RUJUQURBUUgvTUIwR0ExVWREZ1FXQkJSTFVyNUR4Mm9uT0RvQ3lPUnFieEZLTGh6YkNUQVYKQmdOVkhSRUVEakFNZ2dwcmRXSmxjbTVsZEdWek1BMEdDU3FHU0liM0RRRUJDd1VBQTRJQkFRQmQ2dDZSYjlhcgp2UVd5YnhkNlEveUExWnpMN0o1YS85VWtZVFlPQjdXL1I4aWg0bWVkem5JM3NsSFc4OWRsSnFSU0lxSk12SW1qCk8yWEVBaDl2cHF2Smkxc3FzcTFzWXRXMkJlNmVSZkdqZHpwZnAzM3l0bE1GMjVrNFJ0QUtEYVAyOVdIYXZTQlMKTnJKVTZER1B5Ni9ZNkdTUHpDck5pR2xUdlNVYzg3TEJJRm5mYm10VDF4VDlyYXJaQXhDVW1sTVJYMmN5V1p6ZQorbldoK1NjWWdtbmxpcEh4OW5TTVlrMng0Y012VFgrRHRzSEZFVFlrRDAxZW1jRm5raC9pdXdxYTBLUG1zckVtCndib3FzZGFSMDZ5ZnZvM25yRzNQZmdGNFhiZ25sVTBJY2gwYURiUG9lMDRxNTY3VHhSNDNsTklvU21Bd3lhUkEKbm9id0plUWVuRm5JCi0tLS0tRU5EIENFUlRJRklDQVRFLS0tLS0K"
              }
            ],
            "cluster_id": null,
            "compute_config": [],
            "created_at": "2025-05-10T21:34:50Z",
            "enabled_cluster_log_types": [
              "api",
              "audit",
              "authenticator"
            ],
            "encryption_config": [
              {
                "provider": [
                  {
                    "key_arn": "arn:aws:kms:us-east-1:814022331516:key/cc558ad2-b14a-4cc4-86b4-c0efa3f12c75"
                  }
                ],
                "resources": [
                  "secrets"
                ]
              }
            ],
            "endpoint": "https://2FF164DBADA738B7C9257F9AD6D90035.gr7.us-east-1.eks.amazonaws.com",
            "force_update_version": null,
            "id": "mern-cluster-new",
            "identity": [
              {
                "oidc": [
                  {
                    "issuer": "https://oidc.eks.us-east-1.amazonaws.com/id/2FF164DBADA738B7C9257F9AD6D90035"
                  }
                ]
              }
            ],
            "kubernetes_network_config": [
              {
                "elastic_load_balancing": [
                  {
                    "enabled": false
                  }
                ],
                "ip_family": "ipv4",
                "service_ipv4_cidr": "172.20.0.0/16",
                "service_ipv6_cidr": ""
              }
            ],
            "name": "mern-cluster-new",
            "outpost_config": [],
            "platform_version": "eks.46",
            "remote_network_config": [],
            "role_arn": "arn:aws:iam::814022331516:role/mern-cluster-new-role",
            "status": "ACTIVE",
            "storage_config": [],
            "tags": {},
            "tags_all": {},
            "timeouts": null,
            "upgrade_policy": [
              {
                "support_type": "EXTENDED"
              }
            ],
            "version": "1.27",
            "vpc_config": [
              {
                "cluster_security_group_id": "sg-0b5d4cdbfbae4b7d8",
                "endpoint_private_access": true,
                "endpoint_public_access": false,
                "public_access_cidrs": [
                  "0.0.0.0/0"
                ],
                "security_group_ids": [
                  "sg-00e5c0c9645159612"
                ],
                "subnet_ids": [
                  "subnet-02f84671511b7b3ce",
                  "subnet-03198a88b2b2cde89",
                  "subnet-05da49370a61af0d0",
                  "subnet-0886834fc15b5e2e8"
                ],
                "vpc_id": "vpc-0c465885471a626e5"
              }
            ],
            "zonal_shift_config": []
          },
          "sensitive_attributes": [],
          "private": "eyJlMmJmYjczMC1lY2FhLTExZTYtOGY4OC0zNDM2M2JjN2M0YzAiOnsiY3JlYXRlIjoxODAwMDAwMDAwMDAwLCJkZWxldGUiOjkwMDAwMDAwMDAwMCwidXBkYXRlIjozNjAwMDAwMDAwMDAwfSwic2NoZW1hX3ZlcnNpb24iOiIxIn0=",
          "dependencies": [
            "module.eks.module.eks.aws_cloudwatch_log_group.this",
            "module.eks.module.eks.aws_iam_policy.cni_ipv6_policy",
            "module.eks.module.eks.aws_iam_role.this",
            "module.eks.module.eks.aws_iam_role_policy_attachment.this",
            "module.eks.module.eks.aws_security_group.cluster",
            "module.eks.module.eks.aws_security_group.node",
            "module.eks.module.eks.aws_security_group_rule.cluster",
            "module.eks.module.eks.aws_security_group_rule.node",
            "module.eks.module.eks.data.aws_caller_identity.current",
            "module.eks.module.eks.data.aws_iam_policy_document.assume_role_policy",
            "module.eks.module.eks.data.aws_iam_policy_document.cni_ipv6_policy",
            "module.eks.module.eks.data.aws_iam_session_context.current",
            "module.eks.module.eks.data.aws_partition.current",
            "module.eks.module.eks.module.kms.aws_kms_external_key.this",
            "module.eks.module.eks.module.kms.aws_kms_key.this",
            "module.eks.module.eks.module.kms.aws_kms_replica_external_key.this",
            "module.eks.module.eks.module.kms.aws_kms_replica_key.this",
            "module.eks.module.eks.module.kms.data.aws_caller_identity.current",
            "module.eks.module.eks.module.kms.data.aws_iam_policy_document.this",
            "module.eks.module.eks.module.kms.data.aws_partition.current"
          ],
          "create_before_destroy": true
        }
      ]
    },
    {
      "module": "module.eks.module.eks",
      "mode": "managed",
      "type": "aws_eks_identity_provider_config",
      "name": "this",
      "provider": "provider[\"registry.terraform.io/hashicorp/aws\"]",
      "instances": []
    },
    {
      "module": "module.eks.module.eks",
      "mode": "managed",
      "type": "aws_iam_policy",
      "name": "cluster_encryption",
      "provider": "provider[\"registry.terraform.io/hashicorp/aws\"]",
      "instances": []
    },
    {
      "module": "module.eks.module.eks",
      "mode": "managed",
      "type": "aws_iam_policy",
      "name": "cni_ipv6_policy",
      "provider": "provider[\"registry.terraform.io/hashicorp/aws\"]",
      "instances": []
    },
    {
      "module": "module.eks.module.eks",
      "mode": "managed",
      "type": "aws_iam_role",
      "name": "this",
      "provider": "provider[\"registry.terraform.io/hashicorp/aws\"]",
      "instances": [
        {
          "index_key": 0,
          "schema_version": 0,
          "attributes": {
            "arn": "arn:aws:iam::814022331516:role/mern-cluster-new-cluster-20250511012813465600000004",
            "assume_role_policy": "{\"Statement\":[{\"Action\":\"sts:AssumeRole\",\"Effect\":\"Allow\",\"Principal\":{\"Service\":\"eks.amazonaws.com\"},\"Sid\":\"EKSClusterAssumeRole\"}],\"Version\":\"2012-10-17\"}",
            "create_date": "2025-05-11T01:28:15Z",
            "description": "",
            "force_detach_policies": true,
            "id": "mern-cluster-new-cluster-20250511012813465600000004",
            "inline_policy": [
              {
                "name": "mern-cluster-new-cluster",
                "policy": "{\"Version\":\"2012-10-17\",\"Statement\":[{\"Action\":[\"logs:CreateLogGroup\"],\"Effect\":\"Deny\",\"Resource\":\"*\"}]}"
              }
            ],
            "managed_policy_arns": [
              "arn:aws:iam::aws:policy/AmazonEKSClusterPolicy",
              "arn:aws:iam::aws:policy/AmazonEKSVPCResourceController"
            ],
            "max_session_duration": 3600,
            "name": "mern-cluster-new-cluster-20250511012813465600000004",
            "name_prefix": "mern-cluster-new-cluster-",
            "path": "/",
            "permissions_boundary": "",
            "tags": {
              "Environment": "production",
              "GithubOrg": "terraform-aws-modules",
              "GithubRepo": "terraform-aws-eks"
            },
            "tags_all": {
              "Environment": "production",
              "GithubOrg": "terraform-aws-modules",
              "GithubRepo": "terraform-aws-eks"
            },
            "unique_id": "AROA33B4DBR6IOJWA5YOR"
          },
          "sensitive_attributes": [],
          "private": "bnVsbA==",
          "dependencies": [
            "module.eks.module.eks.data.aws_iam_policy_document.assume_role_policy",
            "module.eks.module.eks.data.aws_partition.current"
          ],
          "create_before_destroy": true
        }
      ]
    },
    {
      "module": "module.eks.module.eks",
      "mode": "managed",
      "type": "aws_iam_role_policy_attachment",
      "name": "additional",
      "provider": "provider[\"registry.terraform.io/hashicorp/aws\"]",
      "instances": []
    },
    {
      "module": "module.eks.module.eks",
      "mode": "managed",
      "type": "aws_iam_role_policy_attachment",
      "name": "cluster_encryption",
      "provider": "provider[\"registry.terraform.io/hashicorp/aws\"]",
      "instances": []
    },
    {
      "module": "module.eks.module.eks",
      "mode": "managed",
      "type": "aws_iam_role_policy_attachment",
      "name": "this",
      "provider": "provider[\"registry.terraform.io/hashicorp/aws\"]",
      "instances": [
        {
          "index_key": "AmazonEKSClusterPolicy",
          "schema_version": 0,
          "attributes": {
            "id": "mern-cluster-new-cluster-20250511012813465600000004-20250511012818559800000009",
            "policy_arn": "arn:aws:iam::aws:policy/AmazonEKSClusterPolicy",
            "role": "mern-cluster-new-cluster-20250511012813465600000004"
          },
          "sensitive_attributes": [],
          "private": "bnVsbA==",
          "dependencies": [
            "module.eks.module.eks.aws_iam_role.this",
            "module.eks.module.eks.data.aws_iam_policy_document.assume_role_policy",
            "module.eks.module.eks.data.aws_partition.current"
          ],
          "create_before_destroy": true
        },
        {
          "index_key": "AmazonEKSVPCResourceController",
          "schema_version": 0,
          "attributes": {
            "id": "mern-cluster-new-cluster-20250511012813465600000004-20250511012818469400000008",
            "policy_arn": "arn:aws:iam::aws:policy/AmazonEKSVPCResourceController",
            "role": "mern-cluster-new-cluster-20250511012813465600000004"
          },
          "sensitive_attributes": [],
          "private": "bnVsbA==",
          "dependencies": [
            "module.eks.module.eks.aws_iam_role.this",
            "module.eks.module.eks.data.aws_iam_policy_document.assume_role_policy",
            "module.eks.module.eks.data.aws_partition.current"
          ],
          "create_before_destroy": true
        }
      ]
    },
    {
      "module": "module.eks.module.eks",
      "mode": "managed",
      "type": "aws_security_group",
      "name": "cluster",
      "provider": "provider[\"registry.terraform.io/hashicorp/aws\"]",
      "instances": [
        {
          "index_key": 0,
          "schema_version": 1,
          "attributes": {
            "arn": "arn:aws:ec2:us-east-1:814022331516:security-group/sg-0c9605ae1b7fb016b",
            "description": "EKS cluster security group",
            "egress": [
              {
                "cidr_blocks": [
                  "0.0.0.0/0"
                ],
                "description": "Allow all outbound traffic",
                "from_port": 0,
                "ipv6_cidr_blocks": [],
                "prefix_list_ids": [],
                "protocol": "-1",
                "security_groups": [],
                "self": false,
                "to_port": 0
              }
            ],
            "id": "sg-0c9605ae1b7fb016b",
            "ingress": [
              {
                "cidr_blocks": [
                  "0.0.0.0/0"
                ],
                "description": "Allow all inbound traffic",
                "from_port": 0,
                "ipv6_cidr_blocks": [],
                "prefix_list_ids": [],
                "protocol": "-1",
                "security_groups": [],
                "self": false,
                "to_port": 0
              },
              {
                "cidr_blocks": [],
                "description": "Node groups to cluster API",
                "from_port": 443,
                "ipv6_cidr_blocks": [],
                "prefix_list_ids": [],
                "protocol": "tcp",
                "security_groups": [
                  "sg-0ba63bc07e8bd6ba9"
                ],
                "self": false,
                "to_port": 443
              }
            ],
            "name": "mern-cluster-new-cluster-20250511012813463800000002",
            "name_prefix": "mern-cluster-new-cluster-",
            "owner_id": "814022331516",
            "revoke_rules_on_delete": false,
            "tags": {
              "Environment": "production",
              "GithubOrg": "terraform-aws-modules",
              "GithubRepo": "terraform-aws-eks",
              "Name": "mern-cluster-new-cluster"
            },
            "tags_all": {
              "Environment": "production",
              "GithubOrg": "terraform-aws-modules",
              "GithubRepo": "terraform-aws-eks",
              "Name": "mern-cluster-new-cluster"
            },
            "timeouts": null,
            "vpc_id": "vpc-0c465885471a626e5"
          },
          "sensitive_attributes": [],
          "private": "eyJlMmJmYjczMC1lY2FhLTExZTYtOGY4OC0zNDM2M2JjN2M0YzAiOnsiY3JlYXRlIjo2MDAwMDAwMDAwMDAsImRlbGV0ZSI6OTAwMDAwMDAwMDAwfSwic2NoZW1hX3ZlcnNpb24iOiIxIn0=",
          "create_before_destroy": true
        }
      ]
    },
    {
      "module": "module.eks.module.eks",
      "mode": "managed",
      "type": "aws_security_group",
      "name": "node",
      "provider": "provider[\"registry.terraform.io/hashicorp/aws\"]",
      "instances": [
        {
          "index_key": 0,
          "schema_version": 1,
          "attributes": {
            "arn": "arn:aws:ec2:us-east-1:814022331516:security-group/sg-0ba63bc07e8bd6ba9",
            "description": "EKS node shared security group",
            "egress": [
              {
                "cidr_blocks": [
                  "0.0.0.0/0"
                ],
                "description": "Allow all outbound traffic",
                "from_port": 0,
                "ipv6_cidr_blocks": [],
                "prefix_list_ids": [],
                "protocol": "-1",
                "security_groups": [],
                "self": false,
                "to_port": 0
              }
            ],
            "id": "sg-0ba63bc07e8bd6ba9",
            "ingress": [
              {
                "cidr_blocks": [
                  "0.0.0.0/0"
                ],
                "description": "Allow all inbound traffic",
                "from_port": 0,
                "ipv6_cidr_blocks": [],
                "prefix_list_ids": [],
                "protocol": "-1",
                "security_groups": [],
                "self": false,
                "to_port": 0
              },
              {
                "cidr_blocks": [],
                "description": "Cluster API to node 4443/tcp webhook",
                "from_port": 4443,
                "ipv6_cidr_blocks": [],
                "prefix_list_ids": [],
                "protocol": "tcp",
                "security_groups": [
                  "sg-0c9605ae1b7fb016b"
                ],
                "self": false,
                "to_port": 4443
              },
              {
                "cidr_blocks": [],
                "description": "Cluster API to node 6443/tcp webhook",
                "from_port": 6443,
                "ipv6_cidr_blocks": [],
                "prefix_list_ids": [],
                "protocol": "tcp",
                "security_groups": [
                  "sg-0c9605ae1b7fb016b"
                ],
                "self": false,
                "to_port": 6443
              },
              {
                "cidr_blocks": [],
                "description": "Cluster API to node 8443/tcp webhook",
                "from_port": 8443,
                "ipv6_cidr_blocks": [],
                "prefix_list_ids": [],
                "protocol": "tcp",
                "security_groups": [
                  "sg-0c9605ae1b7fb016b"
                ],
                "self": false,
                "to_port": 8443
              },
              {
                "cidr_blocks": [],
                "description": "Cluster API to node 9443/tcp webhook",
                "from_port": 9443,
                "ipv6_cidr_blocks": [],
                "prefix_list_ids": [],
                "protocol": "tcp",
                "security_groups": [
                  "sg-0c9605ae1b7fb016b"
                ],
                "self": false,
                "to_port": 9443
              },
              {
                "cidr_blocks": [],
                "description": "Cluster API to node groups",
                "from_port": 443,
                "ipv6_cidr_blocks": [],
                "prefix_list_ids": [],
                "protocol": "tcp",
                "security_groups": [
                  "sg-0c9605ae1b7fb016b"
                ],
                "self": false,
                "to_port": 443
              },
              {
                "cidr_blocks": [],
                "description": "Cluster API to node kubelets",
                "from_port": 10250,
                "ipv6_cidr_blocks": [],
                "prefix_list_ids": [],
                "protocol": "tcp",
                "security_groups": [
                  "sg-0c9605ae1b7fb016b"
                ],
                "self": false,
                "to_port": 10250
              },
              {
                "cidr_blocks": [],
                "description": "Node to node CoreDNS UDP",
                "from_port": 53,
                "ipv6_cidr_blocks": [],
                "prefix_list_ids": [],
                "protocol": "udp",
                "security_groups": [],
                "self": true,
                "to_port": 53
              },
              {
                "cidr_blocks": [],
                "description": "Node to node CoreDNS",
                "from_port": 53,
                "ipv6_cidr_blocks": [],
                "prefix_list_ids": [],
                "protocol": "tcp",
                "security_groups": [],
                "self": true,
                "to_port": 53
              },
              {
                "cidr_blocks": [],
                "description": "Node to node ingress on ephemeral ports",
                "from_port": 1025,
                "ipv6_cidr_blocks": [],
                "prefix_list_ids": [],
                "protocol": "tcp",
                "security_groups": [],
                "self": true,
                "to_port": 65535
              }
            ],
            "name": "mern-cluster-new-node-20250511012813465000000003",
            "name_prefix": "mern-cluster-new-node-",
            "owner_id": "814022331516",
            "revoke_rules_on_delete": false,
            "tags": {
              "Environment": "production",
              "GithubOrg": "terraform-aws-modules",
              "GithubRepo": "terraform-aws-eks",
              "Name": "mern-cluster-new-node",
              "kubernetes.io/cluster/mern-cluster-new": "owned"
            },
            "tags_all": {
              "Environment": "production",
              "GithubOrg": "terraform-aws-modules",
              "GithubRepo": "terraform-aws-eks",
              "Name": "mern-cluster-new-node",
              "kubernetes.io/cluster/mern-cluster-new": "owned"
            },
            "timeouts": null,
            "vpc_id": "vpc-0c465885471a626e5"
          },
          "sensitive_attributes": [],
          "private": "eyJlMmJmYjczMC1lY2FhLTExZTYtOGY4OC0zNDM2M2JjN2M0YzAiOnsiY3JlYXRlIjo2MDAwMDAwMDAwMDAsImRlbGV0ZSI6OTAwMDAwMDAwMDAwfSwic2NoZW1hX3ZlcnNpb24iOiIxIn0=",
          "create_before_destroy": true
        }
      ]
    },
    {
      "module": "module.eks.module.eks",
      "mode": "managed",
      "type": "aws_security_group_rule",
      "name": "cluster",
      "provider": "provider[\"registry.terraform.io/hashicorp/aws\"]",
      "instances": [
        {
          "index_key": "egress_all",
          "schema_version": 2,
          "attributes": {
            "cidr_blocks": [
              "0.0.0.0/0"
            ],
            "description": "Allow all outbound traffic",
            "from_port": 0,
            "id": "sgrule-2600004880",
            "ipv6_cidr_blocks": null,
            "prefix_list_ids": null,
            "protocol": "-1",
            "security_group_id": "sg-0c9605ae1b7fb016b",
            "security_group_rule_id": "sgr-018907d4e7ad5a6d4",
            "self": false,
            "source_security_group_id": null,
            "timeouts": null,
            "to_port": 0,
            "type": "egress"
          },
          "sensitive_attributes": [],
          "private": "eyJlMmJmYjczMC1lY2FhLTExZTYtOGY4OC0zNDM2M2JjN2M0YzAiOnsiY3JlYXRlIjozMDAwMDAwMDAwMDB9LCJzY2hlbWFfdmVyc2lvbiI6IjIifQ==",
          "dependencies": [
            "module.eks.module.eks.aws_security_group.cluster",
            "module.eks.module.eks.aws_security_group.node"
          ],
          "create_before_destroy": true
        },
        {
          "index_key": "ingress_all",
          "schema_version": 2,
          "attributes": {
            "cidr_blocks": [
              "0.0.0.0/0"
            ],
            "description": "Allow all inbound traffic",
            "from_port": 0,
            "id": "sgrule-2670709725",
            "ipv6_cidr_blocks": null,
            "prefix_list_ids": null,
            "protocol": "-1",
            "security_group_id": "sg-0c9605ae1b7fb016b",
            "security_group_rule_id": "sgr-018907d4e7ad5a6d4",
            "self": false,
            "source_security_group_id": null,
            "timeouts": null,
            "to_port": 0,
            "type": "ingress"
          },
          "sensitive_attributes": [],
          "private": "eyJlMmJmYjczMC1lY2FhLTExZTYtOGY4OC0zNDM2M2JjN2M0YzAiOnsiY3JlYXRlIjozMDAwMDAwMDAwMDB9LCJzY2hlbWFfdmVyc2lvbiI6IjIifQ==",
          "dependencies": [
            "module.eks.module.eks.aws_security_group.cluster",
            "module.eks.module.eks.aws_security_group.node"
          ],
          "create_before_destroy": true
        },
        {
          "index_key": "ingress_nodes_443",
          "schema_version": 2,
          "attributes": {
            "cidr_blocks": null,
            "description": "Node groups to cluster API",
            "from_port": 443,
            "id": "sgrule-1913792267",
            "ipv6_cidr_blocks": null,
            "prefix_list_ids": null,
            "protocol": "tcp",
            "security_group_id": "sg-0c9605ae1b7fb016b",
            "security_group_rule_id": "sgr-076a989ba68d82cf7",
            "self": false,
            "source_security_group_id": "sg-0ba63bc07e8bd6ba9",
            "timeouts": null,
            "to_port": 443,
            "type": "ingress"
          },
          "sensitive_attributes": [],
          "private": "eyJlMmJmYjczMC1lY2FhLTExZTYtOGY4OC0zNDM2M2JjN2M0YzAiOnsiY3JlYXRlIjozMDAwMDAwMDAwMDB9LCJzY2hlbWFfdmVyc2lvbiI6IjIifQ==",
          "dependencies": [
            "module.eks.module.eks.aws_security_group.cluster",
            "module.eks.module.eks.aws_security_group.node"
          ],
          "create_before_destroy": true
        }
      ]
    },
    {
      "module": "module.eks.module.eks",
      "mode": "managed",
      "type": "aws_security_group_rule",
      "name": "node",
      "provider": "provider[\"registry.terraform.io/hashicorp/aws\"]",
      "instances": [
        {
          "index_key": "egress_all",
          "schema_version": 2,
          "attributes": {
            "cidr_blocks": [
              "0.0.0.0/0"
            ],
            "description": "Allow all outbound traffic",
            "from_port": 0,
            "id": "sgrule-1718031478",
            "ipv6_cidr_blocks": null,
            "prefix_list_ids": [],
            "protocol": "-1",
            "security_group_id": "sg-0ba63bc07e8bd6ba9",
            "security_group_rule_id": "sgr-02bd853decc2dcc3c",
            "self": false,
            "source_security_group_id": null,
            "timeouts": null,
            "to_port": 0,
            "type": "egress"
          },
          "sensitive_attributes": [],
          "private": "eyJlMmJmYjczMC1lY2FhLTExZTYtOGY4OC0zNDM2M2JjN2M0YzAiOnsiY3JlYXRlIjozMDAwMDAwMDAwMDB9LCJzY2hlbWFfdmVyc2lvbiI6IjIifQ==",
          "dependencies": [
            "module.eks.module.eks.aws_security_group.cluster",
            "module.eks.module.eks.aws_security_group.node"
          ],
          "create_before_destroy": true
        },
        {
          "index_key": "ingress_all",
          "schema_version": 2,
          "attributes": {
            "cidr_blocks": [
              "0.0.0.0/0"
            ],
            "description": "Allow all inbound traffic",
            "from_port": 0,
            "id": "sgrule-990023753",
            "ipv6_cidr_blocks": null,
            "prefix_list_ids": [],
            "protocol": "-1",
            "security_group_id": "sg-0ba63bc07e8bd6ba9",
            "security_group_rule_id": "sgr-0c34c0a64290edc0a",
            "self": false,
            "source_security_group_id": null,
            "timeouts": null,
            "to_port": 0,
            "type": "ingress"
          },
          "sensitive_attributes": [],
          "private": "eyJlMmJmYjczMC1lY2FhLTExZTYtOGY4OC0zNDM2M2JjN2M0YzAiOnsiY3JlYXRlIjozMDAwMDAwMDAwMDB9LCJzY2hlbWFfdmVyc2lvbiI6IjIifQ==",
          "dependencies": [
            "module.eks.module.eks.aws_security_group.cluster",
            "module.eks.module.eks.aws_security_group.node"
          ],
          "create_before_destroy": true
        },
        {
          "index_key": "ingress_cluster_443",
          "schema_version": 2,
          "attributes": {
            "cidr_blocks": null,
            "description": "Cluster API to node groups",
            "from_port": 443,
            "id": "sgrule-1847804106",
            "ipv6_cidr_blocks": null,
            "prefix_list_ids": [],
            "protocol": "tcp",
            "security_group_id": "sg-0ba63bc07e8bd6ba9",
            "security_group_rule_id": "sgr-083333302bd9c2a4e",
            "self": false,
            "source_security_group_id": "sg-0c9605ae1b7fb016b",
            "timeouts": null,
            "to_port": 443,
            "type": "ingress"
          },
          "sensitive_attributes": [],
          "private": "eyJlMmJmYjczMC1lY2FhLTExZTYtOGY4OC0zNDM2M2JjN2M0YzAiOnsiY3JlYXRlIjozMDAwMDAwMDAwMDB9LCJzY2hlbWFfdmVyc2lvbiI6IjIifQ==",
          "dependencies": [
            "module.eks.module.eks.aws_security_group.cluster",
            "module.eks.module.eks.aws_security_group.node"
          ],
          "create_before_destroy": true
        },
        {
          "index_key": "ingress_cluster_4443_webhook",
          "schema_version": 2,
          "attributes": {
            "cidr_blocks": null,
            "description": "Cluster API to node 4443/tcp webhook",
            "from_port": 4443,
            "id": "sgrule-2019546270",
            "ipv6_cidr_blocks": null,
            "prefix_list_ids": [],
            "protocol": "tcp",
            "security_group_id": "sg-0ba63bc07e8bd6ba9",
            "security_group_rule_id": "sgr-0621a80b5a6c792e8",
            "self": false,
            "source_security_group_id": "sg-0c9605ae1b7fb016b",
            "timeouts": null,
            "to_port": 4443,
            "type": "ingress"
          },
          "sensitive_attributes": [],
          "private": "eyJlMmJmYjczMC1lY2FhLTExZTYtOGY4OC0zNDM2M2JjN2M0YzAiOnsiY3JlYXRlIjozMDAwMDAwMDAwMDB9LCJzY2hlbWFfdmVyc2lvbiI6IjIifQ==",
          "dependencies": [
            "module.eks.module.eks.aws_security_group.cluster",
            "module.eks.module.eks.aws_security_group.node"
          ],
          "create_before_destroy": true
        },
        {
          "index_key": "ingress_cluster_6443_webhook",
          "schema_version": 2,
          "attributes": {
            "cidr_blocks": null,
            "description": "Cluster API to node 6443/tcp webhook",
            "from_port": 6443,
            "id": "sgrule-2971513608",
            "ipv6_cidr_blocks": null,
            "prefix_list_ids": [],
            "protocol": "tcp",
            "security_group_id": "sg-0ba63bc07e8bd6ba9",
            "security_group_rule_id": "sgr-011d8dfee6750fdc9",
            "self": false,
            "source_security_group_id": "sg-0c9605ae1b7fb016b",
            "timeouts": null,
            "to_port": 6443,
            "type": "ingress"
          },
          "sensitive_attributes": [],
          "private": "eyJlMmJmYjczMC1lY2FhLTExZTYtOGY4OC0zNDM2M2JjN2M0YzAiOnsiY3JlYXRlIjozMDAwMDAwMDAwMDB9LCJzY2hlbWFfdmVyc2lvbiI6IjIifQ==",
          "dependencies": [
            "module.eks.module.eks.aws_security_group.cluster",
            "module.eks.module.eks.aws_security_group.node"
          ],
          "create_before_destroy": true
        },
        {
          "index_key": "ingress_cluster_8443_webhook",
          "schema_version": 2,
          "attributes": {
            "cidr_blocks": null,
            "description": "Cluster API to node 8443/tcp webhook",
            "from_port": 8443,
            "id": "sgrule-2722205481",
            "ipv6_cidr_blocks": null,
            "prefix_list_ids": [],
            "protocol": "tcp",
            "security_group_id": "sg-0ba63bc07e8bd6ba9",
            "security_group_rule_id": "sgr-0e329e9bcd8f3d39e",
            "self": false,
            "source_security_group_id": "sg-0c9605ae1b7fb016b",
            "timeouts": null,
            "to_port": 8443,
            "type": "ingress"
          },
          "sensitive_attributes": [],
          "private": "eyJlMmJmYjczMC1lY2FhLTExZTYtOGY4OC0zNDM2M2JjN2M0YzAiOnsiY3JlYXRlIjozMDAwMDAwMDAwMDB9LCJzY2hlbWFfdmVyc2lvbiI6IjIifQ==",
          "dependencies": [
            "module.eks.module.eks.aws_security_group.cluster",
            "module.eks.module.eks.aws_security_group.node"
          ],
          "create_before_destroy": true
        },
        {
          "index_key": "ingress_cluster_9443_webhook",
          "schema_version": 2,
          "attributes": {
            "cidr_blocks": null,
            "description": "Cluster API to node 9443/tcp webhook",
            "from_port": 9443,
            "id": "sgrule-3336617186",
            "ipv6_cidr_blocks": null,
            "prefix_list_ids": [],
            "protocol": "tcp",
            "security_group_id": "sg-0ba63bc07e8bd6ba9",
            "security_group_rule_id": "sgr-009359b624cc800d9",
            "self": false,
            "source_security_group_id": "sg-0c9605ae1b7fb016b",
            "timeouts": null,
            "to_port": 9443,
            "type": "ingress"
          },
          "sensitive_attributes": [],
          "private": "eyJlMmJmYjczMC1lY2FhLTExZTYtOGY4OC0zNDM2M2JjN2M0YzAiOnsiY3JlYXRlIjozMDAwMDAwMDAwMDB9LCJzY2hlbWFfdmVyc2lvbiI6IjIifQ==",
          "dependencies": [
            "module.eks.module.eks.aws_security_group.cluster",
            "module.eks.module.eks.aws_security_group.node"
          ],
          "create_before_destroy": true
        },
        {
          "index_key": "ingress_cluster_kubelet",
          "schema_version": 2,
          "attributes": {
            "cidr_blocks": null,
            "description": "Cluster API to node kubelets",
            "from_port": 10250,
            "id": "sgrule-3935099489",
            "ipv6_cidr_blocks": null,
            "prefix_list_ids": [],
            "protocol": "tcp",
            "security_group_id": "sg-0ba63bc07e8bd6ba9",
            "security_group_rule_id": "sgr-09adf61c443e9d44f",
            "self": false,
            "source_security_group_id": "sg-0c9605ae1b7fb016b",
            "timeouts": null,
            "to_port": 10250,
            "type": "ingress"
          },
          "sensitive_attributes": [],
          "private": "eyJlMmJmYjczMC1lY2FhLTExZTYtOGY4OC0zNDM2M2JjN2M0YzAiOnsiY3JlYXRlIjozMDAwMDAwMDAwMDB9LCJzY2hlbWFfdmVyc2lvbiI6IjIifQ==",
          "dependencies": [
            "module.eks.module.eks.aws_security_group.cluster",
            "module.eks.module.eks.aws_security_group.node"
          ],
          "create_before_destroy": true
        },
        {
          "index_key": "ingress_nodes_ephemeral",
          "schema_version": 2,
          "attributes": {
            "cidr_blocks": null,
            "description": "Node to node ingress on ephemeral ports",
            "from_port": 1025,
            "id": "sgrule-3199072139",
            "ipv6_cidr_blocks": null,
            "prefix_list_ids": [],
            "protocol": "tcp",
            "security_group_id": "sg-0ba63bc07e8bd6ba9",
            "security_group_rule_id": "sgr-06749b0f6681f6479",
            "self": true,
            "source_security_group_id": null,
            "timeouts": null,
            "to_port": 65535,
            "type": "ingress"
          },
          "sensitive_attributes": [],
          "private": "eyJlMmJmYjczMC1lY2FhLTExZTYtOGY4OC0zNDM2M2JjN2M0YzAiOnsiY3JlYXRlIjozMDAwMDAwMDAwMDB9LCJzY2hlbWFfdmVyc2lvbiI6IjIifQ==",
          "dependencies": [
            "module.eks.module.eks.aws_security_group.cluster",
            "module.eks.module.eks.aws_security_group.node"
          ],
          "create_before_destroy": true
        },
        {
          "index_key": "ingress_self_coredns_tcp",
          "schema_version": 2,
          "attributes": {
            "cidr_blocks": null,
            "description": "Node to node CoreDNS",
            "from_port": 53,
            "id": "sgrule-267274361",
            "ipv6_cidr_blocks": null,
            "prefix_list_ids": [],
            "protocol": "tcp",
            "security_group_id": "sg-0ba63bc07e8bd6ba9",
            "security_group_rule_id": "sgr-060e8fd5139496a8b",
            "self": true,
            "source_security_group_id": null,
            "timeouts": null,
            "to_port": 53,
            "type": "ingress"
          },
          "sensitive_attributes": [],
          "private": "eyJlMmJmYjczMC1lY2FhLTExZTYtOGY4OC0zNDM2M2JjN2M0YzAiOnsiY3JlYXRlIjozMDAwMDAwMDAwMDB9LCJzY2hlbWFfdmVyc2lvbiI6IjIifQ==",
          "dependencies": [
            "module.eks.module.eks.aws_security_group.cluster",
            "module.eks.module.eks.aws_security_group.node"
          ],
          "create_before_destroy": true
        },
        {
          "index_key": "ingress_self_coredns_udp",
          "schema_version": 2,
          "attributes": {
            "cidr_blocks": null,
            "description": "Node to node CoreDNS UDP",
            "from_port": 53,
            "id": "sgrule-2880564118",
            "ipv6_cidr_blocks": null,
            "prefix_list_ids": [],
            "protocol": "udp",
            "security_group_id": "sg-0ba63bc07e8bd6ba9",
            "security_group_rule_id": "sgr-0e92209707dfefa3a",
            "self": true,
            "source_security_group_id": null,
            "timeouts": null,
            "to_port": 53,
            "type": "ingress"
          },
          "sensitive_attributes": [],
          "private": "eyJlMmJmYjczMC1lY2FhLTExZTYtOGY4OC0zNDM2M2JjN2M0YzAiOnsiY3JlYXRlIjozMDAwMDAwMDAwMDB9LCJzY2hlbWFfdmVyc2lvbiI6IjIifQ==",
          "dependencies": [
            "module.eks.module.eks.aws_security_group.cluster",
            "module.eks.module.eks.aws_security_group.node"
          ],
          "create_before_destroy": true
        }
      ]
    },
    {
      "module": "module.eks.module.eks",
      "mode": "managed",
      "type": "kubernetes_config_map",
      "name": "aws_auth",
      "provider": "provider[\"registry.terraform.io/hashicorp/kubernetes\"]",
      "instances": []
    },
    {
      "module": "module.eks.module.eks",
      "mode": "managed",
      "type": "kubernetes_config_map_v1_data",
      "name": "aws_auth",
      "provider": "provider[\"registry.terraform.io/hashicorp/kubernetes\"]",
      "instances": []
    },
    {
      "module": "module.eks.module.eks.module.eks_managed_node_group[\"general\"]",
      "mode": "managed",
      "type": "aws_autoscaling_schedule",
      "name": "this",
      "provider": "provider[\"registry.terraform.io/hashicorp/aws\"]",
      "instances": []
    },
    {
      "module": "module.eks.module.eks.module.eks_managed_node_group[\"general\"]",
      "mode": "managed",
      "type": "aws_iam_role_policy_attachment",
      "name": "additional",
      "provider": "provider[\"registry.terraform.io/hashicorp/aws\"]",
      "instances": []
    },
    {
      "module": "module.eks.module.eks.module.eks_managed_node_group[\"general\"].module.user_data",
      "mode": "data",
      "type": "cloudinit_config",
      "name": "linux_eks_managed_node_group",
      "provider": "provider[\"registry.terraform.io/hashicorp/cloudinit\"]",
      "instances": []
    },
    {
      "module": "module.eks.module.eks.module.kms",
      "mode": "data",
      "type": "aws_caller_identity",
      "name": "current",
      "provider": "provider[\"registry.terraform.io/hashicorp/aws\"]",
      "instances": []
    },
    {
      "module": "module.eks.module.eks.module.kms",
      "mode": "data",
      "type": "aws_iam_policy_document",
      "name": "this",
      "provider": "provider[\"registry.terraform.io/hashicorp/aws\"]",
      "instances": []
    },
    {
      "module": "module.eks.module.eks.module.kms",
      "mode": "data",
      "type": "aws_partition",
      "name": "current",
      "provider": "provider[\"registry.terraform.io/hashicorp/aws\"]",
      "instances": []
    },
    {
      "module": "module.eks.module.eks.module.kms",
      "mode": "managed",
      "type": "aws_kms_alias",
      "name": "this",
      "provider": "provider[\"registry.terraform.io/hashicorp/aws\"]",
      "instances": []
    },
    {
      "module": "module.eks.module.eks.module.kms",
      "mode": "managed",
      "type": "aws_kms_external_key",
      "name": "this",
      "provider": "provider[\"registry.terraform.io/hashicorp/aws\"]",
      "instances": []
    },
    {
      "module": "module.eks.module.eks.module.kms",
      "mode": "managed",
      "type": "aws_kms_grant",
      "name": "this",
      "provider": "provider[\"registry.terraform.io/hashicorp/aws\"]",
      "instances": []
    },
    {
      "module": "module.eks.module.eks.module.kms",
      "mode": "managed",
      "type": "aws_kms_key",
      "name": "this",
      "provider": "provider[\"registry.terraform.io/hashicorp/aws\"]",
      "instances": [
        {
          "index_key": 0,
          "schema_version": 0,
          "attributes": {
            "arn": "arn:aws:kms:us-east-1:814022331516:key/939061b7-52a1-46fa-a666-38230ed03797",
            "bypass_policy_lockout_safety_check": false,
            "custom_key_store_id": "",
            "customer_master_key_spec": "SYMMETRIC_DEFAULT",
            "deletion_window_in_days": null,
            "description": "mern-cluster-new cluster encryption key",
            "enable_key_rotation": true,
            "id": "939061b7-52a1-46fa-a666-38230ed03797",
            "is_enabled": true,
            "key_id": "939061b7-52a1-46fa-a666-38230ed03797",
            "key_usage": "ENCRYPT_DECRYPT",
            "multi_region": false,
            "policy": "{\"Statement\":[{\"Action\":[\"kms:Update*\",\"kms:UntagResource\",\"kms:TagResource\",\"kms:ScheduleKeyDeletion\",\"kms:Revoke*\",\"kms:ReplicateKey\",\"kms:Put*\",\"kms:List*\",\"kms:ImportKeyMaterial\",\"kms:Get*\",\"kms:Enable*\",\"kms:Disable*\",\"kms:Describe*\",\"kms:Delete*\",\"kms:Create*\",\"kms:CancelKeyDeletion\"],\"Effect\":\"Allow\",\"Principal\":{\"AWS\":\"arn:aws:iam::814022331516:user/cli-user\"},\"Resource\":\"*\",\"Sid\":\"KeyAdministration\"},{\"Action\":[\"kms:ReEncrypt*\",\"kms:GenerateDataKey*\",\"kms:Encrypt\",\"kms:DescribeKey\",\"kms:Decrypt\"],\"Effect\":\"Allow\",\"Principal\":{\"AWS\":\"arn:aws:iam::814022331516:role/mern-cluster-new-cluster-20250511012813465600000004\"},\"Resource\":\"*\",\"Sid\":\"KeyUsage\"}],\"Version\":\"2012-10-17\"}",
            "rotation_period_in_days": 365,
            "tags": {
              "Environment": "production",
              "GithubOrg": "terraform-aws-modules",
              "GithubRepo": "terraform-aws-eks"
            },
            "tags_all": {
              "Environment": "production",
              "GithubOrg": "terraform-aws-modules",
              "GithubRepo": "terraform-aws-eks"
            },
            "timeouts": null,
            "xks_key_id": ""
          },
          "sensitive_attributes": [],
          "private": "eyJlMmJmYjczMC1lY2FhLTExZTYtOGY4OC0zNDM2M2JjN2M0YzAiOnsiY3JlYXRlIjoxMjAwMDAwMDAwMDB9fQ==",
          "dependencies": [
            "module.eks.module.eks.aws_iam_role.this",
            "module.eks.module.eks.data.aws_caller_identity.current",
            "module.eks.module.eks.data.aws_iam_policy_document.assume_role_policy",
            "module.eks.module.eks.data.aws_iam_session_context.current",
            "module.eks.module.eks.data.aws_partition.current",
            "module.eks.module.eks.module.kms.data.aws_caller_identity.current",
            "module.eks.module.eks.module.kms.data.aws_iam_policy_document.this",
            "module.eks.module.eks.module.kms.data.aws_partition.current"
          ],
          "create_before_destroy": true
        }
      ]
    },
    {
      "module": "module.eks.module.eks.module.kms",
      "mode": "managed",
      "type": "aws_kms_replica_external_key",
      "name": "this",
      "provider": "provider[\"registry.terraform.io/hashicorp/aws\"]",
      "instances": []
    },
    {
      "module": "module.eks.module.eks.module.kms",
      "mode": "managed",
      "type": "aws_kms_replica_key",
      "name": "this",
      "provider": "provider[\"registry.terraform.io/hashicorp/aws\"]",
      "instances": []
    },
    {
      "module": "module.eks_new",
      "mode": "data",
      "type": "aws_caller_identity",
      "name": "current",
      "provider": "provider[\"registry.terraform.io/hashicorp/aws\"]",
      "instances": [
        {
          "schema_version": 0,
          "attributes": {
            "account_id": "814022331516",
            "arn": "arn:aws:iam::814022331516:user/cli-user",
            "id": "814022331516",
            "user_id": "AIDA33B4DBR6EFHP2VHQA"
          },
          "sensitive_attributes": []
        }
      ]
    },
    {
      "module": "module.eks_new",
      "mode": "data",
      "type": "aws_eks_addon_version",
      "name": "this",
      "provider": "provider[\"registry.terraform.io/hashicorp/aws\"]",
      "instances": []
    },
    {
      "module": "module.eks_new",
      "mode": "data",
      "type": "aws_iam_policy_document",
      "name": "assume_role_policy",
      "provider": "provider[\"registry.terraform.io/hashicorp/aws\"]",
      "instances": [
        {
          "index_key": 0,
          "schema_version": 0,
          "attributes": {
            "id": "2764486067",
            "json": "{\n  \"Version\": \"2012-10-17\",\n  \"Statement\": [\n    {\n      \"Sid\": \"EKSClusterAssumeRole\",\n      \"Effect\": \"Allow\",\n      \"Action\": \"sts:AssumeRole\",\n      \"Principal\": {\n        \"Service\": \"eks.amazonaws.com\"\n      }\n    }\n  ]\n}",
            "minified_json": "{\"Version\":\"2012-10-17\",\"Statement\":[{\"Sid\":\"EKSClusterAssumeRole\",\"Effect\":\"Allow\",\"Action\":\"sts:AssumeRole\",\"Principal\":{\"Service\":\"eks.amazonaws.com\"}}]}",
            "override_json": null,
            "override_policy_documents": null,
            "policy_id": null,
            "source_json": null,
            "source_policy_documents": null,
            "statement": [
              {
                "actions": [
                  "sts:AssumeRole"
                ],
                "condition": [],
                "effect": "Allow",
                "not_actions": [],
                "not_principals": [],
                "not_resources": [],
                "principals": [
                  {
                    "identifiers": [
                      "eks.amazonaws.com"
                    ],
                    "type": "Service"
                  }
                ],
                "resources": [],
                "sid": "EKSClusterAssumeRole"
              }
            ],
            "version": "2012-10-17"
          },
          "sensitive_attributes": []
        }
      ]
    },
    {
      "module": "module.eks_new",
      "mode": "data",
      "type": "aws_iam_policy_document",
      "name": "cni_ipv6_policy",
      "provider": "provider[\"registry.terraform.io/hashicorp/aws\"]",
      "instances": []
    },
    {
      "module": "module.eks_new",
      "mode": "data",
      "type": "aws_iam_session_context",
      "name": "current",
      "provider": "provider[\"registry.terraform.io/hashicorp/aws\"]",
      "instances": [
        {
          "schema_version": 0,
          "attributes": {
            "arn": "arn:aws:iam::814022331516:user/cli-user",
            "id": "arn:aws:iam::814022331516:user/cli-user",
            "issuer_arn": "arn:aws:iam::814022331516:user/cli-user",
            "issuer_id": "",
            "issuer_name": "",
            "session_name": ""
          },
          "sensitive_attributes": []
        }
      ]
    },
    {
      "module": "module.eks_new",
      "mode": "data",
      "type": "aws_partition",
      "name": "current",
      "provider": "provider[\"registry.terraform.io/hashicorp/aws\"]",
      "instances": [
        {
          "schema_version": 0,
          "attributes": {
            "dns_suffix": "amazonaws.com",
            "id": "aws",
            "partition": "aws",
            "reverse_dns_prefix": "com.amazonaws"
          },
          "sensitive_attributes": []
        }
      ]
    },
    {
      "module": "module.eks_new",
      "mode": "data",
      "type": "tls_certificate",
      "name": "this",
      "provider": "provider[\"registry.terraform.io/hashicorp/tls\"]",
      "instances": [
        {
          "index_key": 0,
          "schema_version": 0,
          "attributes": {
            "certificates": [
              {
                "cert_pem": "-----BEGIN CERTIFICATE-----\nMIIEdTCCA12gAwIBAgIJAKcOSkw0grd/MA0GCSqGSIb3DQEBCwUAMGgxCzAJBgNV\nBAYTAlVTMSUwIwYDVQQKExxTdGFyZmllbGQgVGVjaG5vbG9naWVzLCBJbmMuMTIw\nMAYDVQQLEylTdGFyZmllbGQgQ2xhc3MgMiBDZXJ0aWZpY2F0aW9uIEF1dGhvcml0\neTAeFw0wOTA5MDIwMDAwMDBaFw0zNDA2MjgxNzM5MTZaMIGYMQswCQYDVQQGEwJV\nUzEQMA4GA1UECBMHQXJpem9uYTETMBEGA1UEBxMKU2NvdHRzZGFsZTElMCMGA1UE\nChMcU3RhcmZpZWxkIFRlY2hub2xvZ2llcywgSW5jLjE7MDkGA1UEAxMyU3RhcmZp\nZWxkIFNlcnZpY2VzIFJvb3QgQ2VydGlmaWNhdGUgQXV0aG9yaXR5IC0gRzIwggEi\nMA0GCSqGSIb3DQEBAQUAA4IBDwAwggEKAoIBAQDVDDrEKvlO4vW+GZdfjohTsR8/\ny8+fIBNtKTrID30892t2OGPZNmCom15cAICyL1l/9of5JUOG52kbUpqQ4XHj2C0N\nTm/2yEnZtvMaVq4rtnQU68/7JuMauh2WLmo7WJSJR1b/JaCTcFOD2oR0FMNnngRo\nOt+OQFodSk7PQ5E751bWAHDLUu57fa4657wx+UX2wmDPE1kCK4DMNEffud6QZW0C\nzyyRpqbn3oUYSXxmTqM6bam17jQuug0DuDPfR+uxa40l2ZvOgdFFRjKWcIfeAg5J\nQ4W2bHO7ZOphQazJ1FTfhy/HIrImzJ9ZVGif/L4qL8RVHHVAYBeFAlU5i38FAgMB\nAAGjgfAwge0wDwYDVR0TAQH/BAUwAwEB/zAOBgNVHQ8BAf8EBAMCAYYwHQYDVR0O\nBBYEFJxfAN+qAdcwKziIorhtSpzyEZGDMB8GA1UdIwQYMBaAFL9ft9HO3R+G9FtV\nrNzXEMIOqYjnME8GCCsGAQUFBwEBBEMwQTAcBggrBgEFBQcwAYYQaHR0cDovL28u\nc3MyLnVzLzAhBggrBgEFBQcwAoYVaHR0cDovL3guc3MyLnVzL3guY2VyMCYGA1Ud\nHwQfMB0wG6AZoBeGFWh0dHA6Ly9zLnNzMi51cy9yLmNybDARBgNVHSAECjAIMAYG\nBFUdIAAwDQYJKoZIhvcNAQELBQADggEBACMd44pXyn3pF3lM8R5V/cxTbj5HD9/G\nVfKyBDbtgB9TxF00KGu+x1X8Z+rLP3+QsjPNG1gQggL4+C/1E2DUBc7xgQjB3ad1\nl08YuW3e95ORCLp+QCztweq7dp4zBncdDQh/U90bZKuCJ/Fp1U1ervShw3WnWEQt\n8jxwmKy6abaVd38PMV4s/KCHOkdp8Hlf9BRUpJVeEXgSYCfOn8J3/yNTd126/+pZ\n59vPr5KW7ySaNRB6nJHGDn2Z9j8Z3/VyVOEVqQdZe4O/Ui5GjLIAZHYcSNPYeehu\nVsyuLAOQ1xk4meTKCRlb/weWsKh/NEnfVqn3sF/tM+2MR7cwA130A4w=\n-----END CERTIFICATE-----\n",
                "is_ca": true,
                "issuer": "OU=Starfield Class 2 Certification Authority,O=Starfield Technologies\\, Inc.,C=US",
                "not_after": "2034-06-28T17:39:16Z",
                "not_before": "2009-09-02T00:00:00Z",
                "public_key_algorithm": "RSA",
                "serial_number": "12037640545166866303",
                "sha1_fingerprint": "9e99a48a9960b14926bb7f3b02e22da2b0ab7280",
                "signature_algorithm": "SHA256-RSA",
                "subject": "CN=Starfield Services Root Certificate Authority - G2,O=Starfield Technologies\\, Inc.,L=Scottsdale,ST=Arizona,C=US",
                "version": 3
              },
              {
                "cert_pem": "-----BEGIN CERTIFICATE-----\nMIIEkjCCA3qgAwIBAgITBn+USionzfP6wq4rAfkI7rnExjANBgkqhkiG9w0BAQsF\nADCBmDELMAkGA1UEBhMCVVMxEDAOBgNVBAgTB0FyaXpvbmExEzARBgNVBAcTClNj\nb3R0c2RhbGUxJTAjBgNVBAoTHFN0YXJmaWVsZCBUZWNobm9sb2dpZXMsIEluYy4x\nOzA5BgNVBAMTMlN0YXJmaWVsZCBTZXJ2aWNlcyBSb290IENlcnRpZmljYXRlIEF1\ndGhvcml0eSAtIEcyMB4XDTE1MDUyNTEyMDAwMFoXDTM3MTIzMTAxMDAwMFowOTEL\nMAkGA1UEBhMCVVMxDzANBgNVBAoTBkFtYXpvbjEZMBcGA1UEAxMQQW1hem9uIFJv\nb3QgQ0EgMTCCASIwDQYJKoZIhvcNAQEBBQADggEPADCCAQoCggEBALJ4gHHKeNXj\nca9HgFB0fW7Y14h29Jlo91ghYPl0hAEvrAIthtOgQ3pOsqTQNroBvo3bSMgHFzZM\n9O6II8c+6zf1tRn4SWiw3te5djgdYZ6k/oI2peVKVuRF4fn9tBb6dNqcmzU5L/qw\nIFAGbHrQgLKm+a/sRxmPUDgH3KKHOVj4utWp+UhnMJbulHheb4mjUcAwhmahRWa6\nVOujw5H5SNz/0egwLX0tdHA114gk957EWW67c4cX8jJGKLhD+rcdqsq08p8kDi1L\n93FcXmn/6pUCyziKrlA4b9v7LWIbxcceVOF34GfID5yHI9Y/QCB/IIDEgEw+OyQm\njgSubJrIqg0CAwEAAaOCATEwggEtMA8GA1UdEwEB/wQFMAMBAf8wDgYDVR0PAQH/\nBAQDAgGGMB0GA1UdDgQWBBSEGMyFNOy8DJSULghZnMeyEE4KCDAfBgNVHSMEGDAW\ngBScXwDfqgHXMCs4iKK4bUqc8hGRgzB4BggrBgEFBQcBAQRsMGowLgYIKwYBBQUH\nMAGGImh0dHA6Ly9vY3NwLnJvb3RnMi5hbWF6b250cnVzdC5jb20wOAYIKwYBBQUH\nMAKGLGh0dHA6Ly9jcnQucm9vdGcyLmFtYXpvbnRydXN0LmNvbS9yb290ZzIuY2Vy\nMD0GA1UdHwQ2MDQwMqAwoC6GLGh0dHA6Ly9jcmwucm9vdGcyLmFtYXpvbnRydXN0\nLmNvbS9yb290ZzIuY3JsMBEGA1UdIAQKMAgwBgYEVR0gADANBgkqhkiG9w0BAQsF\nAAOCAQEAYjdCXLwQtT6LLOkMm2xF4gcAevnFWAu5CIw+7bMlPLVvUOTNNWqnkzSW\nMiGpSESrnO09tKpzbeR/FoCJbM8oAxiDR3mjEH4wW6w7sGDgd9QIpuEdfF7Au/ma\neyKdpwAJfqxGF4PcnCZXmTA5YpaP7dreqsXMGz7KQ2hsVxa81Q4gLv7/wmpdLqBK\nbRRYh5TmOTFffHPLkIhqhBGWJ6bt2YFGpn6jcgAKUj6DiAdjd4lpFw85hdKrCEVN\n0FE6/V1dN2RMfjCyVSRCnTawXZwXgWHxyvkQAiSr6w10kY17RSlQOYiypok1JR4U\nakcjMS9cmvqtmg5iUaQqqcT5NJ0hGA==\n-----END CERTIFICATE-----\n",
                "is_ca": true,
                "issuer": "CN=Starfield Services Root Certificate Authority - G2,O=Starfield Technologies\\, Inc.,L=Scottsdale,ST=Arizona,C=US",
                "not_after": "2037-12-31T01:00:00Z",
                "not_before": "2015-05-25T12:00:00Z",
                "public_key_algorithm": "RSA",
                "serial_number": "144918191876577076464031512351042010504348870",
                "sha1_fingerprint": "06b25927c42a721631c1efd9431e648fa62e1e39",
                "signature_algorithm": "SHA256-RSA",
                "subject": "CN=Amazon Root CA 1,O=Amazon,C=US",
                "version": 3
              },
              {
                "cert_pem": "-----BEGIN CERTIFICATE-----\nMIIEXjCCA0agAwIBAgITB3MSTNQG0mfAmRzdKZqfODF5hTANBgkqhkiG9w0BAQsF\nADA5MQswCQYDVQQGEwJVUzEPMA0GA1UEChMGQW1hem9uMRkwFwYDVQQDExBBbWF6\nb24gUm9vdCBDQSAxMB4XDTIyMDgyMzIyMjYwNFoXDTMwMDgyMzIyMjYwNFowPDEL\nMAkGA1UEBhMCVVMxDzANBgNVBAoTBkFtYXpvbjEcMBoGA1UEAxMTQW1hem9uIFJT\nQSAyMDQ4IE0wMzCCASIwDQYJKoZIhvcNAQEBBQADggEPADCCAQoCggEBALd/pVko\n8vuM475Tf45HV3BbCl/B9Jy89G1CRkFjcPY06WA9lS+7dWbUA7GtWUKoksr69hKM\nwcMsNpxlw7b3jeXFgxB09/nmalcAWtnLzF+LaDKEA5DQmvKzuh1nfIfqEiKCQSmX\nXh09Xs+dO7cm5qbaL2hhNJCSAejciwcvOFgFNgEMR42wm6KIFHsQW28jhA+1u/M0\np6fVwReuEgZfLfdx82Px0LJck3lST3EB/JfbdsdOzzzg5YkY1dfuqf8y5fUeZ7Cz\nWXbTjujwX/TovmeWKA36VLCz75azW6tDNuDn66FOpADZZ9omVaF6BqNJiLMVl6P3\n/c0OiUMC6Z5OfKcCAwEAAaOCAVowggFWMBIGA1UdEwEB/wQIMAYBAf8CAQAwDgYD\nVR0PAQH/BAQDAgGGMB0GA1UdJQQWMBQGCCsGAQUFBwMBBggrBgEFBQcDAjAdBgNV\nHQ4EFgQUVdkYX9IczAHhWLS+q9lVQgHXLgIwHwYDVR0jBBgwFoAUhBjMhTTsvAyU\nlC4IWZzHshBOCggwewYIKwYBBQUHAQEEbzBtMC8GCCsGAQUFBzABhiNodHRwOi8v\nb2NzcC5yb290Y2ExLmFtYXpvbnRydXN0LmNvbTA6BggrBgEFBQcwAoYuaHR0cDov\nL2NydC5yb290Y2ExLmFtYXpvbnRydXN0LmNvbS9yb290Y2ExLmNlcjA/BgNVHR8E\nODA2MDSgMqAwhi5odHRwOi8vY3JsLnJvb3RjYTEuYW1hem9udHJ1c3QuY29tL3Jv\nb3RjYTEuY3JsMBMGA1UdIAQMMAowCAYGZ4EMAQIBMA0GCSqGSIb3DQEBCwUAA4IB\nAQAGjeWm2cC+3z2MzSCnte46/7JZvj3iQZDY7EvODNdZF41n71Lrk9kbfNwerK0d\nVNzW36Wefr7j7ZSwBVg50W5ay65jNSN74TTQV1yt4WnSbVvN6KlMs1hiyOZdoHKs\nKDV2UGNxbdoBYCQNa2GYF8FQIWLugNp35aSOpMy6cFlymFQomIrnOQHwK1nvVY4q\nxDSJMU/gNJz17D8ArPN3ngnyZ2TwepJ0uBINz3G5te2rdFUF4i4Y3Bb7FUlHDYm4\nu8aIRGpk2ZpfXmxaoxnbIBZRvGLPSUuPwnwoUOMsJ8jirI5vs2dvchPb7MtI1rle\ni02f2ivH2vxkjDLltSpe2fiC\n-----END CERTIFICATE-----\n",
                "is_ca": true,
                "issuer": "CN=Amazon Root CA 1,O=Amazon,C=US",
                "not_after": "2030-08-23T22:26:04Z",
                "not_before": "2022-08-23T22:26:04Z",
                "public_key_algorithm": "RSA",
                "serial_number": "166129356476704345391986644047206454194698629",
                "sha1_fingerprint": "d9fe0a65fa00cabf61f5120d373a8135e1461f15",
                "signature_algorithm": "SHA256-RSA",
                "subject": "CN=Amazon RSA 2048 M03,O=Amazon,C=US",
                "version": 3
              },
              {
                "cert_pem": "-----BEGIN CERTIFICATE-----\nMIIF5zCCBM+gAwIBAgIQB8/B5LYdWaaSLNb9DZLprTANBgkqhkiG9w0BAQsFADA8\nMQswCQYDVQQGEwJVUzEPMA0GA1UEChMGQW1hem9uMRwwGgYDVQQDExNBbWF6b24g\nUlNBIDIwNDggTTAzMB4XDTI1MDIyNjAwMDAwMFoXDTI2MDMyNzIzNTk1OVowKDEm\nMCQGA1UEAwwdKi5la3MudXMtZWFzdC0xLmFtYXpvbmF3cy5jb20wggEiMA0GCSqG\nSIb3DQEBAQUAA4IBDwAwggEKAoIBAQCoHWcgrIv/D6CxSXSxAq0GuOPoCJqnVz6U\nMhp1YLE9OZs3jH8EfYlNpGtqOtLa1vZb8Lp4CZdATHTj1SoK01MwmXXIDm2Jj+Km\niQvZ0BBe5xroDWvf3r/LWG/WMkRtR4F+qPb9pVYlM9N3WZdSAKfTQTowGxebugLc\nM/+ZLvAxxdtaXK+LID6JRKRa2BIRHcfILiNJo7vIS/I+DOqXn9Rb0VFnkpYpGE+k\nm47kVkFFsToior7zlAwPv6VWsm+zZV9zNnCpu9FpJ3vkZE9OGHS6aChtSya2Qpyr\njyF98KIFTQ+FKtDZHf9XLHmV5v/IP2bWk7lzmPYW4PwcPhDUmC9PAgMBAAGjggL3\nMIIC8zAfBgNVHSMEGDAWgBRV2Rhf0hzMAeFYtL6r2VVCAdcuAjAdBgNVHQ4EFgQU\n6mCbzMC1FaJuw7tKpv7muQZDZrowKAYDVR0RBCEwH4IdKi5la3MudXMtZWFzdC0x\nLmFtYXpvbmF3cy5jb20wEwYDVR0gBAwwCjAIBgZngQwBAgEwDgYDVR0PAQH/BAQD\nAgWgMB0GA1UdJQQWMBQGCCsGAQUFBwMBBggrBgEFBQcDAjA7BgNVHR8ENDAyMDCg\nLqAshipodHRwOi8vY3JsLnIybTAzLmFtYXpvbnRydXN0LmNvbS9yMm0wMy5jcmww\ndQYIKwYBBQUHAQEEaTBnMC0GCCsGAQUFBzABhiFodHRwOi8vb2NzcC5yMm0wMy5h\nbWF6b250cnVzdC5jb20wNgYIKwYBBQUHMAKGKmh0dHA6Ly9jcnQucjJtMDMuYW1h\nem9udHJ1c3QuY29tL3IybTAzLmNlcjAMBgNVHRMBAf8EAjAAMIIBfwYKKwYBBAHW\neQIEAgSCAW8EggFrAWkAdgAOV5S8866pPjMbLJkHs/eQ35vCPXEyJd0hqSWsYcVO\nIQAAAZVBW4SGAAAEAwBHMEUCIQC+CghIdRNpEnK+JGxaeHOel/pYJSUsog1eklre\nLGmoTwIgAj1vm4d6u/93S7GVfw7qotajiMfgHeEf7lANQf0mxf4AdgBkEcRspBLs\np4kcogIuALyrTygH1B41J6vq/tUDyX3N8AAAAZVBW4Q1AAAEAwBHMEUCIAYyeDIv\nJD1IhUkb1E59cbCwTcAYChrSArEZOOAib3dJAiEAix8XjjqXhMNuji/u2fzLxeZ7\nc5PCtDHWx3Ky7QYBfCUAdwBJnJtp3h187Pw23s2HZKa4W68Kh4AZ0VVS++nrKd34\nwwAAAZVBW4RMAAAEAwBIMEYCIQCsj67XcK6jtETNJEPTYPaFqJOMlNtM0TeJwGhm\nBc81sQIhAJoirhaQzC4ydAzLvjpVqKYyuqLktiHkTqFq8IGxBAkIMA0GCSqGSIb3\nDQEBCwUAA4IBAQAjjE2au5fdV/DrlD3e5zZ5hTB4CicIARTWvJQ6EsQm/vbXPoUY\nSHRZkOodq0AJWEC/RImGu8bnVY8RzGsELkMzI4A8UxdlH2YGP8obg6MfP6yGZaHM\nnS4wLX05EnmrABaoRB/apt7tE4w+yRa7QoxUgiTPpFzaQVv1mTcGaWMG55U8tPg7\nLXm539O4OBukbP8HNvjBZ8+N0RYrtG0u0M4FMX1hMKG0bkjJiU6MVZfGJWcgp7I4\nbd5cj5SfE1EHL70P7ELaocXjnWKbys9Mc870aoRXVfAC4bZWU6F9Ke3O7ioXXd5L\n0mKQwrjkiglpYaXc247Qi8IUCdk6s13xHJ4e\n-----END CERTIFICATE-----\n",
                "is_ca": false,
                "issuer": "CN=Amazon RSA 2048 M03,O=Amazon,C=US",
                "not_after": "2026-03-27T23:59:59Z",
                "not_before": "2025-02-26T00:00:00Z",
                "public_key_algorithm": "RSA",
                "serial_number": "10383334045647432453656403708671617453",
                "sha1_fingerprint": "63462dda480d8b900e0a7dbfaf6238a62ba4fce0",
                "signature_algorithm": "SHA256-RSA",
                "subject": "CN=*.eks.us-east-1.amazonaws.com",
                "version": 3
              }
            ],
            "content": null,
            "id": "922877a0975ad078a65b8ff11ebc47b8311945c7",
            "url": "https://oidc.eks.us-east-1.amazonaws.com/id/2FF164DBADA738B7C9257F9AD6D90035",
            "verify_chain": true
          },
          "sensitive_attributes": []
        }
      ]
    },
    {
      "module": "module.eks_new",
      "mode": "managed",
      "type": "aws_cloudwatch_log_group",
      "name": "this",
      "provider": "provider[\"registry.terraform.io/hashicorp/aws\"]",
      "instances": [
        {
          "index_key": 0,
          "schema_version": 0,
          "attributes": {
            "arn": "arn:aws:logs:us-east-1:814022331516:log-group:/aws/eks/mern-cluster-new/cluster",
            "id": "/aws/eks/mern-cluster-new/cluster",
            "kms_key_id": "",
            "log_group_class": "STANDARD",
            "name": "/aws/eks/mern-cluster-new/cluster",
            "name_prefix": "",
            "retention_in_days": 90,
            "skip_destroy": false,
            "tags": {
              "Name": "/aws/eks/mern-cluster-new/cluster"
            },
            "tags_all": {
              "Name": "/aws/eks/mern-cluster-new/cluster"
            }
          },
          "sensitive_attributes": [],
          "private": "bnVsbA==",
          "create_before_destroy": true
        }
      ]
    },
    {
      "module": "module.eks_new",
      "mode": "managed",
      "type": "aws_ec2_tag",
      "name": "cluster_primary_security_group",
      "provider": "provider[\"registry.terraform.io/hashicorp/aws\"]",
      "instances": []
    },
    {
      "module": "module.eks_new",
      "mode": "managed",
      "type": "aws_eks_addon",
      "name": "before_compute",
      "provider": "provider[\"registry.terraform.io/hashicorp/aws\"]",
      "instances": []
    },
    {
      "module": "module.eks_new",
      "mode": "managed",
      "type": "aws_eks_addon",
      "name": "this",
      "provider": "provider[\"registry.terraform.io/hashicorp/aws\"]",
      "instances": []
    },
    {
      "module": "module.eks_new",
      "mode": "managed",
      "type": "aws_eks_cluster",
      "name": "this",
      "provider": "provider[\"registry.terraform.io/hashicorp/aws\"]",
      "instances": [
        {
          "index_key": 0,
          "schema_version": 1,
          "attributes": {
            "access_config": [
              {
                "authentication_mode": "CONFIG_MAP",
                "bootstrap_cluster_creator_admin_permissions": true
              }
            ],
            "arn": "arn:aws:eks:us-east-1:814022331516:cluster/mern-cluster-new",
            "bootstrap_self_managed_addons": true,
            "certificate_authority": [
              {
                "data": "LS0tLS1CRUdJTiBDRVJUSUZJQ0FURS0tLS0tCk1JSURCVENDQWUyZ0F3SUJBZ0lJUHFYL21hVVBXamd3RFFZSktvWklodmNOQVFFTEJRQXdGVEVUTUJFR0ExVUUKQXhNS2EzVmlaWEp1WlhSbGN6QWVGdzB5TlRBMU1UQXlNVE0wTWpCYUZ3MHpOVEExTURneU1UTTVNakJhTUJVeApFekFSQmdOVkJBTVRDbXQxWW1WeWJtVjBaWE13Z2dFaU1BMEdDU3FHU0liM0RRRUJBUVVBQTRJQkR3QXdnZ0VLCkFvSUJBUUNsZzlyWjdmVS82eGVZWWZNYi95c3BnYXIzQUVORm9MbS9ZYjBJb3h4V1Mzci9CUmVpcllFL24wMzMKTWhDN2Z5Rk5pWFloSDFXSDQ0dzd0RDdGMjAxQWdiNzBwVlk1YkRDQ3Nhd2lmOUlNSjJEbk8vWlJjTUU2R3B0cQpDa2h6cSs2K2xZR0ZNZkQ2N0kwRHVCMnMyOTZIVGF3eWxGMUU5cjY1LzdLYTlGdlczSyt1Z3VJdU95cmhJZFdHClpCTllPbGVSSk92UUovUHdXVlI0cWpTMWNGNGRJL3dCY2UvN2oxMWZTRFRRWXBabk9GSG52b2VMWnJrSjlrOUEKVklKWUpOSjdFN2NORWVVcHZrdFVxUjJOVlpLeXFWSHVvelJQcE5pL2VEend0RVhQMmFPN0FpLzA1UzNWWHBXTApaTjRTQm9nR2ZiRCtuOUw3NnE1OTlIcWtWTUpGQWdNQkFBR2pXVEJYTUE0R0ExVWREd0VCL3dRRUF3SUNwREFQCkJnTlZIUk1CQWY4RUJUQURBUUgvTUIwR0ExVWREZ1FXQkJSTFVyNUR4Mm9uT0RvQ3lPUnFieEZLTGh6YkNUQVYKQmdOVkhSRUVEakFNZ2dwcmRXSmxjbTVsZEdWek1BMEdDU3FHU0liM0RRRUJDd1VBQTRJQkFRQmQ2dDZSYjlhcgp2UVd5YnhkNlEveUExWnpMN0o1YS85VWtZVFlPQjdXL1I4aWg0bWVkem5JM3NsSFc4OWRsSnFSU0lxSk12SW1qCk8yWEVBaDl2cHF2Smkxc3FzcTFzWXRXMkJlNmVSZkdqZHpwZnAzM3l0bE1GMjVrNFJ0QUtEYVAyOVdIYXZTQlMKTnJKVTZER1B5Ni9ZNkdTUHpDck5pR2xUdlNVYzg3TEJJRm5mYm10VDF4VDlyYXJaQXhDVW1sTVJYMmN5V1p6ZQorbldoK1NjWWdtbmxpcEh4OW5TTVlrMng0Y012VFgrRHRzSEZFVFlrRDAxZW1jRm5raC9pdXdxYTBLUG1zckVtCndib3FzZGFSMDZ5ZnZvM25yRzNQZmdGNFhiZ25sVTBJY2gwYURiUG9lMDRxNTY3VHhSNDNsTklvU21Bd3lhUkEKbm9id0plUWVuRm5JCi0tLS0tRU5EIENFUlRJRklDQVRFLS0tLS0K"
              }
            ],
            "cluster_id": null,
            "compute_config": [],
            "created_at": "2025-05-10T21:34:50Z",
            "enabled_cluster_log_types": [
              "api",
              "audit",
              "authenticator"
            ],
            "encryption_config": [
              {
                "provider": [
                  {
                    "key_arn": "arn:aws:kms:us-east-1:814022331516:key/cc558ad2-b14a-4cc4-86b4-c0efa3f12c75"
                  }
                ],
                "resources": [
                  "secrets"
                ]
              }
            ],
            "endpoint": "https://2FF164DBADA738B7C9257F9AD6D90035.gr7.us-east-1.eks.amazonaws.com",
            "force_update_version": null,
            "id": "mern-cluster-new",
            "identity": [
              {
                "oidc": [
                  {
                    "issuer": "https://oidc.eks.us-east-1.amazonaws.com/id/2FF164DBADA738B7C9257F9AD6D90035"
                  }
                ]
              }
            ],
            "kubernetes_network_config": [
              {
                "elastic_load_balancing": [
                  {
                    "enabled": false
                  }
                ],
                "ip_family": "ipv4",
                "service_ipv4_cidr": "172.20.0.0/16",
                "service_ipv6_cidr": ""
              }
            ],
            "name": "mern-cluster-new",
            "outpost_config": [],
            "platform_version": "eks.46",
            "remote_network_config": [],
            "role_arn": "arn:aws:iam::814022331516:role/mern-cluster-new-role",
            "status": "ACTIVE",
            "storage_config": [],
            "tags": {},
            "tags_all": {},
            "timeouts": {
              "create": null,
              "delete": null,
              "update": null
            },
            "upgrade_policy": [
              {
                "support_type": "EXTENDED"
              }
            ],
            "version": "1.27",
            "vpc_config": [
              {
                "cluster_security_group_id": "sg-0b5d4cdbfbae4b7d8",
                "endpoint_private_access": true,
                "endpoint_public_access": false,
                "public_access_cidrs": [
                  "0.0.0.0/0"
                ],
                "security_group_ids": [
                  "sg-00e5c0c9645159612"
                ],
                "subnet_ids": [
                  "subnet-02f84671511b7b3ce",
                  "subnet-03198a88b2b2cde89",
                  "subnet-05da49370a61af0d0",
                  "subnet-0886834fc15b5e2e8"
                ],
                "vpc_id": "vpc-0c465885471a626e5"
              }
            ],
            "zonal_shift_config": []
          },
          "sensitive_attributes": [],
          "private": "eyJlMmJmYjczMC1lY2FhLTExZTYtOGY4OC0zNDM2M2JjN2M0YzAiOnsiY3JlYXRlIjoxODAwMDAwMDAwMDAwLCJkZWxldGUiOjkwMDAwMDAwMDAwMCwidXBkYXRlIjozNjAwMDAwMDAwMDAwfSwic2NoZW1hX3ZlcnNpb24iOiIxIn0=",
          "dependencies": [
            "module.eks_new.aws_cloudwatch_log_group.this",
            "module.eks_new.aws_iam_policy.cni_ipv6_policy",
            "module.eks_new.aws_iam_role.this",
            "module.eks_new.aws_iam_role_policy_attachment.this",
            "module.eks_new.aws_security_group.cluster",
            "module.eks_new.aws_security_group.node",
            "module.eks_new.aws_security_group_rule.cluster",
            "module.eks_new.aws_security_group_rule.node",
            "module.eks_new.data.aws_caller_identity.current",
            "module.eks_new.data.aws_iam_policy_document.assume_role_policy",
            "module.eks_new.data.aws_iam_policy_document.cni_ipv6_policy",
            "module.eks_new.data.aws_iam_session_context.current",
            "module.eks_new.data.aws_partition.current",
            "module.eks_new.module.kms.aws_kms_external_key.this",
            "module.eks_new.module.kms.aws_kms_key.this",
            "module.eks_new.module.kms.aws_kms_replica_external_key.this",
            "module.eks_new.module.kms.aws_kms_replica_key.this",
            "module.eks_new.module.kms.data.aws_caller_identity.current",
            "module.eks_new.module.kms.data.aws_iam_policy_document.this",
            "module.eks_new.module.kms.data.aws_partition.current",
            "module.vpc_new.module.vpc.aws_subnet.private",
            "module.vpc_new.module.vpc.aws_subnet.public",
            "module.vpc_new.module.vpc.aws_vpc.this",
            "module.vpc_new.module.vpc.aws_vpc_ipv4_cidr_block_association.this"
          ],
          "create_before_destroy": true
        }
      ]
    },
    {
      "module": "module.eks_new",
      "mode": "managed",
      "type": "aws_eks_identity_provider_config",
      "name": "this",
      "provider": "provider[\"registry.terraform.io/hashicorp/aws\"]",
      "instances": []
    },
    {
      "module": "module.eks_new",
      "mode": "managed",
      "type": "aws_iam_openid_connect_provider",
      "name": "oidc_provider",
      "provider": "provider[\"registry.terraform.io/hashicorp/aws\"]",
      "instances": [
        {
          "index_key": 0,
          "schema_version": 0,
          "attributes": {
            "arn": "arn:aws:iam::814022331516:oidc-provider/oidc.eks.us-east-1.amazonaws.com/id/2FF164DBADA738B7C9257F9AD6D90035",
            "client_id_list": [
              "sts.amazonaws.com"
            ],
            "id": "arn:aws:iam::814022331516:oidc-provider/oidc.eks.us-east-1.amazonaws.com/id/2FF164DBADA738B7C9257F9AD6D90035",
            "tags": {
              "Name": "mern-cluster-new-eks-irsa"
            },
            "tags_all": {
              "Name": "mern-cluster-new-eks-irsa"
            },
            "thumbprint_list": [
              "9e99a48a9960b14926bb7f3b02e22da2b0ab7280"
            ],
            "url": "oidc.eks.us-east-1.amazonaws.com/id/2FF164DBADA738B7C9257F9AD6D90035"
          },
          "sensitive_attributes": [],
          "private": "bnVsbA==",
          "dependencies": [
            "module.eks_new.aws_cloudwatch_log_group.this",
            "module.eks_new.aws_eks_cluster.this",
            "module.eks_new.aws_iam_policy.cni_ipv6_policy",
            "module.eks_new.aws_iam_role.this",
            "module.eks_new.aws_iam_role_policy_attachment.this",
            "module.eks_new.aws_security_group.cluster",
            "module.eks_new.aws_security_group.node",
            "module.eks_new.aws_security_group_rule.cluster",
            "module.eks_new.aws_security_group_rule.node",
            "module.eks_new.data.aws_caller_identity.current",
            "module.eks_new.data.aws_iam_policy_document.assume_role_policy",
            "module.eks_new.data.aws_iam_policy_document.cni_ipv6_policy",
            "module.eks_new.data.aws_iam_session_context.current",
            "module.eks_new.data.aws_partition.current",
            "module.eks_new.data.tls_certificate.this",
            "module.eks_new.module.kms.aws_kms_external_key.this",
            "module.eks_new.module.kms.aws_kms_key.this",
            "module.eks_new.module.kms.aws_kms_replica_external_key.this",
            "module.eks_new.module.kms.aws_kms_replica_key.this",
            "module.eks_new.module.kms.data.aws_caller_identity.current",
            "module.eks_new.module.kms.data.aws_iam_policy_document.this",
            "module.eks_new.module.kms.data.aws_partition.current",
            "module.vpc_new.module.vpc.aws_subnet.private",
            "module.vpc_new.module.vpc.aws_subnet.public",
            "module.vpc_new.module.vpc.aws_vpc.this",
            "module.vpc_new.module.vpc.aws_vpc_ipv4_cidr_block_association.this"
          ]
        }
      ]
    },
    {
      "module": "module.eks_new",
      "mode": "managed",
      "type": "aws_iam_policy",
      "name": "cluster_encryption",
      "provider": "provider[\"registry.terraform.io/hashicorp/aws\"]",
      "instances": [
        {
          "index_key": 0,
          "schema_version": 0,
          "attributes": {
            "arn": "arn:aws:iam::814022331516:policy/mern-cluster-new-role-ClusterEncryption20250510213447054400000003",
            "attachment_count": 1,
            "description": "Cluster encryption policy to allow cluster role to utilize CMK provided",
            "id": "arn:aws:iam::814022331516:policy/mern-cluster-new-role-ClusterEncryption20250510213447054400000003",
            "name": "mern-cluster-new-role-ClusterEncryption20250510213447054400000003",
            "name_prefix": "mern-cluster-new-role-ClusterEncryption",
            "path": "/",
            "policy": "{\"Statement\":[{\"Action\":[\"kms:Encrypt\",\"kms:Decrypt\",\"kms:ListGrants\",\"kms:DescribeKey\"],\"Effect\":\"Allow\",\"Resource\":\"arn:aws:kms:us-east-1:814022331516:key/cc558ad2-b14a-4cc4-86b4-c0efa3f12c75\"}],\"Version\":\"2012-10-17\"}",
            "policy_id": "ANPA33B4DBR6C54UO7XIR",
            "tags": {},
            "tags_all": {}
          },
          "sensitive_attributes": [],
          "private": "bnVsbA==",
          "dependencies": [
            "module.eks_new.aws_iam_role.this",
            "module.eks_new.data.aws_caller_identity.current",
            "module.eks_new.data.aws_iam_policy_document.assume_role_policy",
            "module.eks_new.data.aws_iam_session_context.current",
            "module.eks_new.data.aws_partition.current",
            "module.eks_new.module.kms.aws_kms_external_key.this",
            "module.eks_new.module.kms.aws_kms_key.this",
            "module.eks_new.module.kms.aws_kms_replica_external_key.this",
            "module.eks_new.module.kms.aws_kms_replica_key.this",
            "module.eks_new.module.kms.data.aws_caller_identity.current",
            "module.eks_new.module.kms.data.aws_iam_policy_document.this",
            "module.eks_new.module.kms.data.aws_partition.current"
          ]
        }
      ]
    },
    {
      "module": "module.eks_new",
      "mode": "managed",
      "type": "aws_iam_policy",
      "name": "cni_ipv6_policy",
      "provider": "provider[\"registry.terraform.io/hashicorp/aws\"]",
      "instances": []
    },
    {
      "module": "module.eks_new",
      "mode": "managed",
      "type": "aws_iam_role",
      "name": "this",
      "provider": "provider[\"registry.terraform.io/hashicorp/aws\"]",
      "instances": [
        {
          "index_key": 0,
          "schema_version": 0,
          "attributes": {
            "arn": "arn:aws:iam::814022331516:role/mern-cluster-new-role",
            "assume_role_policy": "{\"Statement\":[{\"Action\":\"sts:AssumeRole\",\"Effect\":\"Allow\",\"Principal\":{\"Service\":\"eks.amazonaws.com\"},\"Sid\":\"EKSClusterAssumeRole\"}],\"Version\":\"2012-10-17\"}",
            "create_date": "2025-05-10T21:34:21Z",
            "description": "",
            "force_detach_policies": true,
            "id": "mern-cluster-new-role",
            "inline_policy": [
              {
                "name": "mern-cluster-new-role",
                "policy": "{\"Version\":\"2012-10-17\",\"Statement\":[{\"Action\":[\"logs:CreateLogGroup\"],\"Effect\":\"Deny\",\"Resource\":\"*\"}]}"
              }
            ],
            "managed_policy_arns": [
              "arn:aws:iam::814022331516:policy/mern-cluster-new-role-ClusterEncryption20250510213447054400000003",
              "arn:aws:iam::aws:policy/AmazonEKSClusterPolicy",
              "arn:aws:iam::aws:policy/AmazonEKSVPCResourceController"
            ],
            "max_session_duration": 3600,
            "name": "mern-cluster-new-role",
            "name_prefix": "",
            "path": "/",
            "permissions_boundary": "",
            "tags": {},
            "tags_all": {},
            "unique_id": "AROA33B4DBR6LIG56WZQG"
          },
          "sensitive_attributes": [],
          "private": "bnVsbA==",
          "dependencies": [
            "module.eks_new.data.aws_iam_policy_document.assume_role_policy",
            "module.eks_new.data.aws_partition.current"
          ],
          "create_before_destroy": true
        }
      ]
    },
    {
      "module": "module.eks_new",
      "mode": "managed",
      "type": "aws_iam_role_policy_attachment",
      "name": "additional",
      "provider": "provider[\"registry.terraform.io/hashicorp/aws\"]",
      "instances": []
    },
    {
      "module": "module.eks_new",
      "mode": "managed",
      "type": "aws_iam_role_policy_attachment",
      "name": "cluster_encryption",
      "provider": "provider[\"registry.terraform.io/hashicorp/aws\"]",
      "instances": [
        {
          "index_key": 0,
          "schema_version": 0,
          "attributes": {
            "id": "mern-cluster-new-role-20250510213448235700000004",
            "policy_arn": "arn:aws:iam::814022331516:policy/mern-cluster-new-role-ClusterEncryption20250510213447054400000003",
            "role": "mern-cluster-new-role"
          },
          "sensitive_attributes": [],
          "private": "bnVsbA==",
          "dependencies": [
            "module.eks_new.aws_iam_policy.cluster_encryption",
            "module.eks_new.aws_iam_role.this",
            "module.eks_new.data.aws_caller_identity.current",
            "module.eks_new.data.aws_iam_policy_document.assume_role_policy",
            "module.eks_new.data.aws_iam_session_context.current",
            "module.eks_new.data.aws_partition.current",
            "module.eks_new.module.kms.aws_kms_external_key.this",
            "module.eks_new.module.kms.aws_kms_key.this",
            "module.eks_new.module.kms.aws_kms_replica_external_key.this",
            "module.eks_new.module.kms.aws_kms_replica_key.this",
            "module.eks_new.module.kms.data.aws_caller_identity.current",
            "module.eks_new.module.kms.data.aws_iam_policy_document.this",
            "module.eks_new.module.kms.data.aws_partition.current"
          ]
        }
      ]
    },
    {
      "module": "module.eks_new",
      "mode": "managed",
      "type": "aws_iam_role_policy_attachment",
      "name": "this",
      "provider": "provider[\"registry.terraform.io/hashicorp/aws\"]",
      "instances": [
        {
          "index_key": "AmazonEKSClusterPolicy",
          "schema_version": 0,
          "attributes": {
            "id": "mern-cluster-new-role-20250510213424685800000001",
            "policy_arn": "arn:aws:iam::aws:policy/AmazonEKSClusterPolicy",
            "role": "mern-cluster-new-role"
          },
          "sensitive_attributes": [],
          "private": "bnVsbA==",
          "dependencies": [
            "module.eks_new.aws_iam_role.this",
            "module.eks_new.data.aws_iam_policy_document.assume_role_policy",
            "module.eks_new.data.aws_partition.current"
          ],
          "create_before_destroy": true
        },
        {
          "index_key": "AmazonEKSVPCResourceController",
          "schema_version": 0,
          "attributes": {
            "id": "mern-cluster-new-role-20250510213425176900000002",
            "policy_arn": "arn:aws:iam::aws:policy/AmazonEKSVPCResourceController",
            "role": "mern-cluster-new-role"
          },
          "sensitive_attributes": [],
          "private": "bnVsbA==",
          "dependencies": [
            "module.eks_new.aws_iam_role.this",
            "module.eks_new.data.aws_iam_policy_document.assume_role_policy",
            "module.eks_new.data.aws_partition.current"
          ],
          "create_before_destroy": true
        }
      ]
    },
    {
      "module": "module.eks_new",
      "mode": "managed",
      "type": "aws_security_group",
      "name": "cluster",
      "provider": "provider[\"registry.terraform.io/hashicorp/aws\"]",
      "instances": [
        {
          "index_key": 0,
          "schema_version": 1,
          "attributes": {
            "arn": "arn:aws:ec2:us-east-1:814022331516:security-group/sg-00e5c0c9645159612",
            "description": "EKS cluster security group",
            "egress": [],
            "id": "sg-00e5c0c9645159612",
            "ingress": [
              {
                "cidr_blocks": [
                  "0.0.0.0/0"
                ],
                "description": "",
                "from_port": 443,
                "ipv6_cidr_blocks": [],
                "prefix_list_ids": [],
                "protocol": "tcp",
                "security_groups": [],
                "self": false,
                "to_port": 443
              },
              {
                "cidr_blocks": [],
                "description": "Node groups to cluster API",
                "from_port": 443,
                "ipv6_cidr_blocks": [],
                "prefix_list_ids": [],
                "protocol": "tcp",
                "security_groups": [
                  "sg-0d7fcb4b9eaa97b08"
                ],
                "self": false,
                "to_port": 443
              }
            ],
            "name": "mern-cluster-new-cluster-20250510212954103700000008",
            "name_prefix": "mern-cluster-new-cluster-",
            "owner_id": "814022331516",
            "revoke_rules_on_delete": false,
            "tags": {
              "Name": "mern-cluster-new-cluster"
            },
            "tags_all": {
              "Name": "mern-cluster-new-cluster"
            },
            "timeouts": null,
            "vpc_id": "vpc-0c465885471a626e5"
          },
          "sensitive_attributes": [],
          "private": "eyJlMmJmYjczMC1lY2FhLTExZTYtOGY4OC0zNDM2M2JjN2M0YzAiOnsiY3JlYXRlIjo2MDAwMDAwMDAwMDAsImRlbGV0ZSI6OTAwMDAwMDAwMDAwfSwic2NoZW1hX3ZlcnNpb24iOiIxIn0=",
          "dependencies": [
            "module.vpc_new.module.vpc.aws_vpc.this"
          ],
          "create_before_destroy": true
        }
      ]
    },
    {
      "module": "module.eks_new",
      "mode": "managed",
      "type": "aws_security_group",
      "name": "node",
      "provider": "provider[\"registry.terraform.io/hashicorp/aws\"]",
      "instances": [
        {
          "index_key": 0,
          "schema_version": 1,
          "attributes": {
            "arn": "arn:aws:ec2:us-east-1:814022331516:security-group/sg-0d7fcb4b9eaa97b08",
            "description": "EKS node shared security group",
            "egress": [
              {
                "cidr_blocks": [
                  "0.0.0.0/0"
                ],
                "description": "Allow all egress",
                "from_port": 0,
                "ipv6_cidr_blocks": [],
                "prefix_list_ids": [],
                "protocol": "-1",
                "security_groups": [],
                "self": false,
                "to_port": 0
              }
            ],
            "id": "sg-0d7fcb4b9eaa97b08",
            "ingress": [
              {
                "cidr_blocks": [],
                "description": "Cluster API to node 4443/tcp webhook",
                "from_port": 4443,
                "ipv6_cidr_blocks": [],
                "prefix_list_ids": [],
                "protocol": "tcp",
                "security_groups": [
                  "sg-00e5c0c9645159612"
                ],
                "self": false,
                "to_port": 4443
              },
              {
                "cidr_blocks": [],
                "description": "Cluster API to node 6443/tcp webhook",
                "from_port": 6443,
                "ipv6_cidr_blocks": [],
                "prefix_list_ids": [],
                "protocol": "tcp",
                "security_groups": [
                  "sg-00e5c0c9645159612"
                ],
                "self": false,
                "to_port": 6443
              },
              {
                "cidr_blocks": [],
                "description": "Cluster API to node 8443/tcp webhook",
                "from_port": 8443,
                "ipv6_cidr_blocks": [],
                "prefix_list_ids": [],
                "protocol": "tcp",
                "security_groups": [
                  "sg-00e5c0c9645159612"
                ],
                "self": false,
                "to_port": 8443
              },
              {
                "cidr_blocks": [],
                "description": "Cluster API to node 9443/tcp webhook",
                "from_port": 9443,
                "ipv6_cidr_blocks": [],
                "prefix_list_ids": [],
                "protocol": "tcp",
                "security_groups": [
                  "sg-00e5c0c9645159612"
                ],
                "self": false,
                "to_port": 9443
              },
              {
                "cidr_blocks": [],
                "description": "Cluster API to node groups",
                "from_port": 443,
                "ipv6_cidr_blocks": [],
                "prefix_list_ids": [],
                "protocol": "tcp",
                "security_groups": [
                  "sg-00e5c0c9645159612"
                ],
                "self": false,
                "to_port": 443
              },
              {
                "cidr_blocks": [],
                "description": "Cluster API to node kubelets",
                "from_port": 10250,
                "ipv6_cidr_blocks": [],
                "prefix_list_ids": [],
                "protocol": "tcp",
                "security_groups": [
                  "sg-00e5c0c9645159612"
                ],
                "self": false,
                "to_port": 10250
              },
              {
                "cidr_blocks": [],
                "description": "Node to node CoreDNS UDP",
                "from_port": 53,
                "ipv6_cidr_blocks": [],
                "prefix_list_ids": [],
                "protocol": "udp",
                "security_groups": [],
                "self": true,
                "to_port": 53
              },
              {
                "cidr_blocks": [],
                "description": "Node to node CoreDNS",
                "from_port": 53,
                "ipv6_cidr_blocks": [],
                "prefix_list_ids": [],
                "protocol": "tcp",
                "security_groups": [],
                "self": true,
                "to_port": 53
              },
              {
                "cidr_blocks": [],
                "description": "Node to node ingress on ephemeral ports",
                "from_port": 1025,
                "ipv6_cidr_blocks": [],
                "prefix_list_ids": [],
                "protocol": "tcp",
                "security_groups": [],
                "self": true,
                "to_port": 65535
              }
            ],
            "name": "mern-cluster-new-node-20250510212953735400000007",
            "name_prefix": "mern-cluster-new-node-",
            "owner_id": "814022331516",
            "revoke_rules_on_delete": false,
            "tags": {
              "Name": "mern-cluster-new-node",
              "kubernetes.io/cluster/mern-cluster-new": "owned"
            },
            "tags_all": {
              "Name": "mern-cluster-new-node",
              "kubernetes.io/cluster/mern-cluster-new": "owned"
            },
            "timeouts": null,
            "vpc_id": "vpc-0c465885471a626e5"
          },
          "sensitive_attributes": [],
          "private": "eyJlMmJmYjczMC1lY2FhLTExZTYtOGY4OC0zNDM2M2JjN2M0YzAiOnsiY3JlYXRlIjo2MDAwMDAwMDAwMDAsImRlbGV0ZSI6OTAwMDAwMDAwMDAwfSwic2NoZW1hX3ZlcnNpb24iOiIxIn0=",
          "dependencies": [
            "module.vpc_new.module.vpc.aws_vpc.this"
          ],
          "create_before_destroy": true
        }
      ]
    },
    {
      "module": "module.eks_new",
      "mode": "managed",
      "type": "aws_security_group_rule",
      "name": "cluster",
      "provider": "provider[\"registry.terraform.io/hashicorp/aws\"]",
      "instances": [
        {
          "index_key": "ingress_nodes_443",
          "schema_version": 2,
          "attributes": {
            "cidr_blocks": null,
            "description": "Node groups to cluster API",
            "from_port": 443,
            "id": "sgrule-329547547",
            "ipv6_cidr_blocks": null,
            "prefix_list_ids": null,
            "protocol": "tcp",
            "security_group_id": "sg-00e5c0c9645159612",
            "security_group_rule_id": "sgr-0d4ea3d7bed5c2666",
            "self": false,
            "source_security_group_id": "sg-0d7fcb4b9eaa97b08",
            "timeouts": null,
            "to_port": 443,
            "type": "ingress"
          },
          "sensitive_attributes": [],
          "private": "eyJlMmJmYjczMC1lY2FhLTExZTYtOGY4OC0zNDM2M2JjN2M0YzAiOnsiY3JlYXRlIjozMDAwMDAwMDAwMDB9LCJzY2hlbWFfdmVyc2lvbiI6IjIifQ==",
          "dependencies": [
            "module.eks_new.aws_security_group.cluster",
            "module.eks_new.aws_security_group.node",
            "module.vpc_new.module.vpc.aws_vpc.this"
          ],
          "create_before_destroy": true
        }
      ]
    },
    {
      "module": "module.eks_new",
      "mode": "managed",
      "type": "aws_security_group_rule",
      "name": "node",
      "provider": "provider[\"registry.terraform.io/hashicorp/aws\"]",
      "instances": [
        {
          "index_key": "egress_all",
          "schema_version": 2,
          "attributes": {
            "cidr_blocks": [
              "0.0.0.0/0"
            ],
            "description": "Allow all egress",
            "from_port": 0,
            "id": "sgrule-1578479386",
            "ipv6_cidr_blocks": null,
            "prefix_list_ids": [],
            "protocol": "-1",
            "security_group_id": "sg-0d7fcb4b9eaa97b08",
            "security_group_rule_id": "sgr-03bb600e7b49b2ff8",
            "self": false,
            "source_security_group_id": null,
            "timeouts": null,
            "to_port": 0,
            "type": "egress"
          },
          "sensitive_attributes": [],
          "private": "eyJlMmJmYjczMC1lY2FhLTExZTYtOGY4OC0zNDM2M2JjN2M0YzAiOnsiY3JlYXRlIjozMDAwMDAwMDAwMDB9LCJzY2hlbWFfdmVyc2lvbiI6IjIifQ==",
          "dependencies": [
            "module.eks_new.aws_security_group.cluster",
            "module.eks_new.aws_security_group.node",
            "module.vpc_new.module.vpc.aws_vpc.this"
          ],
          "create_before_destroy": true
        },
        {
          "index_key": "ingress_cluster_443",
          "schema_version": 2,
          "attributes": {
            "cidr_blocks": null,
            "description": "Cluster API to node groups",
            "from_port": 443,
            "id": "sgrule-3827299854",
            "ipv6_cidr_blocks": null,
            "prefix_list_ids": [],
            "protocol": "tcp",
            "security_group_id": "sg-0d7fcb4b9eaa97b08",
            "security_group_rule_id": "sgr-08153b104cb51de5c",
            "self": false,
            "source_security_group_id": "sg-00e5c0c9645159612",
            "timeouts": null,
            "to_port": 443,
            "type": "ingress"
          },
          "sensitive_attributes": [],
          "private": "eyJlMmJmYjczMC1lY2FhLTExZTYtOGY4OC0zNDM2M2JjN2M0YzAiOnsiY3JlYXRlIjozMDAwMDAwMDAwMDB9LCJzY2hlbWFfdmVyc2lvbiI6IjIifQ==",
          "dependencies": [
            "module.eks_new.aws_security_group.cluster",
            "module.eks_new.aws_security_group.node",
            "module.vpc_new.module.vpc.aws_vpc.this"
          ],
          "create_before_destroy": true
        },
        {
          "index_key": "ingress_cluster_4443_webhook",
          "schema_version": 2,
          "attributes": {
            "cidr_blocks": null,
            "description": "Cluster API to node 4443/tcp webhook",
            "from_port": 4443,
            "id": "sgrule-4257108597",
            "ipv6_cidr_blocks": null,
            "prefix_list_ids": [],
            "protocol": "tcp",
            "security_group_id": "sg-0d7fcb4b9eaa97b08",
            "security_group_rule_id": "sgr-0072247e5607af0b8",
            "self": false,
            "source_security_group_id": "sg-00e5c0c9645159612",
            "timeouts": null,
            "to_port": 4443,
            "type": "ingress"
          },
          "sensitive_attributes": [],
          "private": "eyJlMmJmYjczMC1lY2FhLTExZTYtOGY4OC0zNDM2M2JjN2M0YzAiOnsiY3JlYXRlIjozMDAwMDAwMDAwMDB9LCJzY2hlbWFfdmVyc2lvbiI6IjIifQ==",
          "dependencies": [
            "module.eks_new.aws_security_group.cluster",
            "module.eks_new.aws_security_group.node",
            "module.vpc_new.module.vpc.aws_vpc.this"
          ],
          "create_before_destroy": true
        },
        {
          "index_key": "ingress_cluster_6443_webhook",
          "schema_version": 2,
          "attributes": {
            "cidr_blocks": null,
            "description": "Cluster API to node 6443/tcp webhook",
            "from_port": 6443,
            "id": "sgrule-888944099",
            "ipv6_cidr_blocks": null,
            "prefix_list_ids": [],
            "protocol": "tcp",
            "security_group_id": "sg-0d7fcb4b9eaa97b08",
            "security_group_rule_id": "sgr-0d37d0fd0f08efd33",
            "self": false,
            "source_security_group_id": "sg-00e5c0c9645159612",
            "timeouts": null,
            "to_port": 6443,
            "type": "ingress"
          },
          "sensitive_attributes": [],
          "private": "eyJlMmJmYjczMC1lY2FhLTExZTYtOGY4OC0zNDM2M2JjN2M0YzAiOnsiY3JlYXRlIjozMDAwMDAwMDAwMDB9LCJzY2hlbWFfdmVyc2lvbiI6IjIifQ==",
          "dependencies": [
            "module.eks_new.aws_security_group.cluster",
            "module.eks_new.aws_security_group.node",
            "module.vpc_new.module.vpc.aws_vpc.this"
          ],
          "create_before_destroy": true
        },
        {
          "index_key": "ingress_cluster_8443_webhook",
          "schema_version": 2,
          "attributes": {
            "cidr_blocks": null,
            "description": "Cluster API to node 8443/tcp webhook",
            "from_port": 8443,
            "id": "sgrule-664799682",
            "ipv6_cidr_blocks": null,
            "prefix_list_ids": [],
            "protocol": "tcp",
            "security_group_id": "sg-0d7fcb4b9eaa97b08",
            "security_group_rule_id": "sgr-0b4dd8559b4f36a4f",
            "self": false,
            "source_security_group_id": "sg-00e5c0c9645159612",
            "timeouts": null,
            "to_port": 8443,
            "type": "ingress"
          },
          "sensitive_attributes": [],
          "private": "eyJlMmJmYjczMC1lY2FhLTExZTYtOGY4OC0zNDM2M2JjN2M0YzAiOnsiY3JlYXRlIjozMDAwMDAwMDAwMDB9LCJzY2hlbWFfdmVyc2lvbiI6IjIifQ==",
          "dependencies": [
            "module.eks_new.aws_security_group.cluster",
            "module.eks_new.aws_security_group.node",
            "module.vpc_new.module.vpc.aws_vpc.this"
          ],
          "create_before_destroy": true
        },
        {
          "index_key": "ingress_cluster_9443_webhook",
          "schema_version": 2,
          "attributes": {
            "cidr_blocks": null,
            "description": "Cluster API to node 9443/tcp webhook",
            "from_port": 9443,
            "id": "sgrule-1124153865",
            "ipv6_cidr_blocks": null,
            "prefix_list_ids": [],
            "protocol": "tcp",
            "security_group_id": "sg-0d7fcb4b9eaa97b08",
            "security_group_rule_id": "sgr-0bbedbbce8a38c451",
            "self": false,
            "source_security_group_id": "sg-00e5c0c9645159612",
            "timeouts": null,
            "to_port": 9443,
            "type": "ingress"
          },
          "sensitive_attributes": [],
          "private": "eyJlMmJmYjczMC1lY2FhLTExZTYtOGY4OC0zNDM2M2JjN2M0YzAiOnsiY3JlYXRlIjozMDAwMDAwMDAwMDB9LCJzY2hlbWFfdmVyc2lvbiI6IjIifQ==",
          "dependencies": [
            "module.eks_new.aws_security_group.cluster",
            "module.eks_new.aws_security_group.node",
            "module.vpc_new.module.vpc.aws_vpc.this"
          ],
          "create_before_destroy": true
        },
        {
          "index_key": "ingress_cluster_kubelet",
          "schema_version": 2,
          "attributes": {
            "cidr_blocks": null,
            "description": "Cluster API to node kubelets",
            "from_port": 10250,
            "id": "sgrule-1537760150",
            "ipv6_cidr_blocks": null,
            "prefix_list_ids": [],
            "protocol": "tcp",
            "security_group_id": "sg-0d7fcb4b9eaa97b08",
            "security_group_rule_id": "sgr-013fcb219a47716c1",
            "self": false,
            "source_security_group_id": "sg-00e5c0c9645159612",
            "timeouts": null,
            "to_port": 10250,
            "type": "ingress"
          },
          "sensitive_attributes": [],
          "private": "eyJlMmJmYjczMC1lY2FhLTExZTYtOGY4OC0zNDM2M2JjN2M0YzAiOnsiY3JlYXRlIjozMDAwMDAwMDAwMDB9LCJzY2hlbWFfdmVyc2lvbiI6IjIifQ==",
          "dependencies": [
            "module.eks_new.aws_security_group.cluster",
            "module.eks_new.aws_security_group.node",
            "module.vpc_new.module.vpc.aws_vpc.this"
          ],
          "create_before_destroy": true
        },
        {
          "index_key": "ingress_nodes_ephemeral",
          "schema_version": 2,
          "attributes": {
            "cidr_blocks": null,
            "description": "Node to node ingress on ephemeral ports",
            "from_port": 1025,
            "id": "sgrule-2951481556",
            "ipv6_cidr_blocks": null,
            "prefix_list_ids": [],
            "protocol": "tcp",
            "security_group_id": "sg-0d7fcb4b9eaa97b08",
            "security_group_rule_id": "sgr-0b7177ad069aea317",
            "self": true,
            "source_security_group_id": null,
            "timeouts": null,
            "to_port": 65535,
            "type": "ingress"
          },
          "sensitive_attributes": [],
          "private": "eyJlMmJmYjczMC1lY2FhLTExZTYtOGY4OC0zNDM2M2JjN2M0YzAiOnsiY3JlYXRlIjozMDAwMDAwMDAwMDB9LCJzY2hlbWFfdmVyc2lvbiI6IjIifQ==",
          "dependencies": [
            "module.eks_new.aws_security_group.cluster",
            "module.eks_new.aws_security_group.node",
            "module.vpc_new.module.vpc.aws_vpc.this"
          ],
          "create_before_destroy": true
        },
        {
          "index_key": "ingress_self_coredns_tcp",
          "schema_version": 2,
          "attributes": {
            "cidr_blocks": null,
            "description": "Node to node CoreDNS",
            "from_port": 53,
            "id": "sgrule-497105981",
            "ipv6_cidr_blocks": null,
            "prefix_list_ids": [],
            "protocol": "tcp",
            "security_group_id": "sg-0d7fcb4b9eaa97b08",
            "security_group_rule_id": "sgr-0d8cfc9517d613bc4",
            "self": true,
            "source_security_group_id": null,
            "timeouts": null,
            "to_port": 53,
            "type": "ingress"
          },
          "sensitive_attributes": [],
          "private": "eyJlMmJmYjczMC1lY2FhLTExZTYtOGY4OC0zNDM2M2JjN2M0YzAiOnsiY3JlYXRlIjozMDAwMDAwMDAwMDB9LCJzY2hlbWFfdmVyc2lvbiI6IjIifQ==",
          "dependencies": [
            "module.eks_new.aws_security_group.cluster",
            "module.eks_new.aws_security_group.node",
            "module.vpc_new.module.vpc.aws_vpc.this"
          ],
          "create_before_destroy": true
        },
        {
          "index_key": "ingress_self_coredns_udp",
          "schema_version": 2,
          "attributes": {
            "cidr_blocks": null,
            "description": "Node to node CoreDNS UDP",
            "from_port": 53,
            "id": "sgrule-3120472018",
            "ipv6_cidr_blocks": null,
            "prefix_list_ids": [],
            "protocol": "udp",
            "security_group_id": "sg-0d7fcb4b9eaa97b08",
            "security_group_rule_id": "sgr-0de7dc13c82f952ed",
            "self": true,
            "source_security_group_id": null,
            "timeouts": null,
            "to_port": 53,
            "type": "ingress"
          },
          "sensitive_attributes": [],
          "private": "eyJlMmJmYjczMC1lY2FhLTExZTYtOGY4OC0zNDM2M2JjN2M0YzAiOnsiY3JlYXRlIjozMDAwMDAwMDAwMDB9LCJzY2hlbWFfdmVyc2lvbiI6IjIifQ==",
          "dependencies": [
            "module.eks_new.aws_security_group.cluster",
            "module.eks_new.aws_security_group.node",
            "module.vpc_new.module.vpc.aws_vpc.this"
          ],
          "create_before_destroy": true
        }
      ]
    },
    {
      "module": "module.eks_new",
      "mode": "managed",
      "type": "kubernetes_config_map",
      "name": "aws_auth",
      "provider": "provider[\"registry.terraform.io/hashicorp/kubernetes\"]",
      "instances": []
    },
    {
      "module": "module.eks_new",
      "mode": "managed",
      "type": "kubernetes_config_map_v1_data",
      "name": "aws_auth",
      "provider": "provider[\"registry.terraform.io/hashicorp/kubernetes\"]",
      "instances": []
    },
    {
      "module": "module.eks_new",
      "mode": "managed",
      "type": "time_sleep",
      "name": "this",
      "provider": "provider[\"registry.terraform.io/hashicorp/time\"]",
      "instances": [
        {
          "index_key": 0,
          "schema_version": 0,
          "attributes": {
            "create_duration": "30s",
            "destroy_duration": null,
            "id": "2025-05-10T21:44:18Z",
            "triggers": {
              "cluster_certificate_authority_data": "LS0tLS1CRUdJTiBDRVJUSUZJQ0FURS0tLS0tCk1JSURCVENDQWUyZ0F3SUJBZ0lJUHFYL21hVVBXamd3RFFZSktvWklodmNOQVFFTEJRQXdGVEVUTUJFR0ExVUUKQXhNS2EzVmlaWEp1WlhSbGN6QWVGdzB5TlRBMU1UQXlNVE0wTWpCYUZ3MHpOVEExTURneU1UTTVNakJhTUJVeApFekFSQmdOVkJBTVRDbXQxWW1WeWJtVjBaWE13Z2dFaU1BMEdDU3FHU0liM0RRRUJBUVVBQTRJQkR3QXdnZ0VLCkFvSUJBUUNsZzlyWjdmVS82eGVZWWZNYi95c3BnYXIzQUVORm9MbS9ZYjBJb3h4V1Mzci9CUmVpcllFL24wMzMKTWhDN2Z5Rk5pWFloSDFXSDQ0dzd0RDdGMjAxQWdiNzBwVlk1YkRDQ3Nhd2lmOUlNSjJEbk8vWlJjTUU2R3B0cQpDa2h6cSs2K2xZR0ZNZkQ2N0kwRHVCMnMyOTZIVGF3eWxGMUU5cjY1LzdLYTlGdlczSyt1Z3VJdU95cmhJZFdHClpCTllPbGVSSk92UUovUHdXVlI0cWpTMWNGNGRJL3dCY2UvN2oxMWZTRFRRWXBabk9GSG52b2VMWnJrSjlrOUEKVklKWUpOSjdFN2NORWVVcHZrdFVxUjJOVlpLeXFWSHVvelJQcE5pL2VEend0RVhQMmFPN0FpLzA1UzNWWHBXTApaTjRTQm9nR2ZiRCtuOUw3NnE1OTlIcWtWTUpGQWdNQkFBR2pXVEJYTUE0R0ExVWREd0VCL3dRRUF3SUNwREFQCkJnTlZIUk1CQWY4RUJUQURBUUgvTUIwR0ExVWREZ1FXQkJSTFVyNUR4Mm9uT0RvQ3lPUnFieEZLTGh6YkNUQVYKQmdOVkhSRUVEakFNZ2dwcmRXSmxjbTVsZEdWek1BMEdDU3FHU0liM0RRRUJDd1VBQTRJQkFRQmQ2dDZSYjlhcgp2UVd5YnhkNlEveUExWnpMN0o1YS85VWtZVFlPQjdXL1I4aWg0bWVkem5JM3NsSFc4OWRsSnFSU0lxSk12SW1qCk8yWEVBaDl2cHF2Smkxc3FzcTFzWXRXMkJlNmVSZkdqZHpwZnAzM3l0bE1GMjVrNFJ0QUtEYVAyOVdIYXZTQlMKTnJKVTZER1B5Ni9ZNkdTUHpDck5pR2xUdlNVYzg3TEJJRm5mYm10VDF4VDlyYXJaQXhDVW1sTVJYMmN5V1p6ZQorbldoK1NjWWdtbmxpcEh4OW5TTVlrMng0Y012VFgrRHRzSEZFVFlrRDAxZW1jRm5raC9pdXdxYTBLUG1zckVtCndib3FzZGFSMDZ5ZnZvM25yRzNQZmdGNFhiZ25sVTBJY2gwYURiUG9lMDRxNTY3VHhSNDNsTklvU21Bd3lhUkEKbm9id0plUWVuRm5JCi0tLS0tRU5EIENFUlRJRklDQVRFLS0tLS0K",
              "cluster_endpoint": "https://2FF164DBADA738B7C9257F9AD6D90035.gr7.us-east-1.eks.amazonaws.com",
              "cluster_name": "mern-cluster-new",
              "cluster_version": "1.27"
            }
          },
          "sensitive_attributes": [],
          "dependencies": [
            "module.eks_new.aws_cloudwatch_log_group.this",
            "module.eks_new.aws_eks_cluster.this",
            "module.eks_new.aws_iam_policy.cni_ipv6_policy",
            "module.eks_new.aws_iam_role.this",
            "module.eks_new.aws_iam_role_policy_attachment.this",
            "module.eks_new.aws_security_group.cluster",
            "module.eks_new.aws_security_group.node",
            "module.eks_new.aws_security_group_rule.cluster",
            "module.eks_new.aws_security_group_rule.node",
            "module.eks_new.data.aws_caller_identity.current",
            "module.eks_new.data.aws_iam_policy_document.assume_role_policy",
            "module.eks_new.data.aws_iam_policy_document.cni_ipv6_policy",
            "module.eks_new.data.aws_iam_session_context.current",
            "module.eks_new.data.aws_partition.current",
            "module.eks_new.module.kms.aws_kms_external_key.this",
            "module.eks_new.module.kms.aws_kms_key.this",
            "module.eks_new.module.kms.aws_kms_replica_external_key.this",
            "module.eks_new.module.kms.aws_kms_replica_key.this",
            "module.eks_new.module.kms.data.aws_caller_identity.current",
            "module.eks_new.module.kms.data.aws_iam_policy_document.this",
            "module.eks_new.module.kms.data.aws_partition.current",
            "module.vpc_new.module.vpc.aws_subnet.private",
            "module.vpc_new.module.vpc.aws_subnet.public",
            "module.vpc_new.module.vpc.aws_vpc.this",
            "module.vpc_new.module.vpc.aws_vpc_ipv4_cidr_block_association.this"
          ],
          "create_before_destroy": true
        }
      ]
    },
    {
      "module": "module.eks_new.module.eks_managed_node_group[\"general\"]",
      "mode": "data",
      "type": "aws_caller_identity",
      "name": "current",
      "provider": "provider[\"registry.terraform.io/hashicorp/aws\"]",
      "instances": [
        {
          "schema_version": 0,
          "attributes": {
            "account_id": "814022331516",
            "arn": "arn:aws:iam::814022331516:user/cli-user",
            "id": "814022331516",
            "user_id": "AIDA33B4DBR6EFHP2VHQA"
          },
          "sensitive_attributes": []
        }
      ]
    },
    {
      "module": "module.eks_new.module.eks_managed_node_group[\"general\"]",
      "mode": "data",
      "type": "aws_iam_policy_document",
      "name": "assume_role_policy",
      "provider": "provider[\"registry.terraform.io/hashicorp/aws\"]",
      "instances": [
        {
          "index_key": 0,
          "schema_version": 0,
          "attributes": {
            "id": "2560088296",
            "json": "{\n  \"Version\": \"2012-10-17\",\n  \"Statement\": [\n    {\n      \"Sid\": \"EKSNodeAssumeRole\",\n      \"Effect\": \"Allow\",\n      \"Action\": \"sts:AssumeRole\",\n      \"Principal\": {\n        \"Service\": \"ec2.amazonaws.com\"\n      }\n    }\n  ]\n}",
            "minified_json": "{\"Version\":\"2012-10-17\",\"Statement\":[{\"Sid\":\"EKSNodeAssumeRole\",\"Effect\":\"Allow\",\"Action\":\"sts:AssumeRole\",\"Principal\":{\"Service\":\"ec2.amazonaws.com\"}}]}",
            "override_json": null,
            "override_policy_documents": null,
            "policy_id": null,
            "source_json": null,
            "source_policy_documents": null,
            "statement": [
              {
                "actions": [
                  "sts:AssumeRole"
                ],
                "condition": [],
                "effect": "Allow",
                "not_actions": [],
                "not_principals": [],
                "not_resources": [],
                "principals": [
                  {
                    "identifiers": [
                      "ec2.amazonaws.com"
                    ],
                    "type": "Service"
                  }
                ],
                "resources": [],
                "sid": "EKSNodeAssumeRole"
              }
            ],
            "version": "2012-10-17"
          },
          "sensitive_attributes": []
        }
      ]
    },
    {
      "module": "module.eks_new.module.eks_managed_node_group[\"general\"]",
      "mode": "data",
      "type": "aws_partition",
      "name": "current",
      "provider": "provider[\"registry.terraform.io/hashicorp/aws\"]",
      "instances": [
        {
          "schema_version": 0,
          "attributes": {
            "dns_suffix": "amazonaws.com",
            "id": "aws",
            "partition": "aws",
            "reverse_dns_prefix": "com.amazonaws"
          },
          "sensitive_attributes": []
        }
      ]
    },
    {
      "module": "module.eks_new.module.eks_managed_node_group[\"general\"]",
      "mode": "managed",
      "type": "aws_autoscaling_schedule",
      "name": "this",
      "provider": "provider[\"registry.terraform.io/hashicorp/aws\"]",
      "instances": []
    },
    {
      "module": "module.eks_new.module.eks_managed_node_group[\"general\"]",
      "mode": "managed",
      "type": "aws_eks_node_group",
      "name": "this",
      "provider": "provider[\"registry.terraform.io/hashicorp/aws\"]",
      "instances": [
        {
          "index_key": 0,
          "status": "tainted",
          "schema_version": 0,
          "attributes": {
            "ami_type": null,
            "arn": null,
            "capacity_type": "ON_DEMAND",
            "cluster_name": "mern-cluster-new",
            "disk_size": null,
            "force_update_version": null,
            "id": "mern-cluster-new:general-20250511024842641600000001",
            "instance_types": [
              "t3.medium"
            ],
            "labels": null,
            "launch_template": [
              {
                "id": "lt-08bc54ede1edafee1",
                "name": "",
                "version": "1"
              }
            ],
            "node_group_name": null,
            "node_group_name_prefix": "general-",
            "node_repair_config": null,
            "node_role_arn": "arn:aws:iam::814022331516:role/general-eks-node-group-20250510212936460600000001",
            "release_version": null,
            "remote_access": [],
            "resources": null,
            "scaling_config": [
              {
                "desired_size": 2,
                "max_size": 3,
                "min_size": 1
              }
            ],
            "status": null,
            "subnet_ids": [
              "subnet-02f84671511b7b3ce",
              "subnet-03198a88b2b2cde89",
              "subnet-05da49370a61af0d0",
              "subnet-0886834fc15b5e2e8"
            ],
            "tags": {
              "Name": "general"
            },
            "tags_all": {
              "Name": "general"
            },
            "taint": [],
            "timeouts": {
              "create": null,
              "delete": null,
              "update": null
            },
            "update_config": [
              {
                "max_unavailable": 0,
                "max_unavailable_percentage": 33
              }
            ],
            "version": "1.27"
          },
          "sensitive_attributes": [],
          "private": "eyJlMmJmYjczMC1lY2FhLTExZTYtOGY4OC0zNDM2M2JjN2M0YzAiOnsiY3JlYXRlIjozNjAwMDAwMDAwMDAwLCJkZWxldGUiOjM2MDAwMDAwMDAwMDAsInVwZGF0ZSI6MzYwMDAwMDAwMDAwMH19",
          "dependencies": [
            "module.eks_new.aws_cloudwatch_log_group.this",
            "module.eks_new.aws_eks_cluster.this",
            "module.eks_new.aws_iam_policy.cni_ipv6_policy",
            "module.eks_new.aws_iam_role.this",
            "module.eks_new.aws_iam_role_policy_attachment.this",
            "module.eks_new.aws_security_group.cluster",
            "module.eks_new.aws_security_group.node",
            "module.eks_new.aws_security_group_rule.cluster",
            "module.eks_new.aws_security_group_rule.node",
            "module.eks_new.data.aws_caller_identity.current",
            "module.eks_new.data.aws_iam_policy_document.assume_role_policy",
            "module.eks_new.data.aws_iam_policy_document.cni_ipv6_policy",
            "module.eks_new.data.aws_iam_session_context.current",
            "module.eks_new.data.aws_partition.current",
            "module.eks_new.module.eks_managed_node_group.aws_iam_role.this",
            "module.eks_new.module.eks_managed_node_group.aws_iam_role_policy_attachment.this",
            "module.eks_new.module.eks_managed_node_group.aws_launch_template.this",
            "module.eks_new.module.eks_managed_node_group.data.aws_caller_identity.current",
            "module.eks_new.module.eks_managed_node_group.data.aws_iam_policy_document.assume_role_policy",
            "module.eks_new.module.eks_managed_node_group.data.aws_partition.current",
            "module.eks_new.module.eks_managed_node_group.module.user_data.data.cloudinit_config.linux_eks_managed_node_group",
            "module.eks_new.module.kms.aws_kms_external_key.this",
            "module.eks_new.module.kms.aws_kms_key.this",
            "module.eks_new.module.kms.aws_kms_replica_external_key.this",
            "module.eks_new.module.kms.aws_kms_replica_key.this",
            "module.eks_new.module.kms.data.aws_caller_identity.current",
            "module.eks_new.module.kms.data.aws_iam_policy_document.this",
            "module.eks_new.module.kms.data.aws_partition.current",
            "module.eks_new.time_sleep.this",
            "module.vpc_new.module.vpc.aws_subnet.private",
            "module.vpc_new.module.vpc.aws_subnet.public",
            "module.vpc_new.module.vpc.aws_vpc.this",
            "module.vpc_new.module.vpc.aws_vpc_ipv4_cidr_block_association.this"
          ],
          "create_before_destroy": true
        }
      ]
    },
    {
      "module": "module.eks_new.module.eks_managed_node_group[\"general\"]",
      "mode": "managed",
      "type": "aws_iam_role",
      "name": "this",
      "provider": "provider[\"registry.terraform.io/hashicorp/aws\"]",
      "instances": [
        {
          "index_key": 0,
          "schema_version": 0,
          "attributes": {
            "arn": "arn:aws:iam::814022331516:role/general-eks-node-group-20250510212936460600000001",
            "assume_role_policy": "{\"Statement\":[{\"Action\":\"sts:AssumeRole\",\"Effect\":\"Allow\",\"Principal\":{\"Service\":\"ec2.amazonaws.com\"},\"Sid\":\"EKSNodeAssumeRole\"}],\"Version\":\"2012-10-17\"}",
            "create_date": "2025-05-10T21:29:37Z",
            "description": "EKS managed node group IAM role",
            "force_detach_policies": true,
            "id": "general-eks-node-group-20250510212936460600000001",
            "inline_policy": [],
            "managed_policy_arns": [
              "arn:aws:iam::aws:policy/AmazonEC2ContainerRegistryReadOnly",
              "arn:aws:iam::aws:policy/AmazonEKSWorkerNodePolicy",
              "arn:aws:iam::aws:policy/AmazonEKS_CNI_Policy"
            ],
            "max_session_duration": 3600,
            "name": "general-eks-node-group-20250510212936460600000001",
            "name_prefix": "general-eks-node-group-",
            "path": "/",
            "permissions_boundary": "",
            "tags": {},
            "tags_all": {},
            "unique_id": "AROA33B4DBR6DFOCJF5BV"
          },
          "sensitive_attributes": [],
          "private": "bnVsbA==",
          "dependencies": [
            "module.eks_new.module.eks_managed_node_group.data.aws_iam_policy_document.assume_role_policy",
            "module.eks_new.module.eks_managed_node_group.data.aws_partition.current"
          ],
          "create_before_destroy": true
        }
      ]
    },
    {
      "module": "module.eks_new.module.eks_managed_node_group[\"general\"]",
      "mode": "managed",
      "type": "aws_iam_role_policy_attachment",
      "name": "additional",
      "provider": "provider[\"registry.terraform.io/hashicorp/aws\"]",
      "instances": []
    },
    {
      "module": "module.eks_new.module.eks_managed_node_group[\"general\"]",
      "mode": "managed",
      "type": "aws_iam_role_policy_attachment",
      "name": "this",
      "provider": "provider[\"registry.terraform.io/hashicorp/aws\"]",
      "instances": [
        {
          "index_key": "arn:aws:iam::aws:policy/AmazonEC2ContainerRegistryReadOnly",
          "schema_version": 0,
          "attributes": {
            "id": "general-eks-node-group-20250510212936460600000001-20250510212938766900000003",
            "policy_arn": "arn:aws:iam::aws:policy/AmazonEC2ContainerRegistryReadOnly",
            "role": "general-eks-node-group-20250510212936460600000001"
          },
          "sensitive_attributes": [],
          "private": "bnVsbA==",
          "dependencies": [
            "module.eks_new.module.eks_managed_node_group.aws_iam_role.this",
            "module.eks_new.module.eks_managed_node_group.data.aws_caller_identity.current",
            "module.eks_new.module.eks_managed_node_group.data.aws_iam_policy_document.assume_role_policy",
            "module.eks_new.module.eks_managed_node_group.data.aws_partition.current"
          ],
          "create_before_destroy": true
        },
        {
          "index_key": "arn:aws:iam::aws:policy/AmazonEKSWorkerNodePolicy",
          "schema_version": 0,
          "attributes": {
            "id": "general-eks-node-group-20250510212936460600000001-20250510212938916700000004",
            "policy_arn": "arn:aws:iam::aws:policy/AmazonEKSWorkerNodePolicy",
            "role": "general-eks-node-group-20250510212936460600000001"
          },
          "sensitive_attributes": [],
          "private": "bnVsbA==",
          "dependencies": [
            "module.eks_new.module.eks_managed_node_group.aws_iam_role.this",
            "module.eks_new.module.eks_managed_node_group.data.aws_caller_identity.current",
            "module.eks_new.module.eks_managed_node_group.data.aws_iam_policy_document.assume_role_policy",
            "module.eks_new.module.eks_managed_node_group.data.aws_partition.current"
          ],
          "create_before_destroy": true
        },
        {
          "index_key": "arn:aws:iam::aws:policy/AmazonEKS_CNI_Policy",
          "schema_version": 0,
          "attributes": {
            "id": "general-eks-node-group-20250510212936460600000001-20250510212938642400000002",
            "policy_arn": "arn:aws:iam::aws:policy/AmazonEKS_CNI_Policy",
            "role": "general-eks-node-group-20250510212936460600000001"
          },
          "sensitive_attributes": [],
          "private": "bnVsbA==",
          "dependencies": [
            "module.eks_new.module.eks_managed_node_group.aws_iam_role.this",
            "module.eks_new.module.eks_managed_node_group.data.aws_caller_identity.current",
            "module.eks_new.module.eks_managed_node_group.data.aws_iam_policy_document.assume_role_policy",
            "module.eks_new.module.eks_managed_node_group.data.aws_partition.current"
          ],
          "create_before_destroy": true
        }
      ]
    },
    {
      "module": "module.eks_new.module.eks_managed_node_group[\"general\"]",
      "mode": "managed",
      "type": "aws_launch_template",
      "name": "this",
      "provider": "provider[\"registry.terraform.io/hashicorp/aws\"]",
      "instances": [
        {
          "index_key": 0,
          "schema_version": 0,
          "attributes": {
            "arn": "arn:aws:ec2:us-east-1:814022331516:launch-template/lt-08bc54ede1edafee1",
            "block_device_mappings": [],
            "capacity_reservation_specification": [],
            "cpu_options": [],
            "credit_specification": [],
            "default_version": 1,
            "description": "Custom launch template for general EKS managed node group",
            "disable_api_stop": false,
            "disable_api_termination": false,
            "ebs_optimized": "",
            "elastic_gpu_specifications": [],
            "elastic_inference_accelerator": [],
            "enclave_options": [],
            "hibernation_options": [],
            "iam_instance_profile": [],
            "id": "lt-08bc54ede1edafee1",
            "image_id": "",
            "instance_initiated_shutdown_behavior": "",
            "instance_market_options": [],
            "instance_requirements": [],
            "instance_type": "",
            "kernel_id": "",
            "key_name": "",
            "latest_version": 1,
            "license_specification": [],
            "maintenance_options": [],
            "metadata_options": [
              {
                "http_endpoint": "enabled",
                "http_protocol_ipv6": "",
                "http_put_response_hop_limit": 2,
                "http_tokens": "required",
                "instance_metadata_tags": ""
              }
            ],
            "monitoring": [
              {
                "enabled": true
              }
            ],
            "name": "general-20250510214418394900000005",
            "name_prefix": "general-",
            "network_interfaces": [],
            "placement": [],
            "private_dns_name_options": [],
            "ram_disk_id": "",
            "security_group_names": [],
            "tag_specifications": [
              {
                "resource_type": "instance",
                "tags": {
                  "Name": "general"
                }
              },
              {
                "resource_type": "network-interface",
                "tags": {
                  "Name": "general"
                }
              },
              {
                "resource_type": "volume",
                "tags": {
                  "Name": "general"
                }
              }
            ],
            "tags": {},
            "tags_all": {},
            "update_default_version": true,
            "user_data": "",
            "vpc_security_group_ids": [
              "sg-0d7fcb4b9eaa97b08"
            ]
          },
          "sensitive_attributes": [],
          "private": "bnVsbA==",
          "dependencies": [
            "module.eks_new.aws_cloudwatch_log_group.this",
            "module.eks_new.aws_eks_cluster.this",
            "module.eks_new.aws_iam_policy.cni_ipv6_policy",
            "module.eks_new.aws_iam_role.this",
            "module.eks_new.aws_iam_role_policy_attachment.this",
            "module.eks_new.aws_security_group.cluster",
            "module.eks_new.aws_security_group.node",
            "module.eks_new.aws_security_group_rule.cluster",
            "module.eks_new.aws_security_group_rule.node",
            "module.eks_new.data.aws_caller_identity.current",
            "module.eks_new.data.aws_iam_policy_document.assume_role_policy",
            "module.eks_new.data.aws_iam_policy_document.cni_ipv6_policy",
            "module.eks_new.data.aws_iam_session_context.current",
            "module.eks_new.data.aws_partition.current",
            "module.eks_new.module.eks_managed_node_group.aws_iam_role.this",
            "module.eks_new.module.eks_managed_node_group.aws_iam_role_policy_attachment.this",
            "module.eks_new.module.eks_managed_node_group.data.aws_caller_identity.current",
            "module.eks_new.module.eks_managed_node_group.data.aws_iam_policy_document.assume_role_policy",
            "module.eks_new.module.eks_managed_node_group.data.aws_partition.current",
            "module.eks_new.module.eks_managed_node_group.module.user_data.data.cloudinit_config.linux_eks_managed_node_group",
            "module.eks_new.module.kms.aws_kms_external_key.this",
            "module.eks_new.module.kms.aws_kms_key.this",
            "module.eks_new.module.kms.aws_kms_replica_external_key.this",
            "module.eks_new.module.kms.aws_kms_replica_key.this",
            "module.eks_new.module.kms.data.aws_caller_identity.current",
            "module.eks_new.module.kms.data.aws_iam_policy_document.this",
            "module.eks_new.module.kms.data.aws_partition.current",
            "module.eks_new.time_sleep.this",
            "module.vpc_new.module.vpc.aws_subnet.private",
            "module.vpc_new.module.vpc.aws_subnet.public",
            "module.vpc_new.module.vpc.aws_vpc.this",
            "module.vpc_new.module.vpc.aws_vpc_ipv4_cidr_block_association.this"
          ],
          "create_before_destroy": true
        }
      ]
    },
    {
      "module": "module.eks_new.module.eks_managed_node_group[\"general\"].module.user_data",
      "mode": "data",
      "type": "cloudinit_config",
      "name": "linux_eks_managed_node_group",
      "provider": "provider[\"registry.terraform.io/hashicorp/cloudinit\"]",
      "instances": []
    },
    {
      "module": "module.eks_new.module.kms",
      "mode": "data",
      "type": "aws_caller_identity",
      "name": "current",
      "provider": "provider[\"registry.terraform.io/hashicorp/aws\"]",
      "instances": [
        {
          "index_key": 0,
          "schema_version": 0,
          "attributes": {
            "account_id": "814022331516",
            "arn": "arn:aws:iam::814022331516:user/cli-user",
            "id": "814022331516",
            "user_id": "AIDA33B4DBR6EFHP2VHQA"
          },
          "sensitive_attributes": []
        }
      ]
    },
    {
      "module": "module.eks_new.module.kms",
      "mode": "data",
      "type": "aws_iam_policy_document",
      "name": "this",
      "provider": "provider[\"registry.terraform.io/hashicorp/aws\"]",
      "instances": [
        {
          "index_key": 0,
          "schema_version": 0,
          "attributes": {
            "id": "4043527120",
            "json": "{\n  \"Version\": \"2012-10-17\",\n  \"Statement\": [\n    {\n      \"Sid\": \"KeyAdministration\",\n      \"Effect\": \"Allow\",\n      \"Action\": [\n        \"kms:Update*\",\n        \"kms:UntagResource\",\n        \"kms:TagResource\",\n        \"kms:ScheduleKeyDeletion\",\n        \"kms:Revoke*\",\n        \"kms:ReplicateKey\",\n        \"kms:Put*\",\n        \"kms:List*\",\n        \"kms:ImportKeyMaterial\",\n        \"kms:Get*\",\n        \"kms:Enable*\",\n        \"kms:Disable*\",\n        \"kms:Describe*\",\n        \"kms:Delete*\",\n        \"kms:Create*\",\n        \"kms:CancelKeyDeletion\"\n      ],\n      \"Resource\": \"*\",\n      \"Principal\": {\n        \"AWS\": \"arn:aws:iam::814022331516:user/cli-user\"\n      }\n    },\n    {\n      \"Sid\": \"KeyUsage\",\n      \"Effect\": \"Allow\",\n      \"Action\": [\n        \"kms:ReEncrypt*\",\n        \"kms:GenerateDataKey*\",\n        \"kms:Encrypt\",\n        \"kms:DescribeKey\",\n        \"kms:Decrypt\"\n      ],\n      \"Resource\": \"*\",\n      \"Principal\": {\n        \"AWS\": \"arn:aws:iam::814022331516:role/mern-cluster-new-role\"\n      }\n    }\n  ]\n}",
            "minified_json": "{\"Version\":\"2012-10-17\",\"Statement\":[{\"Sid\":\"KeyAdministration\",\"Effect\":\"Allow\",\"Action\":[\"kms:Update*\",\"kms:UntagResource\",\"kms:TagResource\",\"kms:ScheduleKeyDeletion\",\"kms:Revoke*\",\"kms:ReplicateKey\",\"kms:Put*\",\"kms:List*\",\"kms:ImportKeyMaterial\",\"kms:Get*\",\"kms:Enable*\",\"kms:Disable*\",\"kms:Describe*\",\"kms:Delete*\",\"kms:Create*\",\"kms:CancelKeyDeletion\"],\"Resource\":\"*\",\"Principal\":{\"AWS\":\"arn:aws:iam::814022331516:user/cli-user\"}},{\"Sid\":\"KeyUsage\",\"Effect\":\"Allow\",\"Action\":[\"kms:ReEncrypt*\",\"kms:GenerateDataKey*\",\"kms:Encrypt\",\"kms:DescribeKey\",\"kms:Decrypt\"],\"Resource\":\"*\",\"Principal\":{\"AWS\":\"arn:aws:iam::814022331516:role/mern-cluster-new-role\"}}]}",
            "override_json": null,
            "override_policy_documents": null,
            "policy_id": null,
            "source_json": null,
            "source_policy_documents": null,
            "statement": [
              {
                "actions": [
                  "kms:CancelKeyDeletion",
                  "kms:Create*",
                  "kms:Delete*",
                  "kms:Describe*",
                  "kms:Disable*",
                  "kms:Enable*",
                  "kms:Get*",
                  "kms:ImportKeyMaterial",
                  "kms:List*",
                  "kms:Put*",
                  "kms:ReplicateKey",
                  "kms:Revoke*",
                  "kms:ScheduleKeyDeletion",
                  "kms:TagResource",
                  "kms:UntagResource",
                  "kms:Update*"
                ],
                "condition": [],
                "effect": "Allow",
                "not_actions": [],
                "not_principals": [],
                "not_resources": [],
                "principals": [
                  {
                    "identifiers": [
                      "arn:aws:iam::814022331516:user/cli-user"
                    ],
                    "type": "AWS"
                  }
                ],
                "resources": [
                  "*"
                ],
                "sid": "KeyAdministration"
              },
              {
                "actions": [
                  "kms:Decrypt",
                  "kms:DescribeKey",
                  "kms:Encrypt",
                  "kms:GenerateDataKey*",
                  "kms:ReEncrypt*"
                ],
                "condition": [],
                "effect": "Allow",
                "not_actions": [],
                "not_principals": [],
                "not_resources": [],
                "principals": [
                  {
                    "identifiers": [
                      "arn:aws:iam::814022331516:role/mern-cluster-new-role"
                    ],
                    "type": "AWS"
                  }
                ],
                "resources": [
                  "*"
                ],
                "sid": "KeyUsage"
              }
            ],
            "version": "2012-10-17"
          },
          "sensitive_attributes": []
        }
      ]
    },
    {
      "module": "module.eks_new.module.kms",
      "mode": "data",
      "type": "aws_partition",
      "name": "current",
      "provider": "provider[\"registry.terraform.io/hashicorp/aws\"]",
      "instances": [
        {
          "index_key": 0,
          "schema_version": 0,
          "attributes": {
            "dns_suffix": "amazonaws.com",
            "id": "aws",
            "partition": "aws",
            "reverse_dns_prefix": "com.amazonaws"
          },
          "sensitive_attributes": []
        }
      ]
    },
    {
      "module": "module.eks_new.module.kms",
      "mode": "managed",
      "type": "aws_kms_alias",
      "name": "this",
      "provider": "provider[\"registry.terraform.io/hashicorp/aws\"]",
      "instances": [
        {
          "index_key": "cluster",
          "schema_version": 0,
          "attributes": {
            "arn": "arn:aws:kms:us-east-1:814022331516:alias/eks/mern-cluster-new",
            "id": "alias/eks/mern-cluster-new",
            "name": "alias/eks/mern-cluster-new",
            "name_prefix": "",
            "target_key_arn": "arn:aws:kms:us-east-1:814022331516:key/cc558ad2-b14a-4cc4-86b4-c0efa3f12c75",
            "target_key_id": "cc558ad2-b14a-4cc4-86b4-c0efa3f12c75"
          },
          "sensitive_attributes": [],
          "private": "bnVsbA==",
          "dependencies": [
            "module.eks_new.aws_iam_role.this",
            "module.eks_new.data.aws_caller_identity.current",
            "module.eks_new.data.aws_iam_policy_document.assume_role_policy",
            "module.eks_new.data.aws_iam_session_context.current",
            "module.eks_new.data.aws_partition.current",
            "module.eks_new.module.kms.aws_kms_external_key.this",
            "module.eks_new.module.kms.aws_kms_key.this",
            "module.eks_new.module.kms.aws_kms_replica_external_key.this",
            "module.eks_new.module.kms.aws_kms_replica_key.this",
            "module.eks_new.module.kms.data.aws_caller_identity.current",
            "module.eks_new.module.kms.data.aws_iam_policy_document.this",
            "module.eks_new.module.kms.data.aws_partition.current"
          ]
        }
      ]
    },
    {
      "module": "module.eks_new.module.kms",
      "mode": "managed",
      "type": "aws_kms_external_key",
      "name": "this",
      "provider": "provider[\"registry.terraform.io/hashicorp/aws\"]",
      "instances": []
    },
    {
      "module": "module.eks_new.module.kms",
      "mode": "managed",
      "type": "aws_kms_grant",
      "name": "this",
      "provider": "provider[\"registry.terraform.io/hashicorp/aws\"]",
      "instances": []
    },
    {
      "module": "module.eks_new.module.kms",
      "mode": "managed",
      "type": "aws_kms_key",
      "name": "this",
      "provider": "provider[\"registry.terraform.io/hashicorp/aws\"]",
      "instances": [
        {
          "index_key": 0,
          "schema_version": 0,
          "attributes": {
            "arn": "arn:aws:kms:us-east-1:814022331516:key/cc558ad2-b14a-4cc4-86b4-c0efa3f12c75",
            "bypass_policy_lockout_safety_check": false,
            "custom_key_store_id": "",
            "customer_master_key_spec": "SYMMETRIC_DEFAULT",
            "deletion_window_in_days": null,
            "description": "mern-cluster-new cluster encryption key",
            "enable_key_rotation": true,
            "id": "cc558ad2-b14a-4cc4-86b4-c0efa3f12c75",
            "is_enabled": true,
            "key_id": "cc558ad2-b14a-4cc4-86b4-c0efa3f12c75",
            "key_usage": "ENCRYPT_DECRYPT",
            "multi_region": false,
            "policy": "{\"Statement\":[{\"Action\":[\"kms:Update*\",\"kms:UntagResource\",\"kms:TagResource\",\"kms:ScheduleKeyDeletion\",\"kms:Revoke*\",\"kms:ReplicateKey\",\"kms:Put*\",\"kms:List*\",\"kms:ImportKeyMaterial\",\"kms:Get*\",\"kms:Enable*\",\"kms:Disable*\",\"kms:Describe*\",\"kms:Delete*\",\"kms:Create*\",\"kms:CancelKeyDeletion\"],\"Effect\":\"Allow\",\"Principal\":{\"AWS\":\"arn:aws:iam::814022331516:user/cli-user\"},\"Resource\":\"*\",\"Sid\":\"KeyAdministration\"},{\"Action\":[\"kms:ReEncrypt*\",\"kms:GenerateDataKey*\",\"kms:Encrypt\",\"kms:DescribeKey\",\"kms:Decrypt\"],\"Effect\":\"Allow\",\"Principal\":{\"AWS\":\"arn:aws:iam::814022331516:role/mern-cluster-new-role\"},\"Resource\":\"*\",\"Sid\":\"KeyUsage\"}],\"Version\":\"2012-10-17\"}",
            "rotation_period_in_days": 365,
            "tags": {},
            "tags_all": {},
            "timeouts": null,
            "xks_key_id": ""
          },
          "sensitive_attributes": [],
          "private": "eyJlMmJmYjczMC1lY2FhLTExZTYtOGY4OC0zNDM2M2JjN2M0YzAiOnsiY3JlYXRlIjoxMjAwMDAwMDAwMDB9fQ==",
          "dependencies": [
            "module.eks_new.aws_iam_role.this",
            "module.eks_new.data.aws_caller_identity.current",
            "module.eks_new.data.aws_iam_policy_document.assume_role_policy",
            "module.eks_new.data.aws_iam_session_context.current",
            "module.eks_new.data.aws_partition.current",
            "module.eks_new.module.kms.data.aws_caller_identity.current",
            "module.eks_new.module.kms.data.aws_iam_policy_document.this",
            "module.eks_new.module.kms.data.aws_partition.current"
          ],
          "create_before_destroy": true
        }
      ]
    },
    {
      "module": "module.eks_new.module.kms",
      "mode": "managed",
      "type": "aws_kms_replica_external_key",
      "name": "this",
      "provider": "provider[\"registry.terraform.io/hashicorp/aws\"]",
      "instances": []
    },
    {
      "module": "module.eks_new.module.kms",
      "mode": "managed",
      "type": "aws_kms_replica_key",
      "name": "this",
      "provider": "provider[\"registry.terraform.io/hashicorp/aws\"]",
      "instances": []
    },
    {
      "module": "module.vpc_new.module.vpc",
      "mode": "data",
      "type": "aws_iam_policy_document",
      "name": "flow_log_cloudwatch_assume_role",
      "provider": "provider[\"registry.terraform.io/hashicorp/aws\"]",
      "instances": []
    },
    {
      "module": "module.vpc_new.module.vpc",
      "mode": "data",
      "type": "aws_iam_policy_document",
      "name": "vpc_flow_log_cloudwatch",
      "provider": "provider[\"registry.terraform.io/hashicorp/aws\"]",
      "instances": []
    },
    {
      "module": "module.vpc_new.module.vpc",
      "mode": "managed",
      "type": "aws_cloudwatch_log_group",
      "name": "flow_log",
      "provider": "provider[\"registry.terraform.io/hashicorp/aws\"]",
      "instances": []
    },
    {
      "module": "module.vpc_new.module.vpc",
      "mode": "managed",
      "type": "aws_customer_gateway",
      "name": "this",
      "provider": "provider[\"registry.terraform.io/hashicorp/aws\"]",
      "instances": []
    },
    {
      "module": "module.vpc_new.module.vpc",
      "mode": "managed",
      "type": "aws_db_subnet_group",
      "name": "database",
      "provider": "provider[\"registry.terraform.io/hashicorp/aws\"]",
      "instances": []
    },
    {
      "module": "module.vpc_new.module.vpc",
      "mode": "managed",
      "type": "aws_default_network_acl",
      "name": "this",
      "provider": "provider[\"registry.terraform.io/hashicorp/aws\"]",
      "instances": [
        {
          "index_key": 0,
          "schema_version": 0,
          "attributes": {
            "arn": "arn:aws:ec2:us-east-1:814022331516:network-acl/acl-014bafae08511eda8",
            "default_network_acl_id": "acl-014bafae08511eda8",
            "egress": [
              {
                "action": "allow",
                "cidr_block": "",
                "from_port": 0,
                "icmp_code": 0,
                "icmp_type": 0,
                "ipv6_cidr_block": "::/0",
                "protocol": "-1",
                "rule_no": 101,
                "to_port": 0
              },
              {
                "action": "allow",
                "cidr_block": "0.0.0.0/0",
                "from_port": 0,
                "icmp_code": 0,
                "icmp_type": 0,
                "ipv6_cidr_block": "",
                "protocol": "-1",
                "rule_no": 100,
                "to_port": 0
              }
            ],
            "id": "acl-014bafae08511eda8",
            "ingress": [
              {
                "action": "allow",
                "cidr_block": "",
                "from_port": 0,
                "icmp_code": 0,
                "icmp_type": 0,
                "ipv6_cidr_block": "::/0",
                "protocol": "-1",
                "rule_no": 101,
                "to_port": 0
              },
              {
                "action": "allow",
                "cidr_block": "0.0.0.0/0",
                "from_port": 0,
                "icmp_code": 0,
                "icmp_type": 0,
                "ipv6_cidr_block": "",
                "protocol": "-1",
                "rule_no": 100,
                "to_port": 0
              }
            ],
            "owner_id": "814022331516",
            "subnet_ids": [
              "subnet-02f84671511b7b3ce",
              "subnet-03198a88b2b2cde89",
              "subnet-05da49370a61af0d0",
              "subnet-0886834fc15b5e2e8"
            ],
            "tags": {
              "Environment": "production",
              "Name": "mern-vpc-default",
              "Project": "mern-stack"
            },
            "tags_all": {
              "Environment": "production",
              "Name": "mern-vpc-default",
              "Project": "mern-stack"
            },
            "vpc_id": "vpc-0c465885471a626e5"
          },
          "sensitive_attributes": [],
          "private": "bnVsbA==",
          "dependencies": [
            "module.vpc_new.module.vpc.aws_vpc.this"
          ]
        }
      ]
    },
    {
      "module": "module.vpc_new.module.vpc",
      "mode": "managed",
      "type": "aws_default_route_table",
      "name": "default",
      "provider": "provider[\"registry.terraform.io/hashicorp/aws\"]",
      "instances": [
        {
          "index_key": 0,
          "schema_version": 0,
          "attributes": {
            "arn": "arn:aws:ec2:us-east-1:814022331516:route-table/rtb-05f31395e9c06c740",
            "default_route_table_id": "rtb-05f31395e9c06c740",
            "id": "rtb-05f31395e9c06c740",
            "owner_id": "814022331516",
            "propagating_vgws": [],
            "route": [],
            "tags": {
              "Environment": "production",
              "Name": "mern-vpc-default",
              "Project": "mern-stack"
            },
            "tags_all": {
              "Environment": "production",
              "Name": "mern-vpc-default",
              "Project": "mern-stack"
            },
            "timeouts": {
              "create": "5m",
              "update": "5m"
            },
            "vpc_id": "vpc-0c465885471a626e5"
          },
          "sensitive_attributes": [],
          "private": "eyJlMmJmYjczMC1lY2FhLTExZTYtOGY4OC0zNDM2M2JjN2M0YzAiOnsiY3JlYXRlIjozMDAwMDAwMDAwMDAsInVwZGF0ZSI6MzAwMDAwMDAwMDAwfX0=",
          "dependencies": [
            "module.vpc_new.module.vpc.aws_vpc.this"
          ]
        }
      ]
    },
    {
      "module": "module.vpc_new.module.vpc",
      "mode": "managed",
      "type": "aws_default_security_group",
      "name": "this",
      "provider": "provider[\"registry.terraform.io/hashicorp/aws\"]",
      "instances": [
        {
          "index_key": 0,
          "schema_version": 1,
          "attributes": {
            "arn": "arn:aws:ec2:us-east-1:814022331516:security-group/sg-01fc5da76b30e503e",
            "description": "default VPC security group",
            "egress": [],
            "id": "sg-01fc5da76b30e503e",
            "ingress": [],
            "name": "default",
            "name_prefix": "",
            "owner_id": "814022331516",
            "revoke_rules_on_delete": false,
            "tags": {
              "Environment": "production",
              "Name": "mern-vpc-default",
              "Project": "mern-stack"
            },
            "tags_all": {
              "Environment": "production",
              "Name": "mern-vpc-default",
              "Project": "mern-stack"
            },
            "vpc_id": "vpc-0c465885471a626e5"
          },
          "sensitive_attributes": [],
          "private": "eyJzY2hlbWFfdmVyc2lvbiI6IjEifQ==",
          "dependencies": [
            "module.vpc_new.module.vpc.aws_vpc.this"
          ]
        }
      ]
    },
    {
      "module": "module.vpc_new.module.vpc",
      "mode": "managed",
      "type": "aws_default_vpc",
      "name": "this",
      "provider": "provider[\"registry.terraform.io/hashicorp/aws\"]",
      "instances": []
    },
    {
      "module": "module.vpc_new.module.vpc",
      "mode": "managed",
      "type": "aws_egress_only_internet_gateway",
      "name": "this",
      "provider": "provider[\"registry.terraform.io/hashicorp/aws\"]",
      "instances": []
    },
    {
      "module": "module.vpc_new.module.vpc",
      "mode": "managed",
      "type": "aws_eip",
      "name": "nat",
      "provider": "provider[\"registry.terraform.io/hashicorp/aws\"]",
      "instances": [
        {
          "index_key": 0,
          "schema_version": 0,
          "attributes": {
            "address": null,
            "allocation_id": "eipalloc-001eafee8a1390a74",
            "arn": "arn:aws:ec2:us-east-1:814022331516:elastic-ip/eipalloc-001eafee8a1390a74",
            "associate_with_private_ip": null,
            "association_id": "eipassoc-07b275887d50a6b1e",
            "carrier_ip": "",
            "customer_owned_ip": "",
            "customer_owned_ipv4_pool": "",
            "domain": "vpc",
            "id": "eipalloc-001eafee8a1390a74",
            "instance": "",
            "ipam_pool_id": null,
            "network_border_group": "us-east-1",
            "network_interface": "eni-04d4d558d8da0843c",
            "private_dns": "ip-10-1-101-186.ec2.internal",
            "private_ip": "10.1.101.186",
            "ptr_record": "",
            "public_dns": "ec2-44-206-200-54.compute-1.amazonaws.com",
            "public_ip": "44.206.200.54",
            "public_ipv4_pool": "amazon",
            "tags": {
              "Environment": "production",
              "Name": "mern-vpc-us-east-1a",
              "Project": "mern-stack"
            },
            "tags_all": {
              "Environment": "production",
              "Name": "mern-vpc-us-east-1a",
              "Project": "mern-stack"
            },
            "timeouts": null,
            "vpc": true
          },
          "sensitive_attributes": [],
          "private": "eyJlMmJmYjczMC1lY2FhLTExZTYtOGY4OC0zNDM2M2JjN2M0YzAiOnsiZGVsZXRlIjoxODAwMDAwMDAwMDAsInJlYWQiOjkwMDAwMDAwMDAwMCwidXBkYXRlIjozMDAwMDAwMDAwMDB9fQ==",
          "dependencies": [
            "module.vpc_new.module.vpc.aws_internet_gateway.this",
            "module.vpc_new.module.vpc.aws_vpc.this",
            "module.vpc_new.module.vpc.aws_vpc_ipv4_cidr_block_association.this"
          ]
        }
      ]
    },
    {
      "module": "module.vpc_new.module.vpc",
      "mode": "managed",
      "type": "aws_elasticache_subnet_group",
      "name": "elasticache",
      "provider": "provider[\"registry.terraform.io/hashicorp/aws\"]",
      "instances": []
    },
    {
      "module": "module.vpc_new.module.vpc",
      "mode": "managed",
      "type": "aws_flow_log",
      "name": "this",
      "provider": "provider[\"registry.terraform.io/hashicorp/aws\"]",
      "instances": []
    },
    {
      "module": "module.vpc_new.module.vpc",
      "mode": "managed",
      "type": "aws_iam_policy",
      "name": "vpc_flow_log_cloudwatch",
      "provider": "provider[\"registry.terraform.io/hashicorp/aws\"]",
      "instances": []
    },
    {
      "module": "module.vpc_new.module.vpc",
      "mode": "managed",
      "type": "aws_iam_role",
      "name": "vpc_flow_log_cloudwatch",
      "provider": "provider[\"registry.terraform.io/hashicorp/aws\"]",
      "instances": []
    },
    {
      "module": "module.vpc_new.module.vpc",
      "mode": "managed",
      "type": "aws_iam_role_policy_attachment",
      "name": "vpc_flow_log_cloudwatch",
      "provider": "provider[\"registry.terraform.io/hashicorp/aws\"]",
      "instances": []
    },
    {
      "module": "module.vpc_new.module.vpc",
      "mode": "managed",
      "type": "aws_internet_gateway",
      "name": "this",
      "provider": "provider[\"registry.terraform.io/hashicorp/aws\"]",
      "instances": [
        {
          "index_key": 0,
          "schema_version": 0,
          "attributes": {
            "arn": "arn:aws:ec2:us-east-1:814022331516:internet-gateway/igw-055567f459b1368ca",
            "id": "igw-055567f459b1368ca",
            "owner_id": "814022331516",
            "tags": {
              "Environment": "production",
              "Name": "mern-vpc",
              "Project": "mern-stack"
            },
            "tags_all": {
              "Environment": "production",
              "Name": "mern-vpc",
              "Project": "mern-stack"
            },
            "timeouts": null,
            "vpc_id": "vpc-0c465885471a626e5"
          },
          "sensitive_attributes": [],
          "private": "eyJlMmJmYjczMC1lY2FhLTExZTYtOGY4OC0zNDM2M2JjN2M0YzAiOnsiY3JlYXRlIjoxMjAwMDAwMDAwMDAwLCJkZWxldGUiOjEyMDAwMDAwMDAwMDAsInVwZGF0ZSI6MTIwMDAwMDAwMDAwMH19",
          "dependencies": [
            "module.vpc_new.module.vpc.aws_vpc.this",
            "module.vpc_new.module.vpc.aws_vpc_ipv4_cidr_block_association.this"
          ]
        }
      ]
    },
    {
      "module": "module.vpc_new.module.vpc",
      "mode": "managed",
      "type": "aws_nat_gateway",
      "name": "this",
      "provider": "provider[\"registry.terraform.io/hashicorp/aws\"]",
      "instances": [
        {
          "index_key": 0,
          "schema_version": 0,
          "attributes": {
            "allocation_id": "eipalloc-001eafee8a1390a74",
            "association_id": "eipassoc-07b275887d50a6b1e",
            "connectivity_type": "public",
            "id": "nat-021aecfaabd741f80",
            "network_interface_id": "eni-04d4d558d8da0843c",
            "private_ip": "10.1.101.186",
            "public_ip": "44.206.200.54",
            "secondary_allocation_ids": [],
            "secondary_private_ip_address_count": 0,
            "secondary_private_ip_addresses": [],
            "subnet_id": "subnet-0886834fc15b5e2e8",
            "tags": {
              "Environment": "production",
              "Name": "mern-vpc-us-east-1a",
              "Project": "mern-stack"
            },
            "tags_all": {
              "Environment": "production",
              "Name": "mern-vpc-us-east-1a",
              "Project": "mern-stack"
            },
            "timeouts": null
          },
          "sensitive_attributes": [],
          "private": "eyJlMmJmYjczMC1lY2FhLTExZTYtOGY4OC0zNDM2M2JjN2M0YzAiOnsiY3JlYXRlIjo2MDAwMDAwMDAwMDAsImRlbGV0ZSI6MTgwMDAwMDAwMDAwMCwidXBkYXRlIjo2MDAwMDAwMDAwMDB9fQ==",
          "dependencies": [
            "module.vpc_new.module.vpc.aws_eip.nat",
            "module.vpc_new.module.vpc.aws_internet_gateway.this",
            "module.vpc_new.module.vpc.aws_subnet.public",
            "module.vpc_new.module.vpc.aws_vpc.this",
            "module.vpc_new.module.vpc.aws_vpc_ipv4_cidr_block_association.this"
          ]
        }
      ]
    },
    {
      "module": "module.vpc_new.module.vpc",
      "mode": "managed",
      "type": "aws_network_acl",
      "name": "database",
      "provider": "provider[\"registry.terraform.io/hashicorp/aws\"]",
      "instances": []
    },
    {
      "module": "module.vpc_new.module.vpc",
      "mode": "managed",
      "type": "aws_network_acl",
      "name": "elasticache",
      "provider": "provider[\"registry.terraform.io/hashicorp/aws\"]",
      "instances": []
    },
    {
      "module": "module.vpc_new.module.vpc",
      "mode": "managed",
      "type": "aws_network_acl",
      "name": "intra",
      "provider": "provider[\"registry.terraform.io/hashicorp/aws\"]",
      "instances": []
    },
    {
      "module": "module.vpc_new.module.vpc",
      "mode": "managed",
      "type": "aws_network_acl",
      "name": "outpost",
      "provider": "provider[\"registry.terraform.io/hashicorp/aws\"]",
      "instances": []
    },
    {
      "module": "module.vpc_new.module.vpc",
      "mode": "managed",
      "type": "aws_network_acl",
      "name": "private",
      "provider": "provider[\"registry.terraform.io/hashicorp/aws\"]",
      "instances": []
    },
    {
      "module": "module.vpc_new.module.vpc",
      "mode": "managed",
      "type": "aws_network_acl",
      "name": "public",
      "provider": "provider[\"registry.terraform.io/hashicorp/aws\"]",
      "instances": []
    },
    {
      "module": "module.vpc_new.module.vpc",
      "mode": "managed",
      "type": "aws_network_acl",
      "name": "redshift",
      "provider": "provider[\"registry.terraform.io/hashicorp/aws\"]",
      "instances": []
    },
    {
      "module": "module.vpc_new.module.vpc",
      "mode": "managed",
      "type": "aws_network_acl_rule",
      "name": "database_inbound",
      "provider": "provider[\"registry.terraform.io/hashicorp/aws\"]",
      "instances": []
    },
    {
      "module": "module.vpc_new.module.vpc",
      "mode": "managed",
      "type": "aws_network_acl_rule",
      "name": "database_outbound",
      "provider": "provider[\"registry.terraform.io/hashicorp/aws\"]",
      "instances": []
    },
    {
      "module": "module.vpc_new.module.vpc",
      "mode": "managed",
      "type": "aws_network_acl_rule",
      "name": "elasticache_inbound",
      "provider": "provider[\"registry.terraform.io/hashicorp/aws\"]",
      "instances": []
    },
    {
      "module": "module.vpc_new.module.vpc",
      "mode": "managed",
      "type": "aws_network_acl_rule",
      "name": "elasticache_outbound",
      "provider": "provider[\"registry.terraform.io/hashicorp/aws\"]",
      "instances": []
    },
    {
      "module": "module.vpc_new.module.vpc",
      "mode": "managed",
      "type": "aws_network_acl_rule",
      "name": "intra_inbound",
      "provider": "provider[\"registry.terraform.io/hashicorp/aws\"]",
      "instances": []
    },
    {
      "module": "module.vpc_new.module.vpc",
      "mode": "managed",
      "type": "aws_network_acl_rule",
      "name": "intra_outbound",
      "provider": "provider[\"registry.terraform.io/hashicorp/aws\"]",
      "instances": []
    },
    {
      "module": "module.vpc_new.module.vpc",
      "mode": "managed",
      "type": "aws_network_acl_rule",
      "name": "outpost_inbound",
      "provider": "provider[\"registry.terraform.io/hashicorp/aws\"]",
      "instances": []
    },
    {
      "module": "module.vpc_new.module.vpc",
      "mode": "managed",
      "type": "aws_network_acl_rule",
      "name": "outpost_outbound",
      "provider": "provider[\"registry.terraform.io/hashicorp/aws\"]",
      "instances": []
    },
    {
      "module": "module.vpc_new.module.vpc",
      "mode": "managed",
      "type": "aws_network_acl_rule",
      "name": "private_inbound",
      "provider": "provider[\"registry.terraform.io/hashicorp/aws\"]",
      "instances": []
    },
    {
      "module": "module.vpc_new.module.vpc",
      "mode": "managed",
      "type": "aws_network_acl_rule",
      "name": "private_outbound",
      "provider": "provider[\"registry.terraform.io/hashicorp/aws\"]",
      "instances": []
    },
    {
      "module": "module.vpc_new.module.vpc",
      "mode": "managed",
      "type": "aws_network_acl_rule",
      "name": "public_inbound",
      "provider": "provider[\"registry.terraform.io/hashicorp/aws\"]",
      "instances": []
    },
    {
      "module": "module.vpc_new.module.vpc",
      "mode": "managed",
      "type": "aws_network_acl_rule",
      "name": "public_outbound",
      "provider": "provider[\"registry.terraform.io/hashicorp/aws\"]",
      "instances": []
    },
    {
      "module": "module.vpc_new.module.vpc",
      "mode": "managed",
      "type": "aws_network_acl_rule",
      "name": "redshift_inbound",
      "provider": "provider[\"registry.terraform.io/hashicorp/aws\"]",
      "instances": []
    },
    {
      "module": "module.vpc_new.module.vpc",
      "mode": "managed",
      "type": "aws_network_acl_rule",
      "name": "redshift_outbound",
      "provider": "provider[\"registry.terraform.io/hashicorp/aws\"]",
      "instances": []
    },
    {
      "module": "module.vpc_new.module.vpc",
      "mode": "managed",
      "type": "aws_redshift_subnet_group",
      "name": "redshift",
      "provider": "provider[\"registry.terraform.io/hashicorp/aws\"]",
      "instances": []
    },
    {
      "module": "module.vpc_new.module.vpc",
      "mode": "managed",
      "type": "aws_route",
      "name": "database_dns64_nat_gateway",
      "provider": "provider[\"registry.terraform.io/hashicorp/aws\"]",
      "instances": []
    },
    {
      "module": "module.vpc_new.module.vpc",
      "mode": "managed",
      "type": "aws_route",
      "name": "database_internet_gateway",
      "provider": "provider[\"registry.terraform.io/hashicorp/aws\"]",
      "instances": []
    },
    {
      "module": "module.vpc_new.module.vpc",
      "mode": "managed",
      "type": "aws_route",
      "name": "database_ipv6_egress",
      "provider": "provider[\"registry.terraform.io/hashicorp/aws\"]",
      "instances": []
    },
    {
      "module": "module.vpc_new.module.vpc",
      "mode": "managed",
      "type": "aws_route",
      "name": "database_nat_gateway",
      "provider": "provider[\"registry.terraform.io/hashicorp/aws\"]",
      "instances": []
    },
    {
      "module": "module.vpc_new.module.vpc",
      "mode": "managed",
      "type": "aws_route",
      "name": "private_dns64_nat_gateway",
      "provider": "provider[\"registry.terraform.io/hashicorp/aws\"]",
      "instances": []
    },
    {
      "module": "module.vpc_new.module.vpc",
      "mode": "managed",
      "type": "aws_route",
      "name": "private_ipv6_egress",
      "provider": "provider[\"registry.terraform.io/hashicorp/aws\"]",
      "instances": []
    },
    {
      "module": "module.vpc_new.module.vpc",
      "mode": "managed",
      "type": "aws_route",
      "name": "private_nat_gateway",
      "provider": "provider[\"registry.terraform.io/hashicorp/aws\"]",
      "instances": [
        {
          "index_key": 0,
          "schema_version": 0,
          "attributes": {
            "carrier_gateway_id": "",
            "core_network_arn": "",
            "destination_cidr_block": "0.0.0.0/0",
            "destination_ipv6_cidr_block": "",
            "destination_prefix_list_id": "",
            "egress_only_gateway_id": "",
            "gateway_id": "",
            "id": "r-rtb-0fc4a4f6dbd2629311080289494",
            "instance_id": "",
            "instance_owner_id": "",
            "local_gateway_id": "",
            "nat_gateway_id": "nat-021aecfaabd741f80",
            "network_interface_id": "",
            "origin": "CreateRoute",
            "route_table_id": "rtb-0fc4a4f6dbd262931",
            "state": "active",
            "timeouts": {
              "create": "5m",
              "delete": null,
              "update": null
            },
            "transit_gateway_id": "",
            "vpc_endpoint_id": "",
            "vpc_peering_connection_id": ""
          },
          "sensitive_attributes": [],
          "private": "eyJlMmJmYjczMC1lY2FhLTExZTYtOGY4OC0zNDM2M2JjN2M0YzAiOnsiY3JlYXRlIjozMDAwMDAwMDAwMDAsImRlbGV0ZSI6MzAwMDAwMDAwMDAwLCJ1cGRhdGUiOjEyMDAwMDAwMDAwMH19",
          "dependencies": [
            "module.vpc_new.module.vpc.aws_eip.nat",
            "module.vpc_new.module.vpc.aws_internet_gateway.this",
            "module.vpc_new.module.vpc.aws_nat_gateway.this",
            "module.vpc_new.module.vpc.aws_route_table.private",
            "module.vpc_new.module.vpc.aws_subnet.public",
            "module.vpc_new.module.vpc.aws_vpc.this",
            "module.vpc_new.module.vpc.aws_vpc_ipv4_cidr_block_association.this"
          ]
        }
      ]
    },
    {
      "module": "module.vpc_new.module.vpc",
      "mode": "managed",
      "type": "aws_route",
      "name": "public_internet_gateway",
      "provider": "provider[\"registry.terraform.io/hashicorp/aws\"]",
      "instances": [
        {
          "index_key": 0,
          "schema_version": 0,
          "attributes": {
            "carrier_gateway_id": "",
            "core_network_arn": "",
            "destination_cidr_block": "0.0.0.0/0",
            "destination_ipv6_cidr_block": "",
            "destination_prefix_list_id": "",
            "egress_only_gateway_id": "",
            "gateway_id": "igw-055567f459b1368ca",
            "id": "r-rtb-0eb536b6b74f963cc1080289494",
            "instance_id": "",
            "instance_owner_id": "",
            "local_gateway_id": "",
            "nat_gateway_id": "",
            "network_interface_id": "",
            "origin": "CreateRoute",
            "route_table_id": "rtb-0eb536b6b74f963cc",
            "state": "active",
            "timeouts": {
              "create": "5m",
              "delete": null,
              "update": null
            },
            "transit_gateway_id": "",
            "vpc_endpoint_id": "",
            "vpc_peering_connection_id": ""
          },
          "sensitive_attributes": [],
          "private": "eyJlMmJmYjczMC1lY2FhLTExZTYtOGY4OC0zNDM2M2JjN2M0YzAiOnsiY3JlYXRlIjozMDAwMDAwMDAwMDAsImRlbGV0ZSI6MzAwMDAwMDAwMDAwLCJ1cGRhdGUiOjEyMDAwMDAwMDAwMH19",
          "dependencies": [
            "module.vpc_new.module.vpc.aws_internet_gateway.this",
            "module.vpc_new.module.vpc.aws_route_table.public",
            "module.vpc_new.module.vpc.aws_vpc.this",
            "module.vpc_new.module.vpc.aws_vpc_ipv4_cidr_block_association.this"
          ]
        }
      ]
    },
    {
      "module": "module.vpc_new.module.vpc",
      "mode": "managed",
      "type": "aws_route",
      "name": "public_internet_gateway_ipv6",
      "provider": "provider[\"registry.terraform.io/hashicorp/aws\"]",
      "instances": []
    },
    {
      "module": "module.vpc_new.module.vpc",
      "mode": "managed",
      "type": "aws_route_table",
      "name": "database",
      "provider": "provider[\"registry.terraform.io/hashicorp/aws\"]",
      "instances": []
    },
    {
      "module": "module.vpc_new.module.vpc",
      "mode": "managed",
      "type": "aws_route_table",
      "name": "elasticache",
      "provider": "provider[\"registry.terraform.io/hashicorp/aws\"]",
      "instances": []
    },
    {
      "module": "module.vpc_new.module.vpc",
      "mode": "managed",
      "type": "aws_route_table",
      "name": "intra",
      "provider": "provider[\"registry.terraform.io/hashicorp/aws\"]",
      "instances": []
    },
    {
      "module": "module.vpc_new.module.vpc",
      "mode": "managed",
      "type": "aws_route_table",
      "name": "private",
      "provider": "provider[\"registry.terraform.io/hashicorp/aws\"]",
      "instances": [
        {
          "index_key": 0,
          "schema_version": 0,
          "attributes": {
            "arn": "arn:aws:ec2:us-east-1:814022331516:route-table/rtb-0fc4a4f6dbd262931",
            "id": "rtb-0fc4a4f6dbd262931",
            "owner_id": "814022331516",
            "propagating_vgws": [],
            "route": [
              {
                "carrier_gateway_id": "",
                "cidr_block": "0.0.0.0/0",
                "core_network_arn": "",
                "destination_prefix_list_id": "",
                "egress_only_gateway_id": "",
                "gateway_id": "",
                "ipv6_cidr_block": "",
                "local_gateway_id": "",
                "nat_gateway_id": "nat-021aecfaabd741f80",
                "network_interface_id": "",
                "transit_gateway_id": "",
                "vpc_endpoint_id": "",
                "vpc_peering_connection_id": ""
              }
            ],
            "tags": {
              "Environment": "production",
              "Name": "mern-vpc-private",
              "Project": "mern-stack"
            },
            "tags_all": {
              "Environment": "production",
              "Name": "mern-vpc-private",
              "Project": "mern-stack"
            },
            "timeouts": null,
            "vpc_id": "vpc-0c465885471a626e5"
          },
          "sensitive_attributes": [],
          "private": "eyJlMmJmYjczMC1lY2FhLTExZTYtOGY4OC0zNDM2M2JjN2M0YzAiOnsiY3JlYXRlIjozMDAwMDAwMDAwMDAsImRlbGV0ZSI6MzAwMDAwMDAwMDAwLCJ1cGRhdGUiOjEyMDAwMDAwMDAwMH19",
          "dependencies": [
            "module.vpc_new.module.vpc.aws_vpc.this",
            "module.vpc_new.module.vpc.aws_vpc_ipv4_cidr_block_association.this"
          ]
        }
      ]
    },
    {
      "module": "module.vpc_new.module.vpc",
      "mode": "managed",
      "type": "aws_route_table",
      "name": "public",
      "provider": "provider[\"registry.terraform.io/hashicorp/aws\"]",
      "instances": [
        {
          "index_key": 0,
          "schema_version": 0,
          "attributes": {
            "arn": "arn:aws:ec2:us-east-1:814022331516:route-table/rtb-0eb536b6b74f963cc",
            "id": "rtb-0eb536b6b74f963cc",
            "owner_id": "814022331516",
            "propagating_vgws": [],
            "route": [
              {
                "carrier_gateway_id": "",
                "cidr_block": "0.0.0.0/0",
                "core_network_arn": "",
                "destination_prefix_list_id": "",
                "egress_only_gateway_id": "",
                "gateway_id": "igw-055567f459b1368ca",
                "ipv6_cidr_block": "",
                "local_gateway_id": "",
                "nat_gateway_id": "",
                "network_interface_id": "",
                "transit_gateway_id": "",
                "vpc_endpoint_id": "",
                "vpc_peering_connection_id": ""
              }
            ],
            "tags": {
              "Environment": "production",
              "Name": "mern-vpc-public",
              "Project": "mern-stack"
            },
            "tags_all": {
              "Environment": "production",
              "Name": "mern-vpc-public",
              "Project": "mern-stack"
            },
            "timeouts": null,
            "vpc_id": "vpc-0c465885471a626e5"
          },
          "sensitive_attributes": [],
          "private": "eyJlMmJmYjczMC1lY2FhLTExZTYtOGY4OC0zNDM2M2JjN2M0YzAiOnsiY3JlYXRlIjozMDAwMDAwMDAwMDAsImRlbGV0ZSI6MzAwMDAwMDAwMDAwLCJ1cGRhdGUiOjEyMDAwMDAwMDAwMH19",
          "dependencies": [
            "module.vpc_new.module.vpc.aws_vpc.this",
            "module.vpc_new.module.vpc.aws_vpc_ipv4_cidr_block_association.this"
          ]
        }
      ]
    },
    {
      "module": "module.vpc_new.module.vpc",
      "mode": "managed",
      "type": "aws_route_table",
      "name": "redshift",
      "provider": "provider[\"registry.terraform.io/hashicorp/aws\"]",
      "instances": []
    },
    {
      "module": "module.vpc_new.module.vpc",
      "mode": "managed",
      "type": "aws_route_table_association",
      "name": "database",
      "provider": "provider[\"registry.terraform.io/hashicorp/aws\"]",
      "instances": []
    },
    {
      "module": "module.vpc_new.module.vpc",
      "mode": "managed",
      "type": "aws_route_table_association",
      "name": "elasticache",
      "provider": "provider[\"registry.terraform.io/hashicorp/aws\"]",
      "instances": []
    },
    {
      "module": "module.vpc_new.module.vpc",
      "mode": "managed",
      "type": "aws_route_table_association",
      "name": "intra",
      "provider": "provider[\"registry.terraform.io/hashicorp/aws\"]",
      "instances": []
    },
    {
      "module": "module.vpc_new.module.vpc",
      "mode": "managed",
      "type": "aws_route_table_association",
      "name": "outpost",
      "provider": "provider[\"registry.terraform.io/hashicorp/aws\"]",
      "instances": []
    },
    {
      "module": "module.vpc_new.module.vpc",
      "mode": "managed",
      "type": "aws_route_table_association",
      "name": "private",
      "provider": "provider[\"registry.terraform.io/hashicorp/aws\"]",
      "instances": [
        {
          "index_key": 0,
          "schema_version": 0,
          "attributes": {
            "gateway_id": "",
            "id": "rtbassoc-02e55f55903fa82d7",
            "route_table_id": "rtb-0fc4a4f6dbd262931",
            "subnet_id": "subnet-05da49370a61af0d0",
            "timeouts": null
          },
          "sensitive_attributes": [],
          "private": "eyJlMmJmYjczMC1lY2FhLTExZTYtOGY4OC0zNDM2M2JjN2M0YzAiOnsiY3JlYXRlIjozMDAwMDAwMDAwMDAsImRlbGV0ZSI6MzAwMDAwMDAwMDAwLCJ1cGRhdGUiOjEyMDAwMDAwMDAwMH19",
          "dependencies": [
            "module.vpc_new.module.vpc.aws_route_table.private",
            "module.vpc_new.module.vpc.aws_subnet.private",
            "module.vpc_new.module.vpc.aws_vpc.this",
            "module.vpc_new.module.vpc.aws_vpc_ipv4_cidr_block_association.this"
          ]
        },
        {
          "index_key": 1,
          "schema_version": 0,
          "attributes": {
            "gateway_id": "",
            "id": "rtbassoc-0eda0ed1f9e7bbaff",
            "route_table_id": "rtb-0fc4a4f6dbd262931",
            "subnet_id": "subnet-02f84671511b7b3ce",
            "timeouts": null
          },
          "sensitive_attributes": [],
          "private": "eyJlMmJmYjczMC1lY2FhLTExZTYtOGY4OC0zNDM2M2JjN2M0YzAiOnsiY3JlYXRlIjozMDAwMDAwMDAwMDAsImRlbGV0ZSI6MzAwMDAwMDAwMDAwLCJ1cGRhdGUiOjEyMDAwMDAwMDAwMH19",
          "dependencies": [
            "module.vpc_new.module.vpc.aws_route_table.private",
            "module.vpc_new.module.vpc.aws_subnet.private",
            "module.vpc_new.module.vpc.aws_vpc.this",
            "module.vpc_new.module.vpc.aws_vpc_ipv4_cidr_block_association.this"
          ]
        }
      ]
    },
    {
      "module": "module.vpc_new.module.vpc",
      "mode": "managed",
      "type": "aws_route_table_association",
      "name": "public",
      "provider": "provider[\"registry.terraform.io/hashicorp/aws\"]",
      "instances": [
        {
          "index_key": 0,
          "schema_version": 0,
          "attributes": {
            "gateway_id": "",
            "id": "rtbassoc-0943870e6715ee1c5",
            "route_table_id": "rtb-0eb536b6b74f963cc",
            "subnet_id": "subnet-0886834fc15b5e2e8",
            "timeouts": null
          },
          "sensitive_attributes": [],
          "private": "eyJlMmJmYjczMC1lY2FhLTExZTYtOGY4OC0zNDM2M2JjN2M0YzAiOnsiY3JlYXRlIjozMDAwMDAwMDAwMDAsImRlbGV0ZSI6MzAwMDAwMDAwMDAwLCJ1cGRhdGUiOjEyMDAwMDAwMDAwMH19",
          "dependencies": [
            "module.vpc_new.module.vpc.aws_route_table.public",
            "module.vpc_new.module.vpc.aws_subnet.public",
            "module.vpc_new.module.vpc.aws_vpc.this",
            "module.vpc_new.module.vpc.aws_vpc_ipv4_cidr_block_association.this"
          ]
        },
        {
          "index_key": 1,
          "schema_version": 0,
          "attributes": {
            "gateway_id": "",
            "id": "rtbassoc-0e1780be43a681345",
            "route_table_id": "rtb-0eb536b6b74f963cc",
            "subnet_id": "subnet-03198a88b2b2cde89",
            "timeouts": null
          },
          "sensitive_attributes": [],
          "private": "eyJlMmJmYjczMC1lY2FhLTExZTYtOGY4OC0zNDM2M2JjN2M0YzAiOnsiY3JlYXRlIjozMDAwMDAwMDAwMDAsImRlbGV0ZSI6MzAwMDAwMDAwMDAwLCJ1cGRhdGUiOjEyMDAwMDAwMDAwMH19",
          "dependencies": [
            "module.vpc_new.module.vpc.aws_route_table.public",
            "module.vpc_new.module.vpc.aws_subnet.public",
            "module.vpc_new.module.vpc.aws_vpc.this",
            "module.vpc_new.module.vpc.aws_vpc_ipv4_cidr_block_association.this"
          ]
        }
      ]
    },
    {
      "module": "module.vpc_new.module.vpc",
      "mode": "managed",
      "type": "aws_route_table_association",
      "name": "redshift",
      "provider": "provider[\"registry.terraform.io/hashicorp/aws\"]",
      "instances": []
    },
    {
      "module": "module.vpc_new.module.vpc",
      "mode": "managed",
      "type": "aws_route_table_association",
      "name": "redshift_public",
      "provider": "provider[\"registry.terraform.io/hashicorp/aws\"]",
      "instances": []
    },
    {
      "module": "module.vpc_new.module.vpc",
      "mode": "managed",
      "type": "aws_subnet",
      "name": "database",
      "provider": "provider[\"registry.terraform.io/hashicorp/aws\"]",
      "instances": []
    },
    {
      "module": "module.vpc_new.module.vpc",
      "mode": "managed",
      "type": "aws_subnet",
      "name": "elasticache",
      "provider": "provider[\"registry.terraform.io/hashicorp/aws\"]",
      "instances": []
    },
    {
      "module": "module.vpc_new.module.vpc",
      "mode": "managed",
      "type": "aws_subnet",
      "name": "intra",
      "provider": "provider[\"registry.terraform.io/hashicorp/aws\"]",
      "instances": []
    },
    {
      "module": "module.vpc_new.module.vpc",
      "mode": "managed",
      "type": "aws_subnet",
      "name": "outpost",
      "provider": "provider[\"registry.terraform.io/hashicorp/aws\"]",
      "instances": []
    },
    {
      "module": "module.vpc_new.module.vpc",
      "mode": "managed",
      "type": "aws_subnet",
      "name": "private",
      "provider": "provider[\"registry.terraform.io/hashicorp/aws\"]",
      "instances": [
        {
          "index_key": 0,
          "schema_version": 1,
          "attributes": {
            "arn": "arn:aws:ec2:us-east-1:814022331516:subnet/subnet-05da49370a61af0d0",
            "assign_ipv6_address_on_creation": false,
            "availability_zone": "us-east-1a",
            "availability_zone_id": "use1-az6",
            "cidr_block": "10.1.1.0/24",
            "customer_owned_ipv4_pool": "",
            "enable_dns64": false,
            "enable_lni_at_device_index": 0,
            "enable_resource_name_dns_a_record_on_launch": false,
            "enable_resource_name_dns_aaaa_record_on_launch": false,
            "id": "subnet-05da49370a61af0d0",
            "ipv6_cidr_block": "",
            "ipv6_cidr_block_association_id": "",
            "ipv6_native": false,
            "map_customer_owned_ip_on_launch": false,
            "map_public_ip_on_launch": false,
            "outpost_arn": "",
            "owner_id": "814022331516",
            "private_dns_hostname_type_on_launch": "ip-name",
            "tags": {
              "Environment": "production",
              "Name": "mern-vpc-private-us-east-1a",
              "Project": "mern-stack",
              "kubernetes.io/role/internal-elb": "1"
            },
            "tags_all": {
              "Environment": "production",
              "Name": "mern-vpc-private-us-east-1a",
              "Project": "mern-stack",
              "kubernetes.io/role/internal-elb": "1"
            },
            "timeouts": null,
            "vpc_id": "vpc-0c465885471a626e5"
          },
          "sensitive_attributes": [],
          "private": "eyJlMmJmYjczMC1lY2FhLTExZTYtOGY4OC0zNDM2M2JjN2M0YzAiOnsiY3JlYXRlIjo2MDAwMDAwMDAwMDAsImRlbGV0ZSI6MTIwMDAwMDAwMDAwMH0sInNjaGVtYV92ZXJzaW9uIjoiMSJ9",
          "dependencies": [
            "module.vpc_new.module.vpc.aws_vpc.this",
            "module.vpc_new.module.vpc.aws_vpc_ipv4_cidr_block_association.this"
          ],
          "create_before_destroy": true
        },
        {
          "index_key": 1,
          "schema_version": 1,
          "attributes": {
            "arn": "arn:aws:ec2:us-east-1:814022331516:subnet/subnet-02f84671511b7b3ce",
            "assign_ipv6_address_on_creation": false,
            "availability_zone": "us-east-1b",
            "availability_zone_id": "use1-az1",
            "cidr_block": "10.1.2.0/24",
            "customer_owned_ipv4_pool": "",
            "enable_dns64": false,
            "enable_lni_at_device_index": 0,
            "enable_resource_name_dns_a_record_on_launch": false,
            "enable_resource_name_dns_aaaa_record_on_launch": false,
            "id": "subnet-02f84671511b7b3ce",
            "ipv6_cidr_block": "",
            "ipv6_cidr_block_association_id": "",
            "ipv6_native": false,
            "map_customer_owned_ip_on_launch": false,
            "map_public_ip_on_launch": false,
            "outpost_arn": "",
            "owner_id": "814022331516",
            "private_dns_hostname_type_on_launch": "ip-name",
            "tags": {
              "Environment": "production",
              "Name": "mern-vpc-private-us-east-1b",
              "Project": "mern-stack",
              "kubernetes.io/role/internal-elb": "1"
            },
            "tags_all": {
              "Environment": "production",
              "Name": "mern-vpc-private-us-east-1b",
              "Project": "mern-stack",
              "kubernetes.io/role/internal-elb": "1"
            },
            "timeouts": null,
            "vpc_id": "vpc-0c465885471a626e5"
          },
          "sensitive_attributes": [],
          "private": "eyJlMmJmYjczMC1lY2FhLTExZTYtOGY4OC0zNDM2M2JjN2M0YzAiOnsiY3JlYXRlIjo2MDAwMDAwMDAwMDAsImRlbGV0ZSI6MTIwMDAwMDAwMDAwMH0sInNjaGVtYV92ZXJzaW9uIjoiMSJ9",
          "dependencies": [
            "module.vpc_new.module.vpc.aws_vpc.this",
            "module.vpc_new.module.vpc.aws_vpc_ipv4_cidr_block_association.this"
          ],
          "create_before_destroy": true
        }
      ]
    },
    {
      "module": "module.vpc_new.module.vpc",
      "mode": "managed",
      "type": "aws_subnet",
      "name": "public",
      "provider": "provider[\"registry.terraform.io/hashicorp/aws\"]",
      "instances": [
        {
          "index_key": 0,
          "schema_version": 1,
          "attributes": {
            "arn": "arn:aws:ec2:us-east-1:814022331516:subnet/subnet-0886834fc15b5e2e8",
            "assign_ipv6_address_on_creation": false,
            "availability_zone": "us-east-1a",
            "availability_zone_id": "use1-az6",
            "cidr_block": "10.1.101.0/24",
            "customer_owned_ipv4_pool": "",
            "enable_dns64": false,
            "enable_lni_at_device_index": 0,
            "enable_resource_name_dns_a_record_on_launch": false,
            "enable_resource_name_dns_aaaa_record_on_launch": false,
            "id": "subnet-0886834fc15b5e2e8",
            "ipv6_cidr_block": "",
            "ipv6_cidr_block_association_id": "",
            "ipv6_native": false,
            "map_customer_owned_ip_on_launch": false,
            "map_public_ip_on_launch": true,
            "outpost_arn": "",
            "owner_id": "814022331516",
            "private_dns_hostname_type_on_launch": "ip-name",
            "tags": {
              "Environment": "production",
              "Name": "mern-vpc-public-us-east-1a",
              "Project": "mern-stack",
              "kubernetes.io/role/elb": "1"
            },
            "tags_all": {
              "Environment": "production",
              "Name": "mern-vpc-public-us-east-1a",
              "Project": "mern-stack",
              "kubernetes.io/role/elb": "1"
            },
            "timeouts": null,
            "vpc_id": "vpc-0c465885471a626e5"
          },
          "sensitive_attributes": [],
          "private": "eyJlMmJmYjczMC1lY2FhLTExZTYtOGY4OC0zNDM2M2JjN2M0YzAiOnsiY3JlYXRlIjo2MDAwMDAwMDAwMDAsImRlbGV0ZSI6MTIwMDAwMDAwMDAwMH0sInNjaGVtYV92ZXJzaW9uIjoiMSJ9",
          "dependencies": [
            "module.vpc_new.module.vpc.aws_vpc.this",
            "module.vpc_new.module.vpc.aws_vpc_ipv4_cidr_block_association.this"
          ],
          "create_before_destroy": true
        },
        {
          "index_key": 1,
          "schema_version": 1,
          "attributes": {
            "arn": "arn:aws:ec2:us-east-1:814022331516:subnet/subnet-03198a88b2b2cde89",
            "assign_ipv6_address_on_creation": false,
            "availability_zone": "us-east-1b",
            "availability_zone_id": "use1-az1",
            "cidr_block": "10.1.102.0/24",
            "customer_owned_ipv4_pool": "",
            "enable_dns64": false,
            "enable_lni_at_device_index": 0,
            "enable_resource_name_dns_a_record_on_launch": false,
            "enable_resource_name_dns_aaaa_record_on_launch": false,
            "id": "subnet-03198a88b2b2cde89",
            "ipv6_cidr_block": "",
            "ipv6_cidr_block_association_id": "",
            "ipv6_native": false,
            "map_customer_owned_ip_on_launch": false,
            "map_public_ip_on_launch": true,
            "outpost_arn": "",
            "owner_id": "814022331516",
            "private_dns_hostname_type_on_launch": "ip-name",
            "tags": {
              "Environment": "production",
              "Name": "mern-vpc-public-us-east-1b",
              "Project": "mern-stack",
              "kubernetes.io/role/elb": "1"
            },
            "tags_all": {
              "Environment": "production",
              "Name": "mern-vpc-public-us-east-1b",
              "Project": "mern-stack",
              "kubernetes.io/role/elb": "1"
            },
            "timeouts": null,
            "vpc_id": "vpc-0c465885471a626e5"
          },
          "sensitive_attributes": [],
          "private": "eyJlMmJmYjczMC1lY2FhLTExZTYtOGY4OC0zNDM2M2JjN2M0YzAiOnsiY3JlYXRlIjo2MDAwMDAwMDAwMDAsImRlbGV0ZSI6MTIwMDAwMDAwMDAwMH0sInNjaGVtYV92ZXJzaW9uIjoiMSJ9",
          "dependencies": [
            "module.vpc_new.module.vpc.aws_vpc.this",
            "module.vpc_new.module.vpc.aws_vpc_ipv4_cidr_block_association.this"
          ],
          "create_before_destroy": true
        }
      ]
    },
    {
      "module": "module.vpc_new.module.vpc",
      "mode": "managed",
      "type": "aws_subnet",
      "name": "redshift",
      "provider": "provider[\"registry.terraform.io/hashicorp/aws\"]",
      "instances": []
    },
    {
      "module": "module.vpc_new.module.vpc",
      "mode": "managed",
      "type": "aws_vpc",
      "name": "this",
      "provider": "provider[\"registry.terraform.io/hashicorp/aws\"]",
      "instances": [
        {
          "index_key": 0,
          "schema_version": 1,
          "attributes": {
            "arn": "arn:aws:ec2:us-east-1:814022331516:vpc/vpc-0c465885471a626e5",
            "assign_generated_ipv6_cidr_block": false,
            "cidr_block": "10.1.0.0/16",
            "default_network_acl_id": "acl-014bafae08511eda8",
            "default_route_table_id": "rtb-05f31395e9c06c740",
            "default_security_group_id": "sg-01fc5da76b30e503e",
            "dhcp_options_id": "dopt-073824155eeda8540",
            "enable_dns_hostnames": true,
            "enable_dns_support": true,
            "enable_network_address_usage_metrics": false,
            "id": "vpc-0c465885471a626e5",
            "instance_tenancy": "default",
            "ipv4_ipam_pool_id": null,
            "ipv4_netmask_length": null,
            "ipv6_association_id": "",
            "ipv6_cidr_block": "",
            "ipv6_cidr_block_network_border_group": "",
            "ipv6_ipam_pool_id": "",
            "ipv6_netmask_length": 0,
            "main_route_table_id": "rtb-05f31395e9c06c740",
            "owner_id": "814022331516",
            "tags": {
              "Environment": "production",
              "Name": "mern-vpc",
              "Project": "mern-stack"
            },
            "tags_all": {
              "Environment": "production",
              "Name": "mern-vpc",
              "Project": "mern-stack"
            }
          },
          "sensitive_attributes": [],
          "private": "eyJzY2hlbWFfdmVyc2lvbiI6IjEifQ==",
          "create_before_destroy": true
        }
      ]
    },
    {
      "module": "module.vpc_new.module.vpc",
      "mode": "managed",
      "type": "aws_vpc_dhcp_options",
      "name": "this",
      "provider": "provider[\"registry.terraform.io/hashicorp/aws\"]",
      "instances": []
    },
    {
      "module": "module.vpc_new.module.vpc",
      "mode": "managed",
      "type": "aws_vpc_dhcp_options_association",
      "name": "this",
      "provider": "provider[\"registry.terraform.io/hashicorp/aws\"]",
      "instances": []
    },
    {
      "module": "module.vpc_new.module.vpc",
      "mode": "managed",
      "type": "aws_vpc_ipv4_cidr_block_association",
      "name": "this",
      "provider": "provider[\"registry.terraform.io/hashicorp/aws\"]",
      "instances": []
    },
    {
      "module": "module.vpc_new.module.vpc",
      "mode": "managed",
      "type": "aws_vpn_gateway",
      "name": "this",
      "provider": "provider[\"registry.terraform.io/hashicorp/aws\"]",
      "instances": []
    },
    {
      "module": "module.vpc_new.module.vpc",
      "mode": "managed",
      "type": "aws_vpn_gateway_attachment",
      "name": "this",
      "provider": "provider[\"registry.terraform.io/hashicorp/aws\"]",
      "instances": []
    },
    {
      "module": "module.vpc_new.module.vpc",
      "mode": "managed",
      "type": "aws_vpn_gateway_route_propagation",
      "name": "intra",
      "provider": "provider[\"registry.terraform.io/hashicorp/aws\"]",
      "instances": []
    },
    {
      "module": "module.vpc_new.module.vpc",
      "mode": "managed",
      "type": "aws_vpn_gateway_route_propagation",
      "name": "private",
      "provider": "provider[\"registry.terraform.io/hashicorp/aws\"]",
      "instances": []
    },
    {
      "module": "module.vpc_new.module.vpc",
      "mode": "managed",
      "type": "aws_vpn_gateway_route_propagation",
      "name": "public",
      "provider": "provider[\"registry.terraform.io/hashicorp/aws\"]",
      "instances": []
    }
  ],
  "check_results": null
}
